
Microsoft Visual Studio Solution File, Format Version 12.00
# Visual Studio Version 16
VisualStudioVersion = 16.0.28902.138
MinimumVisualStudioVersion = 10.0.40219.1
Project("{2150E333-8FDC-42A3-9474-1A3956D46DE8}") = "Common", "Common", "{0EE4DD40-2C21-4BE9-A1FB-B82A77C966D0}"
EndProject
Project("{9A19103F-16F7-4668-BE54-9A1E7A4F7556}") = "RadioReport.Common", "..\RadioReport.Common\RadioReport.Common\RadioReport.Common.csproj", "{DE2F65E9-4A76-4F68-9EB1-39D12173FFE6}"
EndProject
Project("{9A19103F-16F7-4668-BE54-9A1E7A4F7556}") = "RadioReport.Common.API", "..\RadioReport.Common\RadioReport.Common.API\RadioReport.Common.API.csproj", "{06D30ADA-B0DA-4EF5-96E0-CC712EE9D9B4}"
EndProject
Project("{9A19103F-16F7-4668-BE54-9A1E7A4F7556}") = "RadioReport.Common.Repository", "..\RadioReport.Common\RadioReport.Common.Repository\RadioReport.Common.Repository.csproj", "{F15E9E5C-180E-4CFF-82B6-5964F665C8E3}"
EndProject
Project("{9A19103F-16F7-4668-BE54-9A1E7A4F7556}") = "RadioReport.SpineCT.Domain", "RadioReport.SpineCT.Domain\RadioReport.SpineCT.Domain.csproj", "{E8D6544A-42C7-4D69-8CDC-456BEFD047ED}"
EndProject
Project("{9A19103F-16F7-4668-BE54-9A1E7A4F7556}") = "RadioReport.SpineCT.Repo", "RadioReport.SpineCT.Repo\RadioReport.SpineCT.Repo.csproj", "{17DD8763-13B7-41E5-B827-F5A67399F14D}"
EndProject
Project("{9A19103F-16F7-4668-BE54-9A1E7A4F7556}") = "RadioReport.SpineCT.API", "RadioReport.SpineCT.API\RadioReport.SpineCT.API.csproj", "{6A384AE6-D417-4C2A-8C60-6A81BB7ED7B4}"
EndProject
Project("{2150E333-8FDC-42A3-9474-1A3956D46DE8}") = "Module", "Module", "{1F11A9BB-2AA6-4BA4-ACB7-0B350D5BFE52}"
EndProject
Project("{9A19103F-16F7-4668-BE54-9A1E7A4F7556}") = "RadioReport.Common.Module.API", "..\RadioReport.Common\Module\RadioReport.Common.Module.API\RadioReport.Common.Module.API.csproj", "{1760D5F4-2DDD-443C-BFF7-E923D8AC2997}"
EndProject
Project("{9A19103F-16F7-4668-BE54-9A1E7A4F7556}") = "RadioReport.Common.Module.Logic", "..\RadioReport.Common\Module\RadioReport.Common.Module.Logic\RadioReport.Common.Module.Logic.csproj", "{BE726AEA-BB7E-4018-A847-D211925DE9B6}"
EndProject
Project("{9A19103F-16F7-4668-BE54-9A1E7A4F7556}") = "RadioReport.Common.Module.NewTechnology", "..\RadioReport.Common\Module\RadioReport.Common.Module.NewTechnology\RadioReport.Common.Module.NewTechnology.csproj", "{ABCF4BBD-A0A9-4699-85FD-FA43CAB3A548}"
EndProject
Project("{9A19103F-16F7-4668-BE54-9A1E7A4F7556}") = "RadioReport.Common.Module.Repository", "..\RadioReport.Common\Module\RadioReport.Common.Module.Repository\RadioReport.Common.Module.Repository.csproj", "{FF95D108-356A-44AA-9D0D-0580801CEF4B}"
EndProject
Project("{9A19103F-16F7-4668-BE54-9A1E7A4F7556}") = "RadioReport.Common.Module.Technology", "..\RadioReport.Common\Module\RadioReport.Common.Module.Technology\RadioReport.Common.Module.Technology.csproj", "{5FD79918-7481-469B-AD10-EE726C5E1E3A}"
EndProject
Global
	GlobalSection(SolutionConfigurationPlatforms) = preSolution
		Debug|Any CPU = Debug|Any CPU
		Release|Any CPU = Release|Any CPU
	EndGlobalSection
	GlobalSection(ProjectConfigurationPlatforms) = postSolution
		{DE2F65E9-4A76-4F68-9EB1-39D12173FFE6}.Debug|Any CPU.ActiveCfg = Debug|Any CPU
		{DE2F65E9-4A76-4F68-9EB1-39D12173FFE6}.Debug|Any CPU.Build.0 = Debug|Any CPU
		{DE2F65E9-4A76-4F68-9EB1-39D12173FFE6}.Release|Any CPU.ActiveCfg = Release|Any CPU
		{DE2F65E9-4A76-4F68-9EB1-39D12173FFE6}.Release|Any CPU.Build.0 = Release|Any CPU
		{06D30ADA-B0DA-4EF5-96E0-CC712EE9D9B4}.Debug|Any CPU.ActiveCfg = Debug|Any CPU
		{06D30ADA-B0DA-4EF5-96E0-CC712EE9D9B4}.Debug|Any CPU.Build.0 = Debug|Any CPU
		{06D30ADA-B0DA-4EF5-96E0-CC712EE9D9B4}.Release|Any CPU.ActiveCfg = Release|Any CPU
		{06D30ADA-B0DA-4EF5-96E0-CC712EE9D9B4}.Release|Any CPU.Build.0 = Release|Any CPU
		{F15E9E5C-180E-4CFF-82B6-5964F665C8E3}.Debug|Any CPU.ActiveCfg = Debug|Any CPU
		{F15E9E5C-180E-4CFF-82B6-5964F665C8E3}.Debug|Any CPU.Build.0 = Debug|Any CPU
		{F15E9E5C-180E-4CFF-82B6-5964F665C8E3}.Release|Any CPU.ActiveCfg = Release|Any CPU
		{F15E9E5C-180E-4CFF-82B6-5964F665C8E3}.Release|Any CPU.Build.0 = Release|Any CPU
		{E8D6544A-42C7-4D69-8CDC-456BEFD047ED}.Debug|Any CPU.ActiveCfg = Debug|Any CPU
		{E8D6544A-42C7-4D69-8CDC-456BEFD047ED}.Debug|Any CPU.Build.0 = Debug|Any CPU
		{E8D6544A-42C7-4D69-8CDC-456BEFD047ED}.Release|Any CPU.ActiveCfg = Release|Any CPU
		{E8D6544A-42C7-4D69-8CDC-456BEFD047ED}.Release|Any CPU.Build.0 = Release|Any CPU
		{17DD8763-13B7-41E5-B827-F5A67399F14D}.Debug|Any CPU.ActiveCfg = Debug|Any CPU
		{17DD8763-13B7-41E5-B827-F5A67399F14D}.Debug|Any CPU.Build.0 = Debug|Any CPU
		{17DD8763-13B7-41E5-B827-F5A67399F14D}.Release|Any CPU.ActiveCfg = Release|Any CPU
		{17DD8763-13B7-41E5-B827-F5A67399F14D}.Release|Any CPU.Build.0 = Release|Any CPU
		{6A384AE6-D417-4C2A-8C60-6A81BB7ED7B4}.Debug|Any CPU.ActiveCfg = Debug|Any CPU
		{6A384AE6-D417-4C2A-8C60-6A81BB7ED7B4}.Debug|Any CPU.Build.0 = Debug|Any CPU
		{6A384AE6-D417-4C2A-8C60-6A81BB7ED7B4}.Release|Any CPU.ActiveCfg = Release|Any CPU
		{6A384AE6-D417-4C2A-8C60-6A81BB7ED7B4}.Release|Any CPU.Build.0 = Release|Any CPU
		{1760D5F4-2DDD-443C-BFF7-E923D8AC2997}.Debug|Any CPU.ActiveCfg = Debug|Any CPU
		{1760D5F4-2DDD-443C-BFF7-E923D8AC2997}.Debug|Any CPU.Build.0 = Debug|Any CPU
		{1760D5F4-2DDD-443C-BFF7-E923D8AC2997}.Release|Any CPU.ActiveCfg = Release|Any CPU
		{1760D5F4-2DDD-443C-BFF7-E923D8AC2997}.Release|Any CPU.Build.0 = Release|Any CPU
		{BE726AEA-BB7E-4018-A847-D211925DE9B6}.Debug|Any CPU.ActiveCfg = Debug|Any CPU
		{BE726AEA-BB7E-4018-A847-D211925DE9B6}.Debug|Any CPU.Build.0 = Debug|Any CPU
		{BE726AEA-BB7E-4018-A847-D211925DE9B6}.Release|Any CPU.ActiveCfg = Release|Any CPU
		{BE726AEA-BB7E-4018-A847-D211925DE9B6}.Release|Any CPU.Build.0 = Release|Any CPU
		{ABCF4BBD-A0A9-4699-85FD-FA43CAB3A548}.Debug|Any CPU.ActiveCfg = Debug|Any CPU
		{ABCF4BBD-A0A9-4699-85FD-FA43CAB3A548}.Debug|Any CPU.Build.0 = Debug|Any CPU
		{ABCF4BBD-A0A9-4699-85FD-FA43CAB3A548}.Release|Any CPU.ActiveCfg = Release|Any CPU
		{ABCF4BBD-A0A9-4699-85FD-FA43CAB3A548}.Release|Any CPU.Build.0 = Release|Any CPU
		{FF95D108-356A-44AA-9D0D-0580801CEF4B}.Debug|Any CPU.ActiveCfg = Debug|Any CPU
		{FF95D108-356A-44AA-9D0D-0580801CEF4B}.Debug|Any CPU.Build.0 = Debug|Any CPU
		{FF95D108-356A-44AA-9D0D-0580801CEF4B}.Release|Any CPU.ActiveCfg = Release|Any CPU
		{FF95D108-356A-44AA-9D0D-0580801CEF4B}.Release|Any CPU.Build.0 = Release|Any CPU
		{5FD79918-7481-469B-AD10-EE726C5E1E3A}.Debug|Any CPU.ActiveCfg = Debug|Any CPU
		{5FD79918-7481-469B-AD10-EE726C5E1E3A}.Debug|Any CPU.Build.0 = Debug|Any CPU
		{5FD79918-7481-469B-AD10-EE726C5E1E3A}.Release|Any CPU.ActiveCfg = Release|Any CPU
		{5FD79918-7481-469B-AD10-EE726C5E1E3A}.Release|Any CPU.Build.0 = Release|Any CPU
	EndGlobalSection
	GlobalSection(SolutionProperties) = preSolution
		HideSolutionNode = FALSE
	EndGlobalSection
	GlobalSection(NestedProjects) = preSolution
		{DE2F65E9-4A76-4F68-9EB1-39D12173FFE6} = {0EE4DD40-2C21-4BE9-A1FB-B82A77C966D0}
		{06D30ADA-B0DA-4EF5-96E0-CC712EE9D9B4} = {0EE4DD40-2C21-4BE9-A1FB-B82A77C966D0}
		{F15E9E5C-180E-4CFF-82B6-5964F665C8E3} = {0EE4DD40-2C21-4BE9-A1FB-B82A77C966D0}
		{1F11A9BB-2AA6-4BA4-ACB7-0B350D5BFE52} = {0EE4DD40-2C21-4BE9-A1FB-B82A77C966D0}
		{1760D5F4-2DDD-443C-BFF7-E923D8AC2997} = {1F11A9BB-2AA6-4BA4-ACB7-0B350D5BFE52}
		{BE726AEA-BB7E-4018-A847-D211925DE9B6} = {1F11A9BB-2AA6-4BA4-ACB7-0B350D5BFE52}
		{ABCF4BBD-A0A9-4699-85FD-FA43CAB3A548} = {1F11A9BB-2AA6-4BA4-ACB7-0B350D5BFE52}
		{FF95D108-356A-44AA-9D0D-0580801CEF4B} = {1F11A9BB-2AA6-4BA4-ACB7-0B350D5BFE52}
		{5FD79918-7481-469B-AD10-EE726C5E1E3A} = {1F11A9BB-2AA6-4BA4-ACB7-0B350D5BFE52}
	EndGlobalSection
	GlobalSection(ExtensibilityGlobals) = postSolution
		SolutionGuid = {412A7A5B-05BD-40FB-AD80-A05F5C87DBC2}
	EndGlobalSection
EndGlobal
