
Microsoft Visual Studio Solution File, Format Version 12.00
# Visual Studio Version 16
VisualStudioVersion = 16.0.29613.14
MinimumVisualStudioVersion = 10.0.40219.1
Project("{2150E333-8FDC-42A3-9474-1A3956D46DE8}") = "Common", "Common", "{0B2C9274-09EE-4386-AB9F-FAF5F6B83F86}"
EndProject
Project("{9A19103F-16F7-4668-BE54-9A1E7A4F7556}") = "RadioReport.Common", "..\RadioReport.Common\RadioReport.Common\RadioReport.Common.csproj", "{1CD2FAC0-EEE1-4C48-81EF-7C230A642853}"
EndProject
Project("{9A19103F-16F7-4668-BE54-9A1E7A4F7556}") = "RadioReport.Common.Repository", "..\RadioReport.Common\RadioReport.Common.Repository\RadioReport.Common.Repository.csproj", "{A7C38469-203C-4DB8-8B6C-75AB78F188D1}"
EndProject
Project("{9A19103F-16F7-4668-BE54-9A1E7A4F7556}") = "RadioReport.Common.API", "..\RadioReport.Common\RadioReport.Common.API\RadioReport.Common.API.csproj", "{02066EC3-B73B-465D-BA2F-39C10FC754E1}"
EndProject
Project("{9A19103F-16F7-4668-BE54-9A1E7A4F7556}") = "RadioReport.ElbowMRT.Domain", "RadioReport.ElbowMRT.Domain\RadioReport.ElbowMRT.Domain.csproj", "{D7710F17-D2D7-4391-98CB-9165CAD84EC3}"
EndProject
Project("{9A19103F-16F7-4668-BE54-9A1E7A4F7556}") = "RadioReport.ElbowMRT.Repo", "RadioReport.ElbowMRT.Repo\RadioReport.ElbowMRT.Repo.csproj", "{25595AB0-476A-4809-ADE7-F1B40EF7D931}"
EndProject
Project("{9A19103F-16F7-4668-BE54-9A1E7A4F7556}") = "RadioReport.ElbowMRT.API", "RadioReport.ElbowMRT.API\RadioReport.ElbowMRT.API.csproj", "{10CD7FF5-4131-4177-848A-AD1682833326}"
EndProject
Project("{2150E333-8FDC-42A3-9474-1A3956D46DE8}") = "Module", "Module", "{0DDED71D-6B5D-449E-8053-F7174BBFE1FB}"
EndProject
Project("{9A19103F-16F7-4668-BE54-9A1E7A4F7556}") = "RadioReport.Common.Module.API", "..\RadioReport.Common\Module\RadioReport.Common.Module.API\RadioReport.Common.Module.API.csproj", "{57DD2157-BF30-46C3-BE6C-481D6E24DABC}"
EndProject
Project("{9A19103F-16F7-4668-BE54-9A1E7A4F7556}") = "RadioReport.Common.Module.Logic", "..\RadioReport.Common\Module\RadioReport.Common.Module.Logic\RadioReport.Common.Module.Logic.csproj", "{FDFA04C6-2290-4F7C-A95C-AF288FC44EAD}"
EndProject
Project("{9A19103F-16F7-4668-BE54-9A1E7A4F7556}") = "RadioReport.Common.Module.NewTechnology", "..\RadioReport.Common\Module\RadioReport.Common.Module.NewTechnology\RadioReport.Common.Module.NewTechnology.csproj", "{2C73E26D-D459-43E9-BB14-F72E6492F9E6}"
EndProject
Project("{9A19103F-16F7-4668-BE54-9A1E7A4F7556}") = "RadioReport.Common.Module.Repository", "..\RadioReport.Common\Module\RadioReport.Common.Module.Repository\RadioReport.Common.Module.Repository.csproj", "{27A4757B-70A7-460B-9952-7AD835A04E75}"
EndProject
Project("{9A19103F-16F7-4668-BE54-9A1E7A4F7556}") = "RadioReport.Common.Module.Technology", "..\RadioReport.Common\Module\RadioReport.Common.Module.Technology\RadioReport.Common.Module.Technology.csproj", "{1EC06DF3-EFF8-4E06-B7CB-B3DCDC0A0F0B}"
EndProject
Global
	GlobalSection(SolutionConfigurationPlatforms) = preSolution
		Debug|Any CPU = Debug|Any CPU
		Release|Any CPU = Release|Any CPU
	EndGlobalSection
	GlobalSection(ProjectConfigurationPlatforms) = postSolution
		{1CD2FAC0-EEE1-4C48-81EF-7C230A642853}.Debug|Any CPU.ActiveCfg = Debug|Any CPU
		{1CD2FAC0-EEE1-4C48-81EF-7C230A642853}.Debug|Any CPU.Build.0 = Debug|Any CPU
		{1CD2FAC0-EEE1-4C48-81EF-7C230A642853}.Release|Any CPU.ActiveCfg = Release|Any CPU
		{1CD2FAC0-EEE1-4C48-81EF-7C230A642853}.Release|Any CPU.Build.0 = Release|Any CPU
		{A7C38469-203C-4DB8-8B6C-75AB78F188D1}.Debug|Any CPU.ActiveCfg = Debug|Any CPU
		{A7C38469-203C-4DB8-8B6C-75AB78F188D1}.Debug|Any CPU.Build.0 = Debug|Any CPU
		{A7C38469-203C-4DB8-8B6C-75AB78F188D1}.Release|Any CPU.ActiveCfg = Release|Any CPU
		{A7C38469-203C-4DB8-8B6C-75AB78F188D1}.Release|Any CPU.Build.0 = Release|Any CPU
		{02066EC3-B73B-465D-BA2F-39C10FC754E1}.Debug|Any CPU.ActiveCfg = Debug|Any CPU
		{02066EC3-B73B-465D-BA2F-39C10FC754E1}.Debug|Any CPU.Build.0 = Debug|Any CPU
		{02066EC3-B73B-465D-BA2F-39C10FC754E1}.Release|Any CPU.ActiveCfg = Release|Any CPU
		{02066EC3-B73B-465D-BA2F-39C10FC754E1}.Release|Any CPU.Build.0 = Release|Any CPU
		{D7710F17-D2D7-4391-98CB-9165CAD84EC3}.Debug|Any CPU.ActiveCfg = Debug|Any CPU
		{D7710F17-D2D7-4391-98CB-9165CAD84EC3}.Debug|Any CPU.Build.0 = Debug|Any CPU
		{D7710F17-D2D7-4391-98CB-9165CAD84EC3}.Release|Any CPU.ActiveCfg = Release|Any CPU
		{D7710F17-D2D7-4391-98CB-9165CAD84EC3}.Release|Any CPU.Build.0 = Release|Any CPU
		{25595AB0-476A-4809-ADE7-F1B40EF7D931}.Debug|Any CPU.ActiveCfg = Debug|Any CPU
		{25595AB0-476A-4809-ADE7-F1B40EF7D931}.Debug|Any CPU.Build.0 = Debug|Any CPU
		{25595AB0-476A-4809-ADE7-F1B40EF7D931}.Release|Any CPU.ActiveCfg = Release|Any CPU
		{25595AB0-476A-4809-ADE7-F1B40EF7D931}.Release|Any CPU.Build.0 = Release|Any CPU
		{10CD7FF5-4131-4177-848A-AD1682833326}.Debug|Any CPU.ActiveCfg = Debug|Any CPU
		{10CD7FF5-4131-4177-848A-AD1682833326}.Debug|Any CPU.Build.0 = Debug|Any CPU
		{10CD7FF5-4131-4177-848A-AD1682833326}.Release|Any CPU.ActiveCfg = Release|Any CPU
		{10CD7FF5-4131-4177-848A-AD1682833326}.Release|Any CPU.Build.0 = Release|Any CPU
		{57DD2157-BF30-46C3-BE6C-481D6E24DABC}.Debug|Any CPU.ActiveCfg = Debug|Any CPU
		{57DD2157-BF30-46C3-BE6C-481D6E24DABC}.Debug|Any CPU.Build.0 = Debug|Any CPU
		{57DD2157-BF30-46C3-BE6C-481D6E24DABC}.Release|Any CPU.ActiveCfg = Release|Any CPU
		{57DD2157-BF30-46C3-BE6C-481D6E24DABC}.Release|Any CPU.Build.0 = Release|Any CPU
		{FDFA04C6-2290-4F7C-A95C-AF288FC44EAD}.Debug|Any CPU.ActiveCfg = Debug|Any CPU
		{FDFA04C6-2290-4F7C-A95C-AF288FC44EAD}.Debug|Any CPU.Build.0 = Debug|Any CPU
		{FDFA04C6-2290-4F7C-A95C-AF288FC44EAD}.Release|Any CPU.ActiveCfg = Release|Any CPU
		{FDFA04C6-2290-4F7C-A95C-AF288FC44EAD}.Release|Any CPU.Build.0 = Release|Any CPU
		{2C73E26D-D459-43E9-BB14-F72E6492F9E6}.Debug|Any CPU.ActiveCfg = Debug|Any CPU
		{2C73E26D-D459-43E9-BB14-F72E6492F9E6}.Debug|Any CPU.Build.0 = Debug|Any CPU
		{2C73E26D-D459-43E9-BB14-F72E6492F9E6}.Release|Any CPU.ActiveCfg = Release|Any CPU
		{2C73E26D-D459-43E9-BB14-F72E6492F9E6}.Release|Any CPU.Build.0 = Release|Any CPU
		{27A4757B-70A7-460B-9952-7AD835A04E75}.Debug|Any CPU.ActiveCfg = Debug|Any CPU
		{27A4757B-70A7-460B-9952-7AD835A04E75}.Debug|Any CPU.Build.0 = Debug|Any CPU
		{27A4757B-70A7-460B-9952-7AD835A04E75}.Release|Any CPU.ActiveCfg = Release|Any CPU
		{27A4757B-70A7-460B-9952-7AD835A04E75}.Release|Any CPU.Build.0 = Release|Any CPU
		{1EC06DF3-EFF8-4E06-B7CB-B3DCDC0A0F0B}.Debug|Any CPU.ActiveCfg = Debug|Any CPU
		{1EC06DF3-EFF8-4E06-B7CB-B3DCDC0A0F0B}.Debug|Any CPU.Build.0 = Debug|Any CPU
		{1EC06DF3-EFF8-4E06-B7CB-B3DCDC0A0F0B}.Release|Any CPU.ActiveCfg = Release|Any CPU
		{1EC06DF3-EFF8-4E06-B7CB-B3DCDC0A0F0B}.Release|Any CPU.Build.0 = Release|Any CPU
	EndGlobalSection
	GlobalSection(SolutionProperties) = preSolution
		HideSolutionNode = FALSE
	EndGlobalSection
	GlobalSection(NestedProjects) = preSolution
		{1CD2FAC0-EEE1-4C48-81EF-7C230A642853} = {0B2C9274-09EE-4386-AB9F-FAF5F6B83F86}
		{A7C38469-203C-4DB8-8B6C-75AB78F188D1} = {0B2C9274-09EE-4386-AB9F-FAF5F6B83F86}
		{02066EC3-B73B-465D-BA2F-39C10FC754E1} = {0B2C9274-09EE-4386-AB9F-FAF5F6B83F86}
		{0DDED71D-6B5D-449E-8053-F7174BBFE1FB} = {0B2C9274-09EE-4386-AB9F-FAF5F6B83F86}
		{57DD2157-BF30-46C3-BE6C-481D6E24DABC} = {0DDED71D-6B5D-449E-8053-F7174BBFE1FB}
		{FDFA04C6-2290-4F7C-A95C-AF288FC44EAD} = {0DDED71D-6B5D-449E-8053-F7174BBFE1FB}
		{2C73E26D-D459-43E9-BB14-F72E6492F9E6} = {0DDED71D-6B5D-449E-8053-F7174BBFE1FB}
		{27A4757B-70A7-460B-9952-7AD835A04E75} = {0DDED71D-6B5D-449E-8053-F7174BBFE1FB}
		{1EC06DF3-EFF8-4E06-B7CB-B3DCDC0A0F0B} = {0DDED71D-6B5D-449E-8053-F7174BBFE1FB}
	EndGlobalSection
	GlobalSection(ExtensibilityGlobals) = postSolution
		SolutionGuid = {CEEFA3A5-A2E4-406F-B47E-C73A57CD910D}
	EndGlobalSection
EndGlobal
