
Microsoft Visual Studio Solution File, Format Version 12.00
# Visual Studio Version 16
VisualStudioVersion = 16.0.28803.156
MinimumVisualStudioVersion = 10.0.40219.1
Project("{9A19103F-16F7-4668-BE54-9A1E7A4F7556}") = "RadioReport.ThoraxCT.API", "RadioReport.ThoraxCT.API\RadioReport.ThoraxCT.API.csproj", "{9F589D33-31A6-43C5-8F4D-2D8D4C03A7A1}"
EndProject
Project("{9A19103F-16F7-4668-BE54-9A1E7A4F7556}") = "RadioReport.ThoraxCT.Domain", "RadioReport.ThoraxCT.Domain\RadioReport.ThoraxCT.Domain.csproj", "{C926A67E-CBF2-41BB-972F-5150EBE61305}"
EndProject
Project("{9A19103F-16F7-4668-BE54-9A1E7A4F7556}") = "RadioReport.ThoraxCT.Repo", "RadioReport.ThoraxCT.Repo\RadioReport.ThoraxCT.Repo.csproj", "{5ADF792C-B675-4865-B7A4-9748088DAA00}"
EndProject
Project("{2150E333-8FDC-42A3-9474-1A3956D46DE8}") = "Common", "Common", "{A5AB02D6-B370-4B6D-B178-EE45F9A1CFE1}"
EndProject
Project("{9A19103F-16F7-4668-BE54-9A1E7A4F7556}") = "RadioReport.Common", "..\RadioReport.Common\RadioReport.Common\RadioReport.Common.csproj", "{094FF3E7-A962-4AD5-A0D9-3094F5B8B40C}"
EndProject
Project("{9A19103F-16F7-4668-BE54-9A1E7A4F7556}") = "RadioReport.Common.API", "..\RadioReport.Common\RadioReport.Common.API\RadioReport.Common.API.csproj", "{0D24298F-84BA-4EAF-BD1D-0763356B6C5B}"
EndProject
Project("{9A19103F-16F7-4668-BE54-9A1E7A4F7556}") = "RadioReport.Common.Repository", "..\RadioReport.Common\RadioReport.Common.Repository\RadioReport.Common.Repository.csproj", "{6C3E6676-7E6F-4CC2-B375-224E28B95514}"
EndProject
Project("{2150E333-8FDC-42A3-9474-1A3956D46DE8}") = "Module", "Module", "{A59604AC-53A3-48E6-BC34-16105D84B320}"
EndProject
Project("{9A19103F-16F7-4668-BE54-9A1E7A4F7556}") = "RadioReport.Common.Module.API", "..\RadioReport.Common\Module\RadioReport.Common.Module.API\RadioReport.Common.Module.API.csproj", "{45B84E9B-3841-46A2-BE48-B38B81502635}"
EndProject
Project("{9A19103F-16F7-4668-BE54-9A1E7A4F7556}") = "RadioReport.Common.Module.Logic", "..\RadioReport.Common\Module\RadioReport.Common.Module.Logic\RadioReport.Common.Module.Logic.csproj", "{96A2F17C-E292-4815-BFF2-9273A3D91DD2}"
EndProject
Project("{9A19103F-16F7-4668-BE54-9A1E7A4F7556}") = "RadioReport.Common.Module.NewTechnology", "..\RadioReport.Common\Module\RadioReport.Common.Module.NewTechnology\RadioReport.Common.Module.NewTechnology.csproj", "{657E0083-B5A5-4D9D-A0D9-3852C87F6A5A}"
EndProject
Project("{9A19103F-16F7-4668-BE54-9A1E7A4F7556}") = "RadioReport.Common.Module.Repository", "..\RadioReport.Common\Module\RadioReport.Common.Module.Repository\RadioReport.Common.Module.Repository.csproj", "{79CD37FF-0843-4218-A05E-17822979564C}"
EndProject
Project("{9A19103F-16F7-4668-BE54-9A1E7A4F7556}") = "RadioReport.Common.Module.Technology", "..\RadioReport.Common\Module\RadioReport.Common.Module.Technology\RadioReport.Common.Module.Technology.csproj", "{1587CDBD-3DA4-4FBF-8457-B8CFBF39965C}"
EndProject
Global
	GlobalSection(SolutionConfigurationPlatforms) = preSolution
		Debug|Any CPU = Debug|Any CPU
		Release|Any CPU = Release|Any CPU
	EndGlobalSection
	GlobalSection(ProjectConfigurationPlatforms) = postSolution
		{9F589D33-31A6-43C5-8F4D-2D8D4C03A7A1}.Debug|Any CPU.ActiveCfg = Debug|Any CPU
		{9F589D33-31A6-43C5-8F4D-2D8D4C03A7A1}.Debug|Any CPU.Build.0 = Debug|Any CPU
		{9F589D33-31A6-43C5-8F4D-2D8D4C03A7A1}.Release|Any CPU.ActiveCfg = Release|Any CPU
		{9F589D33-31A6-43C5-8F4D-2D8D4C03A7A1}.Release|Any CPU.Build.0 = Release|Any CPU
		{C926A67E-CBF2-41BB-972F-5150EBE61305}.Debug|Any CPU.ActiveCfg = Debug|Any CPU
		{C926A67E-CBF2-41BB-972F-5150EBE61305}.Debug|Any CPU.Build.0 = Debug|Any CPU
		{C926A67E-CBF2-41BB-972F-5150EBE61305}.Release|Any CPU.ActiveCfg = Release|Any CPU
		{C926A67E-CBF2-41BB-972F-5150EBE61305}.Release|Any CPU.Build.0 = Release|Any CPU
		{5ADF792C-B675-4865-B7A4-9748088DAA00}.Debug|Any CPU.ActiveCfg = Debug|Any CPU
		{5ADF792C-B675-4865-B7A4-9748088DAA00}.Debug|Any CPU.Build.0 = Debug|Any CPU
		{5ADF792C-B675-4865-B7A4-9748088DAA00}.Release|Any CPU.ActiveCfg = Release|Any CPU
		{5ADF792C-B675-4865-B7A4-9748088DAA00}.Release|Any CPU.Build.0 = Release|Any CPU
		{094FF3E7-A962-4AD5-A0D9-3094F5B8B40C}.Debug|Any CPU.ActiveCfg = Debug|Any CPU
		{094FF3E7-A962-4AD5-A0D9-3094F5B8B40C}.Debug|Any CPU.Build.0 = Debug|Any CPU
		{094FF3E7-A962-4AD5-A0D9-3094F5B8B40C}.Release|Any CPU.ActiveCfg = Release|Any CPU
		{094FF3E7-A962-4AD5-A0D9-3094F5B8B40C}.Release|Any CPU.Build.0 = Release|Any CPU
		{0D24298F-84BA-4EAF-BD1D-0763356B6C5B}.Debug|Any CPU.ActiveCfg = Debug|Any CPU
		{0D24298F-84BA-4EAF-BD1D-0763356B6C5B}.Debug|Any CPU.Build.0 = Debug|Any CPU
		{0D24298F-84BA-4EAF-BD1D-0763356B6C5B}.Release|Any CPU.ActiveCfg = Release|Any CPU
		{0D24298F-84BA-4EAF-BD1D-0763356B6C5B}.Release|Any CPU.Build.0 = Release|Any CPU
		{6C3E6676-7E6F-4CC2-B375-224E28B95514}.Debug|Any CPU.ActiveCfg = Debug|Any CPU
		{6C3E6676-7E6F-4CC2-B375-224E28B95514}.Debug|Any CPU.Build.0 = Debug|Any CPU
		{6C3E6676-7E6F-4CC2-B375-224E28B95514}.Release|Any CPU.ActiveCfg = Release|Any CPU
		{6C3E6676-7E6F-4CC2-B375-224E28B95514}.Release|Any CPU.Build.0 = Release|Any CPU
		{45B84E9B-3841-46A2-BE48-B38B81502635}.Debug|Any CPU.ActiveCfg = Debug|Any CPU
		{45B84E9B-3841-46A2-BE48-B38B81502635}.Debug|Any CPU.Build.0 = Debug|Any CPU
		{45B84E9B-3841-46A2-BE48-B38B81502635}.Release|Any CPU.ActiveCfg = Release|Any CPU
		{45B84E9B-3841-46A2-BE48-B38B81502635}.Release|Any CPU.Build.0 = Release|Any CPU
		{96A2F17C-E292-4815-BFF2-9273A3D91DD2}.Debug|Any CPU.ActiveCfg = Debug|Any CPU
		{96A2F17C-E292-4815-BFF2-9273A3D91DD2}.Debug|Any CPU.Build.0 = Debug|Any CPU
		{96A2F17C-E292-4815-BFF2-9273A3D91DD2}.Release|Any CPU.ActiveCfg = Release|Any CPU
		{96A2F17C-E292-4815-BFF2-9273A3D91DD2}.Release|Any CPU.Build.0 = Release|Any CPU
		{657E0083-B5A5-4D9D-A0D9-3852C87F6A5A}.Debug|Any CPU.ActiveCfg = Debug|Any CPU
		{657E0083-B5A5-4D9D-A0D9-3852C87F6A5A}.Debug|Any CPU.Build.0 = Debug|Any CPU
		{657E0083-B5A5-4D9D-A0D9-3852C87F6A5A}.Release|Any CPU.ActiveCfg = Release|Any CPU
		{657E0083-B5A5-4D9D-A0D9-3852C87F6A5A}.Release|Any CPU.Build.0 = Release|Any CPU
		{79CD37FF-0843-4218-A05E-17822979564C}.Debug|Any CPU.ActiveCfg = Debug|Any CPU
		{79CD37FF-0843-4218-A05E-17822979564C}.Debug|Any CPU.Build.0 = Debug|Any CPU
		{79CD37FF-0843-4218-A05E-17822979564C}.Release|Any CPU.ActiveCfg = Release|Any CPU
		{79CD37FF-0843-4218-A05E-17822979564C}.Release|Any CPU.Build.0 = Release|Any CPU
		{1587CDBD-3DA4-4FBF-8457-B8CFBF39965C}.Debug|Any CPU.ActiveCfg = Debug|Any CPU
		{1587CDBD-3DA4-4FBF-8457-B8CFBF39965C}.Debug|Any CPU.Build.0 = Debug|Any CPU
		{1587CDBD-3DA4-4FBF-8457-B8CFBF39965C}.Release|Any CPU.ActiveCfg = Release|Any CPU
		{1587CDBD-3DA4-4FBF-8457-B8CFBF39965C}.Release|Any CPU.Build.0 = Release|Any CPU
	EndGlobalSection
	GlobalSection(SolutionProperties) = preSolution
		HideSolutionNode = FALSE
	EndGlobalSection
	GlobalSection(NestedProjects) = preSolution
		{094FF3E7-A962-4AD5-A0D9-3094F5B8B40C} = {A5AB02D6-B370-4B6D-B178-EE45F9A1CFE1}
		{0D24298F-84BA-4EAF-BD1D-0763356B6C5B} = {A5AB02D6-B370-4B6D-B178-EE45F9A1CFE1}
		{6C3E6676-7E6F-4CC2-B375-224E28B95514} = {A5AB02D6-B370-4B6D-B178-EE45F9A1CFE1}
		{A59604AC-53A3-48E6-BC34-16105D84B320} = {A5AB02D6-B370-4B6D-B178-EE45F9A1CFE1}
		{45B84E9B-3841-46A2-BE48-B38B81502635} = {A59604AC-53A3-48E6-BC34-16105D84B320}
		{96A2F17C-E292-4815-BFF2-9273A3D91DD2} = {A59604AC-53A3-48E6-BC34-16105D84B320}
		{657E0083-B5A5-4D9D-A0D9-3852C87F6A5A} = {A59604AC-53A3-48E6-BC34-16105D84B320}
		{79CD37FF-0843-4218-A05E-17822979564C} = {A59604AC-53A3-48E6-BC34-16105D84B320}
		{1587CDBD-3DA4-4FBF-8457-B8CFBF39965C} = {A59604AC-53A3-48E6-BC34-16105D84B320}
	EndGlobalSection
	GlobalSection(ExtensibilityGlobals) = postSolution
		SolutionGuid = {5965FEA4-7DFA-4154-8BC1-DE3B9184C870}
	EndGlobalSection
EndGlobal
