
Microsoft Visual Studio Solution File, Format Version 12.00
# Visual Studio Version 16
VisualStudioVersion = 16.0.29613.14
MinimumVisualStudioVersion = 10.0.40219.1
Project("{2150E333-8FDC-42A3-9474-1A3956D46DE8}") = "Common", "Common", "{F11076CA-B17F-4A16-870A-64CAC0DA5223}"
EndProject
Project("{9A19103F-16F7-4668-BE54-9A1E7A4F7556}") = "RadioReport.Common", "..\RadioReport.Common\RadioReport.Common\RadioReport.Common.csproj", "{DED9A267-7022-4580-BEAE-616E8096EDE2}"
EndProject
Project("{9A19103F-16F7-4668-BE54-9A1E7A4F7556}") = "RadioReport.Common.API", "..\RadioReport.Common\RadioReport.Common.API\RadioReport.Common.API.csproj", "{A7C0B34F-3D80-46EB-A540-9EC2AC7605F3}"
EndProject
Project("{9A19103F-16F7-4668-BE54-9A1E7A4F7556}") = "RadioReport.Common.Repository", "..\RadioReport.Common\RadioReport.Common.Repository\RadioReport.Common.Repository.csproj", "{D2EE6728-C790-4433-A2AC-C9BEADB4DFAD}"
EndProject
Project("{9A19103F-16F7-4668-BE54-9A1E7A4F7556}") = "RadioReport.HipMRT.Domain", "RadioReport.HipMRT.Domain\RadioReport.HipMRT.Domain.csproj", "{717711B5-79C2-4A70-80B1-F87EB3834EAB}"
EndProject
Project("{9A19103F-16F7-4668-BE54-9A1E7A4F7556}") = "RadioReport.HipMRT.Repo", "RadioReport.HipMRT.Repo\RadioReport.HipMRT.Repo.csproj", "{880BC6AF-003F-4202-A476-921C360149F5}"
EndProject
Project("{9A19103F-16F7-4668-BE54-9A1E7A4F7556}") = "RadioReport.HipMRT.API", "RadioReport.HipMRT.API\RadioReport.HipMRT.API.csproj", "{2E5F9696-387D-4B2C-9422-967C02208D35}"
EndProject
Project("{2150E333-8FDC-42A3-9474-1A3956D46DE8}") = "Module", "Module", "{B857C8EB-ECBF-4687-A064-1381801458B4}"
EndProject
Project("{9A19103F-16F7-4668-BE54-9A1E7A4F7556}") = "RadioReport.Common.Module.API", "..\RadioReport.Common\Module\RadioReport.Common.Module.API\RadioReport.Common.Module.API.csproj", "{FD4D3DFF-D23D-4C81-97D5-F9A66FB7BBE4}"
EndProject
Project("{9A19103F-16F7-4668-BE54-9A1E7A4F7556}") = "RadioReport.Common.Module.Logic", "..\RadioReport.Common\Module\RadioReport.Common.Module.Logic\RadioReport.Common.Module.Logic.csproj", "{5CCBD9B2-5C8A-440F-99FB-4FD0ECA36C79}"
EndProject
Project("{9A19103F-16F7-4668-BE54-9A1E7A4F7556}") = "RadioReport.Common.Module.NewTechnology", "..\RadioReport.Common\Module\RadioReport.Common.Module.NewTechnology\RadioReport.Common.Module.NewTechnology.csproj", "{21AD3D05-A109-4BD7-B162-C8CA87AB3411}"
EndProject
Project("{9A19103F-16F7-4668-BE54-9A1E7A4F7556}") = "RadioReport.Common.Module.Repository", "..\RadioReport.Common\Module\RadioReport.Common.Module.Repository\RadioReport.Common.Module.Repository.csproj", "{60C3EAAD-07CB-4693-8C4A-5351D7FA8885}"
EndProject
Project("{9A19103F-16F7-4668-BE54-9A1E7A4F7556}") = "RadioReport.Common.Module.Technology", "..\RadioReport.Common\Module\RadioReport.Common.Module.Technology\RadioReport.Common.Module.Technology.csproj", "{EE6A151E-4E99-4034-B0AF-2F11B4C1C00B}"
EndProject
Global
	GlobalSection(SolutionConfigurationPlatforms) = preSolution
		Debug|Any CPU = Debug|Any CPU
		Release|Any CPU = Release|Any CPU
	EndGlobalSection
	GlobalSection(ProjectConfigurationPlatforms) = postSolution
		{DED9A267-7022-4580-BEAE-616E8096EDE2}.Debug|Any CPU.ActiveCfg = Debug|Any CPU
		{DED9A267-7022-4580-BEAE-616E8096EDE2}.Debug|Any CPU.Build.0 = Debug|Any CPU
		{DED9A267-7022-4580-BEAE-616E8096EDE2}.Release|Any CPU.ActiveCfg = Release|Any CPU
		{DED9A267-7022-4580-BEAE-616E8096EDE2}.Release|Any CPU.Build.0 = Release|Any CPU
		{A7C0B34F-3D80-46EB-A540-9EC2AC7605F3}.Debug|Any CPU.ActiveCfg = Debug|Any CPU
		{A7C0B34F-3D80-46EB-A540-9EC2AC7605F3}.Debug|Any CPU.Build.0 = Debug|Any CPU
		{A7C0B34F-3D80-46EB-A540-9EC2AC7605F3}.Release|Any CPU.ActiveCfg = Release|Any CPU
		{A7C0B34F-3D80-46EB-A540-9EC2AC7605F3}.Release|Any CPU.Build.0 = Release|Any CPU
		{D2EE6728-C790-4433-A2AC-C9BEADB4DFAD}.Debug|Any CPU.ActiveCfg = Debug|Any CPU
		{D2EE6728-C790-4433-A2AC-C9BEADB4DFAD}.Debug|Any CPU.Build.0 = Debug|Any CPU
		{D2EE6728-C790-4433-A2AC-C9BEADB4DFAD}.Release|Any CPU.ActiveCfg = Release|Any CPU
		{D2EE6728-C790-4433-A2AC-C9BEADB4DFAD}.Release|Any CPU.Build.0 = Release|Any CPU
		{717711B5-79C2-4A70-80B1-F87EB3834EAB}.Debug|Any CPU.ActiveCfg = Debug|Any CPU
		{717711B5-79C2-4A70-80B1-F87EB3834EAB}.Debug|Any CPU.Build.0 = Debug|Any CPU
		{717711B5-79C2-4A70-80B1-F87EB3834EAB}.Release|Any CPU.ActiveCfg = Release|Any CPU
		{717711B5-79C2-4A70-80B1-F87EB3834EAB}.Release|Any CPU.Build.0 = Release|Any CPU
		{880BC6AF-003F-4202-A476-921C360149F5}.Debug|Any CPU.ActiveCfg = Debug|Any CPU
		{880BC6AF-003F-4202-A476-921C360149F5}.Debug|Any CPU.Build.0 = Debug|Any CPU
		{880BC6AF-003F-4202-A476-921C360149F5}.Release|Any CPU.ActiveCfg = Release|Any CPU
		{880BC6AF-003F-4202-A476-921C360149F5}.Release|Any CPU.Build.0 = Release|Any CPU
		{2E5F9696-387D-4B2C-9422-967C02208D35}.Debug|Any CPU.ActiveCfg = Debug|Any CPU
		{2E5F9696-387D-4B2C-9422-967C02208D35}.Debug|Any CPU.Build.0 = Debug|Any CPU
		{2E5F9696-387D-4B2C-9422-967C02208D35}.Release|Any CPU.ActiveCfg = Release|Any CPU
		{2E5F9696-387D-4B2C-9422-967C02208D35}.Release|Any CPU.Build.0 = Release|Any CPU
		{FD4D3DFF-D23D-4C81-97D5-F9A66FB7BBE4}.Debug|Any CPU.ActiveCfg = Debug|Any CPU
		{FD4D3DFF-D23D-4C81-97D5-F9A66FB7BBE4}.Debug|Any CPU.Build.0 = Debug|Any CPU
		{FD4D3DFF-D23D-4C81-97D5-F9A66FB7BBE4}.Release|Any CPU.ActiveCfg = Release|Any CPU
		{FD4D3DFF-D23D-4C81-97D5-F9A66FB7BBE4}.Release|Any CPU.Build.0 = Release|Any CPU
		{5CCBD9B2-5C8A-440F-99FB-4FD0ECA36C79}.Debug|Any CPU.ActiveCfg = Debug|Any CPU
		{5CCBD9B2-5C8A-440F-99FB-4FD0ECA36C79}.Debug|Any CPU.Build.0 = Debug|Any CPU
		{5CCBD9B2-5C8A-440F-99FB-4FD0ECA36C79}.Release|Any CPU.ActiveCfg = Release|Any CPU
		{5CCBD9B2-5C8A-440F-99FB-4FD0ECA36C79}.Release|Any CPU.Build.0 = Release|Any CPU
		{21AD3D05-A109-4BD7-B162-C8CA87AB3411}.Debug|Any CPU.ActiveCfg = Debug|Any CPU
		{21AD3D05-A109-4BD7-B162-C8CA87AB3411}.Debug|Any CPU.Build.0 = Debug|Any CPU
		{21AD3D05-A109-4BD7-B162-C8CA87AB3411}.Release|Any CPU.ActiveCfg = Release|Any CPU
		{21AD3D05-A109-4BD7-B162-C8CA87AB3411}.Release|Any CPU.Build.0 = Release|Any CPU
		{60C3EAAD-07CB-4693-8C4A-5351D7FA8885}.Debug|Any CPU.ActiveCfg = Debug|Any CPU
		{60C3EAAD-07CB-4693-8C4A-5351D7FA8885}.Debug|Any CPU.Build.0 = Debug|Any CPU
		{60C3EAAD-07CB-4693-8C4A-5351D7FA8885}.Release|Any CPU.ActiveCfg = Release|Any CPU
		{60C3EAAD-07CB-4693-8C4A-5351D7FA8885}.Release|Any CPU.Build.0 = Release|Any CPU
		{EE6A151E-4E99-4034-B0AF-2F11B4C1C00B}.Debug|Any CPU.ActiveCfg = Debug|Any CPU
		{EE6A151E-4E99-4034-B0AF-2F11B4C1C00B}.Debug|Any CPU.Build.0 = Debug|Any CPU
		{EE6A151E-4E99-4034-B0AF-2F11B4C1C00B}.Release|Any CPU.ActiveCfg = Release|Any CPU
		{EE6A151E-4E99-4034-B0AF-2F11B4C1C00B}.Release|Any CPU.Build.0 = Release|Any CPU
	EndGlobalSection
	GlobalSection(SolutionProperties) = preSolution
		HideSolutionNode = FALSE
	EndGlobalSection
	GlobalSection(NestedProjects) = preSolution
		{DED9A267-7022-4580-BEAE-616E8096EDE2} = {F11076CA-B17F-4A16-870A-64CAC0DA5223}
		{A7C0B34F-3D80-46EB-A540-9EC2AC7605F3} = {F11076CA-B17F-4A16-870A-64CAC0DA5223}
		{D2EE6728-C790-4433-A2AC-C9BEADB4DFAD} = {F11076CA-B17F-4A16-870A-64CAC0DA5223}
		{B857C8EB-ECBF-4687-A064-1381801458B4} = {F11076CA-B17F-4A16-870A-64CAC0DA5223}
		{FD4D3DFF-D23D-4C81-97D5-F9A66FB7BBE4} = {B857C8EB-ECBF-4687-A064-1381801458B4}
		{5CCBD9B2-5C8A-440F-99FB-4FD0ECA36C79} = {B857C8EB-ECBF-4687-A064-1381801458B4}
		{21AD3D05-A109-4BD7-B162-C8CA87AB3411} = {B857C8EB-ECBF-4687-A064-1381801458B4}
		{60C3EAAD-07CB-4693-8C4A-5351D7FA8885} = {B857C8EB-ECBF-4687-A064-1381801458B4}
		{EE6A151E-4E99-4034-B0AF-2F11B4C1C00B} = {B857C8EB-ECBF-4687-A064-1381801458B4}
	EndGlobalSection
	GlobalSection(ExtensibilityGlobals) = postSolution
		SolutionGuid = {F98037ED-1331-4D8F-8877-7A6B3FF7167E}
	EndGlobalSection
EndGlobal
