
Microsoft Visual Studio Solution File, Format Version 12.00
# Visual Studio Version 16
VisualStudioVersion = 16.0.29006.145
MinimumVisualStudioVersion = 10.0.40219.1
Project("{2150E333-8FDC-42A3-9474-1A3956D46DE8}") = "Common", "Common", "{51034A72-A46D-4759-8F20-B7B760E8EB9F}"
EndProject
Project("{9A19103F-16F7-4668-BE54-9A1E7A4F7556}") = "RadioReport.Common", "..\RadioReport.Common\RadioReport.Common\RadioReport.Common.csproj", "{82D0620C-A00D-4F6D-B8C0-C6D374111B1D}"
EndProject
Project("{9A19103F-16F7-4668-BE54-9A1E7A4F7556}") = "RadioReport.Common.Repository", "..\RadioReport.Common\RadioReport.Common.Repository\RadioReport.Common.Repository.csproj", "{4E012002-6106-4732-9198-C85C2CACA752}"
EndProject
Project("{9A19103F-16F7-4668-BE54-9A1E7A4F7556}") = "RadioReport.Common.API", "..\RadioReport.Common\RadioReport.Common.API\RadioReport.Common.API.csproj", "{410B6F79-F962-4805-8555-1D802C018D56}"
EndProject
Project("{9A19103F-16F7-4668-BE54-9A1E7A4F7556}") = "RadioReport.ShoulderMRT.API", "RadioReport.ShoulderMRT.API\RadioReport.ShoulderMRT.API.csproj", "{CBDC51C1-21BE-46D7-AB64-ED0922912186}"
EndProject
Project("{9A19103F-16F7-4668-BE54-9A1E7A4F7556}") = "RadioReport.ShoulderMRT.Domain", "RadioReport.ShoulderMRT.Domain\RadioReport.ShoulderMRT.Domain.csproj", "{9B9F3AB4-EBF2-475B-B98E-B784F2718C47}"
EndProject
Project("{9A19103F-16F7-4668-BE54-9A1E7A4F7556}") = "RadioReport.ShoulderMRT.Repo", "RadioReport.ShoulderMRT.Repo\RadioReport.ShoulderMRT.Repo.csproj", "{27CD163D-BC06-4A93-9ED4-2F4356F69AAB}"
EndProject
Project("{2150E333-8FDC-42A3-9474-1A3956D46DE8}") = "Module", "Module", "{93108F03-7AD7-48FD-A30E-10C27DC580C2}"
EndProject
Project("{9A19103F-16F7-4668-BE54-9A1E7A4F7556}") = "RadioReport.Common.Module.API", "..\RadioReport.Common\Module\RadioReport.Common.Module.API\RadioReport.Common.Module.API.csproj", "{DEC1F5AD-3662-4F78-9882-E33A9BD9CEF6}"
EndProject
Project("{9A19103F-16F7-4668-BE54-9A1E7A4F7556}") = "RadioReport.Common.Module.Logic", "..\RadioReport.Common\Module\RadioReport.Common.Module.Logic\RadioReport.Common.Module.Logic.csproj", "{934DA7D8-FCCA-4ACE-B198-01BE44EA1B6E}"
EndProject
Project("{9A19103F-16F7-4668-BE54-9A1E7A4F7556}") = "RadioReport.Common.Module.NewTechnology", "..\RadioReport.Common\Module\RadioReport.Common.Module.NewTechnology\RadioReport.Common.Module.NewTechnology.csproj", "{C940D872-FF5A-480A-95A1-314D1C2B6713}"
EndProject
Project("{9A19103F-16F7-4668-BE54-9A1E7A4F7556}") = "RadioReport.Common.Module.Repository", "..\RadioReport.Common\Module\RadioReport.Common.Module.Repository\RadioReport.Common.Module.Repository.csproj", "{A4E5D3E6-6184-49EE-9851-CA41FD43633D}"
EndProject
Project("{9A19103F-16F7-4668-BE54-9A1E7A4F7556}") = "RadioReport.Common.Module.Technology", "..\RadioReport.Common\Module\RadioReport.Common.Module.Technology\RadioReport.Common.Module.Technology.csproj", "{9F487ABD-5C00-44D4-BE4C-0927FD92A9E2}"
EndProject
Global
	GlobalSection(SolutionConfigurationPlatforms) = preSolution
		Debug|Any CPU = Debug|Any CPU
		Release|Any CPU = Release|Any CPU
	EndGlobalSection
	GlobalSection(ProjectConfigurationPlatforms) = postSolution
		{82D0620C-A00D-4F6D-B8C0-C6D374111B1D}.Debug|Any CPU.ActiveCfg = Debug|Any CPU
		{82D0620C-A00D-4F6D-B8C0-C6D374111B1D}.Debug|Any CPU.Build.0 = Debug|Any CPU
		{82D0620C-A00D-4F6D-B8C0-C6D374111B1D}.Release|Any CPU.ActiveCfg = Release|Any CPU
		{82D0620C-A00D-4F6D-B8C0-C6D374111B1D}.Release|Any CPU.Build.0 = Release|Any CPU
		{4E012002-6106-4732-9198-C85C2CACA752}.Debug|Any CPU.ActiveCfg = Debug|Any CPU
		{4E012002-6106-4732-9198-C85C2CACA752}.Debug|Any CPU.Build.0 = Debug|Any CPU
		{4E012002-6106-4732-9198-C85C2CACA752}.Release|Any CPU.ActiveCfg = Release|Any CPU
		{4E012002-6106-4732-9198-C85C2CACA752}.Release|Any CPU.Build.0 = Release|Any CPU
		{410B6F79-F962-4805-8555-1D802C018D56}.Debug|Any CPU.ActiveCfg = Debug|Any CPU
		{410B6F79-F962-4805-8555-1D802C018D56}.Debug|Any CPU.Build.0 = Debug|Any CPU
		{410B6F79-F962-4805-8555-1D802C018D56}.Release|Any CPU.ActiveCfg = Release|Any CPU
		{410B6F79-F962-4805-8555-1D802C018D56}.Release|Any CPU.Build.0 = Release|Any CPU
		{CBDC51C1-21BE-46D7-AB64-ED0922912186}.Debug|Any CPU.ActiveCfg = Debug|Any CPU
		{CBDC51C1-21BE-46D7-AB64-ED0922912186}.Debug|Any CPU.Build.0 = Debug|Any CPU
		{CBDC51C1-21BE-46D7-AB64-ED0922912186}.Release|Any CPU.ActiveCfg = Release|Any CPU
		{CBDC51C1-21BE-46D7-AB64-ED0922912186}.Release|Any CPU.Build.0 = Release|Any CPU
		{9B9F3AB4-EBF2-475B-B98E-B784F2718C47}.Debug|Any CPU.ActiveCfg = Debug|Any CPU
		{9B9F3AB4-EBF2-475B-B98E-B784F2718C47}.Debug|Any CPU.Build.0 = Debug|Any CPU
		{9B9F3AB4-EBF2-475B-B98E-B784F2718C47}.Release|Any CPU.ActiveCfg = Release|Any CPU
		{9B9F3AB4-EBF2-475B-B98E-B784F2718C47}.Release|Any CPU.Build.0 = Release|Any CPU
		{27CD163D-BC06-4A93-9ED4-2F4356F69AAB}.Debug|Any CPU.ActiveCfg = Debug|Any CPU
		{27CD163D-BC06-4A93-9ED4-2F4356F69AAB}.Debug|Any CPU.Build.0 = Debug|Any CPU
		{27CD163D-BC06-4A93-9ED4-2F4356F69AAB}.Release|Any CPU.ActiveCfg = Release|Any CPU
		{27CD163D-BC06-4A93-9ED4-2F4356F69AAB}.Release|Any CPU.Build.0 = Release|Any CPU
		{DEC1F5AD-3662-4F78-9882-E33A9BD9CEF6}.Debug|Any CPU.ActiveCfg = Debug|Any CPU
		{DEC1F5AD-3662-4F78-9882-E33A9BD9CEF6}.Debug|Any CPU.Build.0 = Debug|Any CPU
		{DEC1F5AD-3662-4F78-9882-E33A9BD9CEF6}.Release|Any CPU.ActiveCfg = Release|Any CPU
		{DEC1F5AD-3662-4F78-9882-E33A9BD9CEF6}.Release|Any CPU.Build.0 = Release|Any CPU
		{934DA7D8-FCCA-4ACE-B198-01BE44EA1B6E}.Debug|Any CPU.ActiveCfg = Debug|Any CPU
		{934DA7D8-FCCA-4ACE-B198-01BE44EA1B6E}.Debug|Any CPU.Build.0 = Debug|Any CPU
		{934DA7D8-FCCA-4ACE-B198-01BE44EA1B6E}.Release|Any CPU.ActiveCfg = Release|Any CPU
		{934DA7D8-FCCA-4ACE-B198-01BE44EA1B6E}.Release|Any CPU.Build.0 = Release|Any CPU
		{C940D872-FF5A-480A-95A1-314D1C2B6713}.Debug|Any CPU.ActiveCfg = Debug|Any CPU
		{C940D872-FF5A-480A-95A1-314D1C2B6713}.Debug|Any CPU.Build.0 = Debug|Any CPU
		{C940D872-FF5A-480A-95A1-314D1C2B6713}.Release|Any CPU.ActiveCfg = Release|Any CPU
		{C940D872-FF5A-480A-95A1-314D1C2B6713}.Release|Any CPU.Build.0 = Release|Any CPU
		{A4E5D3E6-6184-49EE-9851-CA41FD43633D}.Debug|Any CPU.ActiveCfg = Debug|Any CPU
		{A4E5D3E6-6184-49EE-9851-CA41FD43633D}.Debug|Any CPU.Build.0 = Debug|Any CPU
		{A4E5D3E6-6184-49EE-9851-CA41FD43633D}.Release|Any CPU.ActiveCfg = Release|Any CPU
		{A4E5D3E6-6184-49EE-9851-CA41FD43633D}.Release|Any CPU.Build.0 = Release|Any CPU
		{9F487ABD-5C00-44D4-BE4C-0927FD92A9E2}.Debug|Any CPU.ActiveCfg = Debug|Any CPU
		{9F487ABD-5C00-44D4-BE4C-0927FD92A9E2}.Debug|Any CPU.Build.0 = Debug|Any CPU
		{9F487ABD-5C00-44D4-BE4C-0927FD92A9E2}.Release|Any CPU.ActiveCfg = Release|Any CPU
		{9F487ABD-5C00-44D4-BE4C-0927FD92A9E2}.Release|Any CPU.Build.0 = Release|Any CPU
	EndGlobalSection
	GlobalSection(SolutionProperties) = preSolution
		HideSolutionNode = FALSE
	EndGlobalSection
	GlobalSection(NestedProjects) = preSolution
		{82D0620C-A00D-4F6D-B8C0-C6D374111B1D} = {51034A72-A46D-4759-8F20-B7B760E8EB9F}
		{4E012002-6106-4732-9198-C85C2CACA752} = {51034A72-A46D-4759-8F20-B7B760E8EB9F}
		{410B6F79-F962-4805-8555-1D802C018D56} = {51034A72-A46D-4759-8F20-B7B760E8EB9F}
		{93108F03-7AD7-48FD-A30E-10C27DC580C2} = {51034A72-A46D-4759-8F20-B7B760E8EB9F}
		{DEC1F5AD-3662-4F78-9882-E33A9BD9CEF6} = {93108F03-7AD7-48FD-A30E-10C27DC580C2}
		{934DA7D8-FCCA-4ACE-B198-01BE44EA1B6E} = {93108F03-7AD7-48FD-A30E-10C27DC580C2}
		{C940D872-FF5A-480A-95A1-314D1C2B6713} = {93108F03-7AD7-48FD-A30E-10C27DC580C2}
		{A4E5D3E6-6184-49EE-9851-CA41FD43633D} = {93108F03-7AD7-48FD-A30E-10C27DC580C2}
		{9F487ABD-5C00-44D4-BE4C-0927FD92A9E2} = {93108F03-7AD7-48FD-A30E-10C27DC580C2}
	EndGlobalSection
	GlobalSection(ExtensibilityGlobals) = postSolution
		SolutionGuid = {05C7D653-4D64-4783-965F-DC44D617D8C0}
	EndGlobalSection
EndGlobal
