
Microsoft Visual Studio Solution File, Format Version 12.00
# Visual Studio Version 16
VisualStudioVersion = 16.0.29806.167
MinimumVisualStudioVersion = 10.0.40219.1
Project("{9A19103F-16F7-4668-BE54-9A1E7A4F7556}") = "RadioReport.FeetMRT.API", "RadioReport.FeetMRT.API\RadioReport.FeetMRT.API.csproj", "{93D26218-0BC5-4713-A6DF-3FCF3B1CE90D}"
EndProject
Project("{2150E333-8FDC-42A3-9474-1A3956D46DE8}") = "Common", "Common", "{3718A4B7-58D1-4AA3-A8FD-EB8BC39C8111}"
EndProject
Project("{9A19103F-16F7-4668-BE54-9A1E7A4F7556}") = "RadioReport.Common", "..\RadioReport.Common\RadioReport.Common\RadioReport.Common.csproj", "{64ED3A35-869E-4276-9926-31FAB811185E}"
EndProject
Project("{9A19103F-16F7-4668-BE54-9A1E7A4F7556}") = "RadioReport.Common.API", "..\RadioReport.Common\RadioReport.Common.API\RadioReport.Common.API.csproj", "{A391E907-4A6E-415B-A71D-7A43291B534B}"
EndProject
Project("{9A19103F-16F7-4668-BE54-9A1E7A4F7556}") = "RadioReport.Common.Repository", "..\RadioReport.Common\RadioReport.Common.Repository\RadioReport.Common.Repository.csproj", "{488E35F5-F9C3-4882-BA48-502F7B33375A}"
EndProject
Project("{9A19103F-16F7-4668-BE54-9A1E7A4F7556}") = "RadioReport.FeetMRT.Repo", "RadioReport.FeetMRT.Repo\RadioReport.FeetMRT.Repo.csproj", "{5548C3D6-0A74-427F-BD9E-C1D27CD776AB}"
EndProject
Project("{9A19103F-16F7-4668-BE54-9A1E7A4F7556}") = "RadioReport.FeetMRT.Domain", "RadioReport.FeetMRT.Domain\RadioReport.FeetMRT.Domain.csproj", "{DC54C71B-928F-439A-A6C4-71C01E3294E1}"
EndProject
Project("{2150E333-8FDC-42A3-9474-1A3956D46DE8}") = "Module", "Module", "{223ECA4C-B8AD-4BE5-AE23-52A42722B61F}"
EndProject
Project("{9A19103F-16F7-4668-BE54-9A1E7A4F7556}") = "RadioReport.Common.Module.API", "..\RadioReport.Common\Module\RadioReport.Common.Module.API\RadioReport.Common.Module.API.csproj", "{75EA8137-9A0A-4DF2-A4A7-96EB92130593}"
EndProject
Project("{9A19103F-16F7-4668-BE54-9A1E7A4F7556}") = "RadioReport.Common.Module.Logic", "..\RadioReport.Common\Module\RadioReport.Common.Module.Logic\RadioReport.Common.Module.Logic.csproj", "{C38E0CD9-268A-498C-A4DE-95BF0FA4B5CD}"
EndProject
Project("{9A19103F-16F7-4668-BE54-9A1E7A4F7556}") = "RadioReport.Common.Module.NewTechnology", "..\RadioReport.Common\Module\RadioReport.Common.Module.NewTechnology\RadioReport.Common.Module.NewTechnology.csproj", "{52874FEA-DD28-410C-B567-DA5FE3602FAD}"
EndProject
Project("{9A19103F-16F7-4668-BE54-9A1E7A4F7556}") = "RadioReport.Common.Module.Repository", "..\RadioReport.Common\Module\RadioReport.Common.Module.Repository\RadioReport.Common.Module.Repository.csproj", "{23432D61-7550-4785-89F1-242B128D68BB}"
EndProject
Project("{9A19103F-16F7-4668-BE54-9A1E7A4F7556}") = "RadioReport.Common.Module.Technology", "..\RadioReport.Common\Module\RadioReport.Common.Module.Technology\RadioReport.Common.Module.Technology.csproj", "{A5905D75-2B3C-4170-82D8-5D2409AFB06C}"
EndProject
Global
	GlobalSection(SolutionConfigurationPlatforms) = preSolution
		Debug|Any CPU = Debug|Any CPU
		Release|Any CPU = Release|Any CPU
	EndGlobalSection
	GlobalSection(ProjectConfigurationPlatforms) = postSolution
		{93D26218-0BC5-4713-A6DF-3FCF3B1CE90D}.Debug|Any CPU.ActiveCfg = Debug|Any CPU
		{93D26218-0BC5-4713-A6DF-3FCF3B1CE90D}.Debug|Any CPU.Build.0 = Debug|Any CPU
		{93D26218-0BC5-4713-A6DF-3FCF3B1CE90D}.Release|Any CPU.ActiveCfg = Release|Any CPU
		{93D26218-0BC5-4713-A6DF-3FCF3B1CE90D}.Release|Any CPU.Build.0 = Release|Any CPU
		{64ED3A35-869E-4276-9926-31FAB811185E}.Debug|Any CPU.ActiveCfg = Debug|Any CPU
		{64ED3A35-869E-4276-9926-31FAB811185E}.Debug|Any CPU.Build.0 = Debug|Any CPU
		{64ED3A35-869E-4276-9926-31FAB811185E}.Release|Any CPU.ActiveCfg = Release|Any CPU
		{64ED3A35-869E-4276-9926-31FAB811185E}.Release|Any CPU.Build.0 = Release|Any CPU
		{A391E907-4A6E-415B-A71D-7A43291B534B}.Debug|Any CPU.ActiveCfg = Debug|Any CPU
		{A391E907-4A6E-415B-A71D-7A43291B534B}.Debug|Any CPU.Build.0 = Debug|Any CPU
		{A391E907-4A6E-415B-A71D-7A43291B534B}.Release|Any CPU.ActiveCfg = Release|Any CPU
		{A391E907-4A6E-415B-A71D-7A43291B534B}.Release|Any CPU.Build.0 = Release|Any CPU
		{488E35F5-F9C3-4882-BA48-502F7B33375A}.Debug|Any CPU.ActiveCfg = Debug|Any CPU
		{488E35F5-F9C3-4882-BA48-502F7B33375A}.Debug|Any CPU.Build.0 = Debug|Any CPU
		{488E35F5-F9C3-4882-BA48-502F7B33375A}.Release|Any CPU.ActiveCfg = Release|Any CPU
		{488E35F5-F9C3-4882-BA48-502F7B33375A}.Release|Any CPU.Build.0 = Release|Any CPU
		{5548C3D6-0A74-427F-BD9E-C1D27CD776AB}.Debug|Any CPU.ActiveCfg = Debug|Any CPU
		{5548C3D6-0A74-427F-BD9E-C1D27CD776AB}.Debug|Any CPU.Build.0 = Debug|Any CPU
		{5548C3D6-0A74-427F-BD9E-C1D27CD776AB}.Release|Any CPU.ActiveCfg = Release|Any CPU
		{5548C3D6-0A74-427F-BD9E-C1D27CD776AB}.Release|Any CPU.Build.0 = Release|Any CPU
		{DC54C71B-928F-439A-A6C4-71C01E3294E1}.Debug|Any CPU.ActiveCfg = Debug|Any CPU
		{DC54C71B-928F-439A-A6C4-71C01E3294E1}.Debug|Any CPU.Build.0 = Debug|Any CPU
		{DC54C71B-928F-439A-A6C4-71C01E3294E1}.Release|Any CPU.ActiveCfg = Release|Any CPU
		{DC54C71B-928F-439A-A6C4-71C01E3294E1}.Release|Any CPU.Build.0 = Release|Any CPU
		{75EA8137-9A0A-4DF2-A4A7-96EB92130593}.Debug|Any CPU.ActiveCfg = Debug|Any CPU
		{75EA8137-9A0A-4DF2-A4A7-96EB92130593}.Debug|Any CPU.Build.0 = Debug|Any CPU
		{75EA8137-9A0A-4DF2-A4A7-96EB92130593}.Release|Any CPU.ActiveCfg = Release|Any CPU
		{75EA8137-9A0A-4DF2-A4A7-96EB92130593}.Release|Any CPU.Build.0 = Release|Any CPU
		{C38E0CD9-268A-498C-A4DE-95BF0FA4B5CD}.Debug|Any CPU.ActiveCfg = Debug|Any CPU
		{C38E0CD9-268A-498C-A4DE-95BF0FA4B5CD}.Debug|Any CPU.Build.0 = Debug|Any CPU
		{C38E0CD9-268A-498C-A4DE-95BF0FA4B5CD}.Release|Any CPU.ActiveCfg = Release|Any CPU
		{C38E0CD9-268A-498C-A4DE-95BF0FA4B5CD}.Release|Any CPU.Build.0 = Release|Any CPU
		{52874FEA-DD28-410C-B567-DA5FE3602FAD}.Debug|Any CPU.ActiveCfg = Debug|Any CPU
		{52874FEA-DD28-410C-B567-DA5FE3602FAD}.Debug|Any CPU.Build.0 = Debug|Any CPU
		{52874FEA-DD28-410C-B567-DA5FE3602FAD}.Release|Any CPU.ActiveCfg = Release|Any CPU
		{52874FEA-DD28-410C-B567-DA5FE3602FAD}.Release|Any CPU.Build.0 = Release|Any CPU
		{23432D61-7550-4785-89F1-242B128D68BB}.Debug|Any CPU.ActiveCfg = Debug|Any CPU
		{23432D61-7550-4785-89F1-242B128D68BB}.Debug|Any CPU.Build.0 = Debug|Any CPU
		{23432D61-7550-4785-89F1-242B128D68BB}.Release|Any CPU.ActiveCfg = Release|Any CPU
		{23432D61-7550-4785-89F1-242B128D68BB}.Release|Any CPU.Build.0 = Release|Any CPU
		{A5905D75-2B3C-4170-82D8-5D2409AFB06C}.Debug|Any CPU.ActiveCfg = Debug|Any CPU
		{A5905D75-2B3C-4170-82D8-5D2409AFB06C}.Debug|Any CPU.Build.0 = Debug|Any CPU
		{A5905D75-2B3C-4170-82D8-5D2409AFB06C}.Release|Any CPU.ActiveCfg = Release|Any CPU
		{A5905D75-2B3C-4170-82D8-5D2409AFB06C}.Release|Any CPU.Build.0 = Release|Any CPU
	EndGlobalSection
	GlobalSection(SolutionProperties) = preSolution
		HideSolutionNode = FALSE
	EndGlobalSection
	GlobalSection(NestedProjects) = preSolution
		{64ED3A35-869E-4276-9926-31FAB811185E} = {3718A4B7-58D1-4AA3-A8FD-EB8BC39C8111}
		{A391E907-4A6E-415B-A71D-7A43291B534B} = {3718A4B7-58D1-4AA3-A8FD-EB8BC39C8111}
		{488E35F5-F9C3-4882-BA48-502F7B33375A} = {3718A4B7-58D1-4AA3-A8FD-EB8BC39C8111}
		{223ECA4C-B8AD-4BE5-AE23-52A42722B61F} = {3718A4B7-58D1-4AA3-A8FD-EB8BC39C8111}
		{75EA8137-9A0A-4DF2-A4A7-96EB92130593} = {223ECA4C-B8AD-4BE5-AE23-52A42722B61F}
		{C38E0CD9-268A-498C-A4DE-95BF0FA4B5CD} = {223ECA4C-B8AD-4BE5-AE23-52A42722B61F}
		{52874FEA-DD28-410C-B567-DA5FE3602FAD} = {223ECA4C-B8AD-4BE5-AE23-52A42722B61F}
		{23432D61-7550-4785-89F1-242B128D68BB} = {223ECA4C-B8AD-4BE5-AE23-52A42722B61F}
		{A5905D75-2B3C-4170-82D8-5D2409AFB06C} = {223ECA4C-B8AD-4BE5-AE23-52A42722B61F}
	EndGlobalSection
	GlobalSection(ExtensibilityGlobals) = postSolution
		SolutionGuid = {11AE51C1-3E48-4CBA-BD33-3BC0621B47C3}
	EndGlobalSection
EndGlobal
