
Microsoft Visual Studio Solution File, Format Version 12.00
# Visual Studio Version 16
VisualStudioVersion = 16.0.28902.138
MinimumVisualStudioVersion = 10.0.40219.1
Project("{2150E333-8FDC-42A3-9474-1A3956D46DE8}") = "Common", "Common", "{0EE4DD40-2C21-4BE9-A1FB-B82A77C966D0}"
EndProject
Project("{9A19103F-16F7-4668-BE54-9A1E7A4F7556}") = "RadioReport.Common", "..\RadioReport.Common\RadioReport.Common\RadioReport.Common.csproj", "{DE2F65E9-4A76-4F68-9EB1-39D12173FFE6}"
EndProject
Project("{9A19103F-16F7-4668-BE54-9A1E7A4F7556}") = "RadioReport.Common.API", "..\RadioReport.Common\RadioReport.Common.API\RadioReport.Common.API.csproj", "{06D30ADA-B0DA-4EF5-96E0-CC712EE9D9B4}"
EndProject
Project("{9A19103F-16F7-4668-BE54-9A1E7A4F7556}") = "RadioReport.Common.Repository", "..\RadioReport.Common\RadioReport.Common.Repository\RadioReport.Common.Repository.csproj", "{F15E9E5C-180E-4CFF-82B6-5964F665C8E3}"
EndProject
Project("{9A19103F-16F7-4668-BE54-9A1E7A4F7556}") = "RadioReport.SpineMRT.API", "RadioReport.SpineMRT.API\RadioReport.SpineMRT.API.csproj", "{6DF1DAF1-E01D-4320-9619-E85800F35BD6}"
EndProject
Project("{9A19103F-16F7-4668-BE54-9A1E7A4F7556}") = "RadioReport.SpineMRT.Domain", "RadioReport.SpineMRT.Domain\RadioReport.SpineMRT.Domain.csproj", "{A04D91B1-530E-4C1E-BAF8-0D4155927A78}"
EndProject
Project("{9A19103F-16F7-4668-BE54-9A1E7A4F7556}") = "RadioReport.SpineMRT.Repo", "RadioReport.SpineMRT.Repo\RadioReport.SpineMRT.Repo.csproj", "{CEBE7463-E88B-4B56-BDCB-8C29C7DC7672}"
EndProject
Project("{2150E333-8FDC-42A3-9474-1A3956D46DE8}") = "Module", "Module", "{E5C4E0D8-627B-4699-9CC9-F28B74CBBB67}"
EndProject
Project("{9A19103F-16F7-4668-BE54-9A1E7A4F7556}") = "RadioReport.Common.Module.API", "..\RadioReport.Common\Module\RadioReport.Common.Module.API\RadioReport.Common.Module.API.csproj", "{6040EEEE-B753-4C69-8568-73E09FD73E1D}"
EndProject
Project("{9A19103F-16F7-4668-BE54-9A1E7A4F7556}") = "RadioReport.Common.Module.Logic", "..\RadioReport.Common\Module\RadioReport.Common.Module.Logic\RadioReport.Common.Module.Logic.csproj", "{DC2F667A-1EFD-4C0B-A1D0-0FD42FF68C34}"
EndProject
Project("{9A19103F-16F7-4668-BE54-9A1E7A4F7556}") = "RadioReport.Common.Module.NewTechnology", "..\RadioReport.Common\Module\RadioReport.Common.Module.NewTechnology\RadioReport.Common.Module.NewTechnology.csproj", "{D1F8AFA9-6045-40EB-85B0-8979173EC020}"
EndProject
Project("{9A19103F-16F7-4668-BE54-9A1E7A4F7556}") = "RadioReport.Common.Module.Repository", "..\RadioReport.Common\Module\RadioReport.Common.Module.Repository\RadioReport.Common.Module.Repository.csproj", "{84D934BA-8DB5-4890-A3D1-4017C94AB6A7}"
EndProject
Project("{9A19103F-16F7-4668-BE54-9A1E7A4F7556}") = "RadioReport.Common.Module.Technology", "..\RadioReport.Common\Module\RadioReport.Common.Module.Technology\RadioReport.Common.Module.Technology.csproj", "{5BA21EA6-83B7-451E-995D-C31CA3EA2C9D}"
EndProject
Global
	GlobalSection(SolutionConfigurationPlatforms) = preSolution
		Debug|Any CPU = Debug|Any CPU
		Release|Any CPU = Release|Any CPU
	EndGlobalSection
	GlobalSection(ProjectConfigurationPlatforms) = postSolution
		{DE2F65E9-4A76-4F68-9EB1-39D12173FFE6}.Debug|Any CPU.ActiveCfg = Debug|Any CPU
		{DE2F65E9-4A76-4F68-9EB1-39D12173FFE6}.Debug|Any CPU.Build.0 = Debug|Any CPU
		{DE2F65E9-4A76-4F68-9EB1-39D12173FFE6}.Release|Any CPU.ActiveCfg = Release|Any CPU
		{DE2F65E9-4A76-4F68-9EB1-39D12173FFE6}.Release|Any CPU.Build.0 = Release|Any CPU
		{06D30ADA-B0DA-4EF5-96E0-CC712EE9D9B4}.Debug|Any CPU.ActiveCfg = Debug|Any CPU
		{06D30ADA-B0DA-4EF5-96E0-CC712EE9D9B4}.Debug|Any CPU.Build.0 = Debug|Any CPU
		{06D30ADA-B0DA-4EF5-96E0-CC712EE9D9B4}.Release|Any CPU.ActiveCfg = Release|Any CPU
		{06D30ADA-B0DA-4EF5-96E0-CC712EE9D9B4}.Release|Any CPU.Build.0 = Release|Any CPU
		{F15E9E5C-180E-4CFF-82B6-5964F665C8E3}.Debug|Any CPU.ActiveCfg = Debug|Any CPU
		{F15E9E5C-180E-4CFF-82B6-5964F665C8E3}.Debug|Any CPU.Build.0 = Debug|Any CPU
		{F15E9E5C-180E-4CFF-82B6-5964F665C8E3}.Release|Any CPU.ActiveCfg = Release|Any CPU
		{F15E9E5C-180E-4CFF-82B6-5964F665C8E3}.Release|Any CPU.Build.0 = Release|Any CPU
		{6DF1DAF1-E01D-4320-9619-E85800F35BD6}.Debug|Any CPU.ActiveCfg = Debug|Any CPU
		{6DF1DAF1-E01D-4320-9619-E85800F35BD6}.Debug|Any CPU.Build.0 = Debug|Any CPU
		{6DF1DAF1-E01D-4320-9619-E85800F35BD6}.Release|Any CPU.ActiveCfg = Release|Any CPU
		{6DF1DAF1-E01D-4320-9619-E85800F35BD6}.Release|Any CPU.Build.0 = Release|Any CPU
		{A04D91B1-530E-4C1E-BAF8-0D4155927A78}.Debug|Any CPU.ActiveCfg = Debug|Any CPU
		{A04D91B1-530E-4C1E-BAF8-0D4155927A78}.Debug|Any CPU.Build.0 = Debug|Any CPU
		{A04D91B1-530E-4C1E-BAF8-0D4155927A78}.Release|Any CPU.ActiveCfg = Release|Any CPU
		{A04D91B1-530E-4C1E-BAF8-0D4155927A78}.Release|Any CPU.Build.0 = Release|Any CPU
		{CEBE7463-E88B-4B56-BDCB-8C29C7DC7672}.Debug|Any CPU.ActiveCfg = Debug|Any CPU
		{CEBE7463-E88B-4B56-BDCB-8C29C7DC7672}.Debug|Any CPU.Build.0 = Debug|Any CPU
		{CEBE7463-E88B-4B56-BDCB-8C29C7DC7672}.Release|Any CPU.ActiveCfg = Release|Any CPU
		{CEBE7463-E88B-4B56-BDCB-8C29C7DC7672}.Release|Any CPU.Build.0 = Release|Any CPU
		{6040EEEE-B753-4C69-8568-73E09FD73E1D}.Debug|Any CPU.ActiveCfg = Debug|Any CPU
		{6040EEEE-B753-4C69-8568-73E09FD73E1D}.Debug|Any CPU.Build.0 = Debug|Any CPU
		{6040EEEE-B753-4C69-8568-73E09FD73E1D}.Release|Any CPU.ActiveCfg = Release|Any CPU
		{6040EEEE-B753-4C69-8568-73E09FD73E1D}.Release|Any CPU.Build.0 = Release|Any CPU
		{DC2F667A-1EFD-4C0B-A1D0-0FD42FF68C34}.Debug|Any CPU.ActiveCfg = Debug|Any CPU
		{DC2F667A-1EFD-4C0B-A1D0-0FD42FF68C34}.Debug|Any CPU.Build.0 = Debug|Any CPU
		{DC2F667A-1EFD-4C0B-A1D0-0FD42FF68C34}.Release|Any CPU.ActiveCfg = Release|Any CPU
		{DC2F667A-1EFD-4C0B-A1D0-0FD42FF68C34}.Release|Any CPU.Build.0 = Release|Any CPU
		{D1F8AFA9-6045-40EB-85B0-8979173EC020}.Debug|Any CPU.ActiveCfg = Debug|Any CPU
		{D1F8AFA9-6045-40EB-85B0-8979173EC020}.Debug|Any CPU.Build.0 = Debug|Any CPU
		{D1F8AFA9-6045-40EB-85B0-8979173EC020}.Release|Any CPU.ActiveCfg = Release|Any CPU
		{D1F8AFA9-6045-40EB-85B0-8979173EC020}.Release|Any CPU.Build.0 = Release|Any CPU
		{84D934BA-8DB5-4890-A3D1-4017C94AB6A7}.Debug|Any CPU.ActiveCfg = Debug|Any CPU
		{84D934BA-8DB5-4890-A3D1-4017C94AB6A7}.Debug|Any CPU.Build.0 = Debug|Any CPU
		{84D934BA-8DB5-4890-A3D1-4017C94AB6A7}.Release|Any CPU.ActiveCfg = Release|Any CPU
		{84D934BA-8DB5-4890-A3D1-4017C94AB6A7}.Release|Any CPU.Build.0 = Release|Any CPU
		{5BA21EA6-83B7-451E-995D-C31CA3EA2C9D}.Debug|Any CPU.ActiveCfg = Debug|Any CPU
		{5BA21EA6-83B7-451E-995D-C31CA3EA2C9D}.Debug|Any CPU.Build.0 = Debug|Any CPU
		{5BA21EA6-83B7-451E-995D-C31CA3EA2C9D}.Release|Any CPU.ActiveCfg = Release|Any CPU
		{5BA21EA6-83B7-451E-995D-C31CA3EA2C9D}.Release|Any CPU.Build.0 = Release|Any CPU
	EndGlobalSection
	GlobalSection(SolutionProperties) = preSolution
		HideSolutionNode = FALSE
	EndGlobalSection
	GlobalSection(NestedProjects) = preSolution
		{DE2F65E9-4A76-4F68-9EB1-39D12173FFE6} = {0EE4DD40-2C21-4BE9-A1FB-B82A77C966D0}
		{06D30ADA-B0DA-4EF5-96E0-CC712EE9D9B4} = {0EE4DD40-2C21-4BE9-A1FB-B82A77C966D0}
		{F15E9E5C-180E-4CFF-82B6-5964F665C8E3} = {0EE4DD40-2C21-4BE9-A1FB-B82A77C966D0}
		{E5C4E0D8-627B-4699-9CC9-F28B74CBBB67} = {0EE4DD40-2C21-4BE9-A1FB-B82A77C966D0}
		{6040EEEE-B753-4C69-8568-73E09FD73E1D} = {E5C4E0D8-627B-4699-9CC9-F28B74CBBB67}
		{DC2F667A-1EFD-4C0B-A1D0-0FD42FF68C34} = {E5C4E0D8-627B-4699-9CC9-F28B74CBBB67}
		{D1F8AFA9-6045-40EB-85B0-8979173EC020} = {E5C4E0D8-627B-4699-9CC9-F28B74CBBB67}
		{84D934BA-8DB5-4890-A3D1-4017C94AB6A7} = {E5C4E0D8-627B-4699-9CC9-F28B74CBBB67}
		{5BA21EA6-83B7-451E-995D-C31CA3EA2C9D} = {E5C4E0D8-627B-4699-9CC9-F28B74CBBB67}
	EndGlobalSection
	GlobalSection(ExtensibilityGlobals) = postSolution
		SolutionGuid = {412A7A5B-05BD-40FB-AD80-A05F5C87DBC2}
	EndGlobalSection
EndGlobal
