
Microsoft Visual Studio Solution File, Format Version 12.00
# Visual Studio Version 16
VisualStudioVersion = 16.0.28902.138
MinimumVisualStudioVersion = 10.0.40219.1
Project("{2150E333-8FDC-42A3-9474-1A3956D46DE8}") = "Common", "Common", "{0EE4DD40-2C21-4BE9-A1FB-B82A77C966D0}"
EndProject
Project("{9A19103F-16F7-4668-BE54-9A1E7A4F7556}") = "RadioReport.Common", "..\RadioReport.Common\RadioReport.Common\RadioReport.Common.csproj", "{DE2F65E9-4A76-4F68-9EB1-39D12173FFE6}"
EndProject
Project("{9A19103F-16F7-4668-BE54-9A1E7A4F7556}") = "RadioReport.Common.API", "..\RadioReport.Common\RadioReport.Common.API\RadioReport.Common.API.csproj", "{06D30ADA-B0DA-4EF5-96E0-CC712EE9D9B4}"
EndProject
Project("{9A19103F-16F7-4668-BE54-9A1E7A4F7556}") = "RadioReport.Common.Repository", "..\RadioReport.Common\RadioReport.Common.Repository\RadioReport.Common.Repository.csproj", "{F15E9E5C-180E-4CFF-82B6-5964F665C8E3}"
EndProject
Project("{9A19103F-16F7-4668-BE54-9A1E7A4F7556}") = "RadioReport.KneeMRT.API", "RadioReport.KneeMRT.API\RadioReport.KneeMRT.API.csproj", "{456024C0-25CB-4FBA-A822-C5981DCB3307}"
EndProject
Project("{9A19103F-16F7-4668-BE54-9A1E7A4F7556}") = "RadioReport.KneeMRT.Repo", "RadioReport.KneeMRT.Repo\RadioReport.KneeMRT.Repo.csproj", "{28EB8C8B-C8BE-4784-8C61-863C2D97764C}"
EndProject
Project("{9A19103F-16F7-4668-BE54-9A1E7A4F7556}") = "RadioReport.KneeMRT.Domain", "RadioReport.KneeMRT.Domain\RadioReport.KneeMRT.Domain.csproj", "{D8D7F8B9-BD56-4182-8F70-E4518ECD8140}"
EndProject
Project("{2150E333-8FDC-42A3-9474-1A3956D46DE8}") = "Module", "Module", "{D481B97D-F0D0-4BB7-8829-DD69F1F3DEC0}"
EndProject
Project("{9A19103F-16F7-4668-BE54-9A1E7A4F7556}") = "RadioReport.Common.Module.API", "..\RadioReport.Common\Module\RadioReport.Common.Module.API\RadioReport.Common.Module.API.csproj", "{87C531B8-3753-4616-8F0E-DE15E827BF18}"
EndProject
Project("{9A19103F-16F7-4668-BE54-9A1E7A4F7556}") = "RadioReport.Common.Module.Logic", "..\RadioReport.Common\Module\RadioReport.Common.Module.Logic\RadioReport.Common.Module.Logic.csproj", "{80675DDC-7308-4FFF-B2E5-7BB1A3880A42}"
EndProject
Project("{9A19103F-16F7-4668-BE54-9A1E7A4F7556}") = "RadioReport.Common.Module.NewTechnology", "..\RadioReport.Common\Module\RadioReport.Common.Module.NewTechnology\RadioReport.Common.Module.NewTechnology.csproj", "{CF62D62E-F33D-43B3-AD9F-DB790F1E0132}"
EndProject
Project("{9A19103F-16F7-4668-BE54-9A1E7A4F7556}") = "RadioReport.Common.Module.Repository", "..\RadioReport.Common\Module\RadioReport.Common.Module.Repository\RadioReport.Common.Module.Repository.csproj", "{30147A5F-219E-4A57-A19C-DF2FE4C331B0}"
EndProject
Project("{9A19103F-16F7-4668-BE54-9A1E7A4F7556}") = "RadioReport.Common.Module.Technology", "..\RadioReport.Common\Module\RadioReport.Common.Module.Technology\RadioReport.Common.Module.Technology.csproj", "{71AC3EDC-6281-4522-ADAC-C618861A52FB}"
EndProject
Global
	GlobalSection(SolutionConfigurationPlatforms) = preSolution
		Debug|Any CPU = Debug|Any CPU
		Release|Any CPU = Release|Any CPU
	EndGlobalSection
	GlobalSection(ProjectConfigurationPlatforms) = postSolution
		{DE2F65E9-4A76-4F68-9EB1-39D12173FFE6}.Debug|Any CPU.ActiveCfg = Debug|Any CPU
		{DE2F65E9-4A76-4F68-9EB1-39D12173FFE6}.Debug|Any CPU.Build.0 = Debug|Any CPU
		{DE2F65E9-4A76-4F68-9EB1-39D12173FFE6}.Release|Any CPU.ActiveCfg = Release|Any CPU
		{DE2F65E9-4A76-4F68-9EB1-39D12173FFE6}.Release|Any CPU.Build.0 = Release|Any CPU
		{06D30ADA-B0DA-4EF5-96E0-CC712EE9D9B4}.Debug|Any CPU.ActiveCfg = Debug|Any CPU
		{06D30ADA-B0DA-4EF5-96E0-CC712EE9D9B4}.Debug|Any CPU.Build.0 = Debug|Any CPU
		{06D30ADA-B0DA-4EF5-96E0-CC712EE9D9B4}.Release|Any CPU.ActiveCfg = Release|Any CPU
		{06D30ADA-B0DA-4EF5-96E0-CC712EE9D9B4}.Release|Any CPU.Build.0 = Release|Any CPU
		{F15E9E5C-180E-4CFF-82B6-5964F665C8E3}.Debug|Any CPU.ActiveCfg = Debug|Any CPU
		{F15E9E5C-180E-4CFF-82B6-5964F665C8E3}.Debug|Any CPU.Build.0 = Debug|Any CPU
		{F15E9E5C-180E-4CFF-82B6-5964F665C8E3}.Release|Any CPU.ActiveCfg = Release|Any CPU
		{F15E9E5C-180E-4CFF-82B6-5964F665C8E3}.Release|Any CPU.Build.0 = Release|Any CPU
		{456024C0-25CB-4FBA-A822-C5981DCB3307}.Debug|Any CPU.ActiveCfg = Debug|Any CPU
		{456024C0-25CB-4FBA-A822-C5981DCB3307}.Debug|Any CPU.Build.0 = Debug|Any CPU
		{456024C0-25CB-4FBA-A822-C5981DCB3307}.Release|Any CPU.ActiveCfg = Release|Any CPU
		{456024C0-25CB-4FBA-A822-C5981DCB3307}.Release|Any CPU.Build.0 = Release|Any CPU
		{28EB8C8B-C8BE-4784-8C61-863C2D97764C}.Debug|Any CPU.ActiveCfg = Debug|Any CPU
		{28EB8C8B-C8BE-4784-8C61-863C2D97764C}.Debug|Any CPU.Build.0 = Debug|Any CPU
		{28EB8C8B-C8BE-4784-8C61-863C2D97764C}.Release|Any CPU.ActiveCfg = Release|Any CPU
		{28EB8C8B-C8BE-4784-8C61-863C2D97764C}.Release|Any CPU.Build.0 = Release|Any CPU
		{D8D7F8B9-BD56-4182-8F70-E4518ECD8140}.Debug|Any CPU.ActiveCfg = Debug|Any CPU
		{D8D7F8B9-BD56-4182-8F70-E4518ECD8140}.Debug|Any CPU.Build.0 = Debug|Any CPU
		{D8D7F8B9-BD56-4182-8F70-E4518ECD8140}.Release|Any CPU.ActiveCfg = Release|Any CPU
		{D8D7F8B9-BD56-4182-8F70-E4518ECD8140}.Release|Any CPU.Build.0 = Release|Any CPU
		{87C531B8-3753-4616-8F0E-DE15E827BF18}.Debug|Any CPU.ActiveCfg = Debug|Any CPU
		{87C531B8-3753-4616-8F0E-DE15E827BF18}.Debug|Any CPU.Build.0 = Debug|Any CPU
		{87C531B8-3753-4616-8F0E-DE15E827BF18}.Release|Any CPU.ActiveCfg = Release|Any CPU
		{87C531B8-3753-4616-8F0E-DE15E827BF18}.Release|Any CPU.Build.0 = Release|Any CPU
		{80675DDC-7308-4FFF-B2E5-7BB1A3880A42}.Debug|Any CPU.ActiveCfg = Debug|Any CPU
		{80675DDC-7308-4FFF-B2E5-7BB1A3880A42}.Debug|Any CPU.Build.0 = Debug|Any CPU
		{80675DDC-7308-4FFF-B2E5-7BB1A3880A42}.Release|Any CPU.ActiveCfg = Release|Any CPU
		{80675DDC-7308-4FFF-B2E5-7BB1A3880A42}.Release|Any CPU.Build.0 = Release|Any CPU
		{CF62D62E-F33D-43B3-AD9F-DB790F1E0132}.Debug|Any CPU.ActiveCfg = Debug|Any CPU
		{CF62D62E-F33D-43B3-AD9F-DB790F1E0132}.Debug|Any CPU.Build.0 = Debug|Any CPU
		{CF62D62E-F33D-43B3-AD9F-DB790F1E0132}.Release|Any CPU.ActiveCfg = Release|Any CPU
		{CF62D62E-F33D-43B3-AD9F-DB790F1E0132}.Release|Any CPU.Build.0 = Release|Any CPU
		{30147A5F-219E-4A57-A19C-DF2FE4C331B0}.Debug|Any CPU.ActiveCfg = Debug|Any CPU
		{30147A5F-219E-4A57-A19C-DF2FE4C331B0}.Debug|Any CPU.Build.0 = Debug|Any CPU
		{30147A5F-219E-4A57-A19C-DF2FE4C331B0}.Release|Any CPU.ActiveCfg = Release|Any CPU
		{30147A5F-219E-4A57-A19C-DF2FE4C331B0}.Release|Any CPU.Build.0 = Release|Any CPU
		{71AC3EDC-6281-4522-ADAC-C618861A52FB}.Debug|Any CPU.ActiveCfg = Debug|Any CPU
		{71AC3EDC-6281-4522-ADAC-C618861A52FB}.Debug|Any CPU.Build.0 = Debug|Any CPU
		{71AC3EDC-6281-4522-ADAC-C618861A52FB}.Release|Any CPU.ActiveCfg = Release|Any CPU
		{71AC3EDC-6281-4522-ADAC-C618861A52FB}.Release|Any CPU.Build.0 = Release|Any CPU
	EndGlobalSection
	GlobalSection(SolutionProperties) = preSolution
		HideSolutionNode = FALSE
	EndGlobalSection
	GlobalSection(NestedProjects) = preSolution
		{DE2F65E9-4A76-4F68-9EB1-39D12173FFE6} = {0EE4DD40-2C21-4BE9-A1FB-B82A77C966D0}
		{06D30ADA-B0DA-4EF5-96E0-CC712EE9D9B4} = {0EE4DD40-2C21-4BE9-A1FB-B82A77C966D0}
		{F15E9E5C-180E-4CFF-82B6-5964F665C8E3} = {0EE4DD40-2C21-4BE9-A1FB-B82A77C966D0}
		{D481B97D-F0D0-4BB7-8829-DD69F1F3DEC0} = {0EE4DD40-2C21-4BE9-A1FB-B82A77C966D0}
		{87C531B8-3753-4616-8F0E-DE15E827BF18} = {D481B97D-F0D0-4BB7-8829-DD69F1F3DEC0}
		{80675DDC-7308-4FFF-B2E5-7BB1A3880A42} = {D481B97D-F0D0-4BB7-8829-DD69F1F3DEC0}
		{CF62D62E-F33D-43B3-AD9F-DB790F1E0132} = {D481B97D-F0D0-4BB7-8829-DD69F1F3DEC0}
		{30147A5F-219E-4A57-A19C-DF2FE4C331B0} = {D481B97D-F0D0-4BB7-8829-DD69F1F3DEC0}
		{71AC3EDC-6281-4522-ADAC-C618861A52FB} = {D481B97D-F0D0-4BB7-8829-DD69F1F3DEC0}
	EndGlobalSection
	GlobalSection(ExtensibilityGlobals) = postSolution
		SolutionGuid = {412A7A5B-05BD-40FB-AD80-A05F5C87DBC2}
	EndGlobalSection
EndGlobal
