
Microsoft Visual Studio Solution File, Format Version 12.00
# Visual Studio Version 16
VisualStudioVersion = 16.0.29905.134
MinimumVisualStudioVersion = 10.0.40219.1
Project("{9A19103F-16F7-4668-BE54-9A1E7A4F7556}") = "RadioReport.PelvisMRT.API", "RadioReport.PelvisMRT.API\RadioReport.PelvisMRT.API.csproj", "{BDE4F621-BC77-4C0D-BE3A-0FD85CB3A438}"
EndProject
Project("{9A19103F-16F7-4668-BE54-9A1E7A4F7556}") = "RadioReport.PelvisMRT.Domain", "RadioReport.PelvisMRT.Domain\RadioReport.PelvisMRT.Domain.csproj", "{38340066-10C1-46C3-966A-517E3F0378FB}"
EndProject
Project("{9A19103F-16F7-4668-BE54-9A1E7A4F7556}") = "RadioReport.PelvisMRT.Repo", "RadioReport.PelvisMRT.Repo\RadioReport.PelvisMRT.Repo.csproj", "{7F12D835-B642-4A35-962F-10036E8626CC}"
EndProject
Project("{2150E333-8FDC-42A3-9474-1A3956D46DE8}") = "Common", "Common", "{23C8FB6E-B8BB-4677-8948-07ECCE756A3E}"
EndProject
Project("{9A19103F-16F7-4668-BE54-9A1E7A4F7556}") = "RadioReport.Common.Repository", "..\RadioReport.Common\RadioReport.Common.Repository\RadioReport.Common.Repository.csproj", "{5C407A65-B094-4493-B7AC-4C2044569206}"
EndProject
Project("{9A19103F-16F7-4668-BE54-9A1E7A4F7556}") = "RadioReport.Common", "..\RadioReport.Common\RadioReport.Common\RadioReport.Common.csproj", "{D8CF28E6-41EA-4F36-9212-EC567DB69609}"
EndProject
Project("{9A19103F-16F7-4668-BE54-9A1E7A4F7556}") = "RadioReport.Common.API", "..\RadioReport.Common\RadioReport.Common.API\RadioReport.Common.API.csproj", "{83930E66-6B41-4F4A-B620-C4C4F373D25F}"
EndProject
Project("{2150E333-8FDC-42A3-9474-1A3956D46DE8}") = "Module", "Module", "{8F555183-26B3-4784-B05A-2528537DCA7F}"
EndProject
Project("{9A19103F-16F7-4668-BE54-9A1E7A4F7556}") = "RadioReport.Common.Module.API", "..\RadioReport.Common\Module\RadioReport.Common.Module.API\RadioReport.Common.Module.API.csproj", "{B1334894-5DC7-4CC1-80B5-A386009C2825}"
EndProject
Project("{9A19103F-16F7-4668-BE54-9A1E7A4F7556}") = "RadioReport.Common.Module.Logic", "..\RadioReport.Common\Module\RadioReport.Common.Module.Logic\RadioReport.Common.Module.Logic.csproj", "{D33A774B-F0D9-47E6-9980-7FC46246C633}"
EndProject
Project("{9A19103F-16F7-4668-BE54-9A1E7A4F7556}") = "RadioReport.Common.Module.NewTechnology", "..\RadioReport.Common\Module\RadioReport.Common.Module.NewTechnology\RadioReport.Common.Module.NewTechnology.csproj", "{734BFAC4-67C0-47DB-9C92-45F3DA2EBCA0}"
EndProject
Project("{9A19103F-16F7-4668-BE54-9A1E7A4F7556}") = "RadioReport.Common.Module.Repository", "..\RadioReport.Common\Module\RadioReport.Common.Module.Repository\RadioReport.Common.Module.Repository.csproj", "{25A5D6F2-946E-4507-B216-2D7FC9E576E3}"
EndProject
Project("{9A19103F-16F7-4668-BE54-9A1E7A4F7556}") = "RadioReport.Common.Module.Technology", "..\RadioReport.Common\Module\RadioReport.Common.Module.Technology\RadioReport.Common.Module.Technology.csproj", "{C9F960C1-2619-4577-90B5-AD11FADB23D8}"
EndProject
Global
	GlobalSection(SolutionConfigurationPlatforms) = preSolution
		Debug|Any CPU = Debug|Any CPU
		Release|Any CPU = Release|Any CPU
	EndGlobalSection
	GlobalSection(ProjectConfigurationPlatforms) = postSolution
		{BDE4F621-BC77-4C0D-BE3A-0FD85CB3A438}.Debug|Any CPU.ActiveCfg = Debug|Any CPU
		{BDE4F621-BC77-4C0D-BE3A-0FD85CB3A438}.Debug|Any CPU.Build.0 = Debug|Any CPU
		{BDE4F621-BC77-4C0D-BE3A-0FD85CB3A438}.Release|Any CPU.ActiveCfg = Release|Any CPU
		{BDE4F621-BC77-4C0D-BE3A-0FD85CB3A438}.Release|Any CPU.Build.0 = Release|Any CPU
		{38340066-10C1-46C3-966A-517E3F0378FB}.Debug|Any CPU.ActiveCfg = Debug|Any CPU
		{38340066-10C1-46C3-966A-517E3F0378FB}.Debug|Any CPU.Build.0 = Debug|Any CPU
		{38340066-10C1-46C3-966A-517E3F0378FB}.Release|Any CPU.ActiveCfg = Release|Any CPU
		{38340066-10C1-46C3-966A-517E3F0378FB}.Release|Any CPU.Build.0 = Release|Any CPU
		{7F12D835-B642-4A35-962F-10036E8626CC}.Debug|Any CPU.ActiveCfg = Debug|Any CPU
		{7F12D835-B642-4A35-962F-10036E8626CC}.Debug|Any CPU.Build.0 = Debug|Any CPU
		{7F12D835-B642-4A35-962F-10036E8626CC}.Release|Any CPU.ActiveCfg = Release|Any CPU
		{7F12D835-B642-4A35-962F-10036E8626CC}.Release|Any CPU.Build.0 = Release|Any CPU
		{5C407A65-B094-4493-B7AC-4C2044569206}.Debug|Any CPU.ActiveCfg = Debug|Any CPU
		{5C407A65-B094-4493-B7AC-4C2044569206}.Debug|Any CPU.Build.0 = Debug|Any CPU
		{5C407A65-B094-4493-B7AC-4C2044569206}.Release|Any CPU.ActiveCfg = Release|Any CPU
		{5C407A65-B094-4493-B7AC-4C2044569206}.Release|Any CPU.Build.0 = Release|Any CPU
		{D8CF28E6-41EA-4F36-9212-EC567DB69609}.Debug|Any CPU.ActiveCfg = Debug|Any CPU
		{D8CF28E6-41EA-4F36-9212-EC567DB69609}.Debug|Any CPU.Build.0 = Debug|Any CPU
		{D8CF28E6-41EA-4F36-9212-EC567DB69609}.Release|Any CPU.ActiveCfg = Release|Any CPU
		{D8CF28E6-41EA-4F36-9212-EC567DB69609}.Release|Any CPU.Build.0 = Release|Any CPU
		{83930E66-6B41-4F4A-B620-C4C4F373D25F}.Debug|Any CPU.ActiveCfg = Debug|Any CPU
		{83930E66-6B41-4F4A-B620-C4C4F373D25F}.Debug|Any CPU.Build.0 = Debug|Any CPU
		{83930E66-6B41-4F4A-B620-C4C4F373D25F}.Release|Any CPU.ActiveCfg = Release|Any CPU
		{83930E66-6B41-4F4A-B620-C4C4F373D25F}.Release|Any CPU.Build.0 = Release|Any CPU
		{B1334894-5DC7-4CC1-80B5-A386009C2825}.Debug|Any CPU.ActiveCfg = Debug|Any CPU
		{B1334894-5DC7-4CC1-80B5-A386009C2825}.Debug|Any CPU.Build.0 = Debug|Any CPU
		{B1334894-5DC7-4CC1-80B5-A386009C2825}.Release|Any CPU.ActiveCfg = Release|Any CPU
		{B1334894-5DC7-4CC1-80B5-A386009C2825}.Release|Any CPU.Build.0 = Release|Any CPU
		{D33A774B-F0D9-47E6-9980-7FC46246C633}.Debug|Any CPU.ActiveCfg = Debug|Any CPU
		{D33A774B-F0D9-47E6-9980-7FC46246C633}.Debug|Any CPU.Build.0 = Debug|Any CPU
		{D33A774B-F0D9-47E6-9980-7FC46246C633}.Release|Any CPU.ActiveCfg = Release|Any CPU
		{D33A774B-F0D9-47E6-9980-7FC46246C633}.Release|Any CPU.Build.0 = Release|Any CPU
		{734BFAC4-67C0-47DB-9C92-45F3DA2EBCA0}.Debug|Any CPU.ActiveCfg = Debug|Any CPU
		{734BFAC4-67C0-47DB-9C92-45F3DA2EBCA0}.Debug|Any CPU.Build.0 = Debug|Any CPU
		{734BFAC4-67C0-47DB-9C92-45F3DA2EBCA0}.Release|Any CPU.ActiveCfg = Release|Any CPU
		{734BFAC4-67C0-47DB-9C92-45F3DA2EBCA0}.Release|Any CPU.Build.0 = Release|Any CPU
		{25A5D6F2-946E-4507-B216-2D7FC9E576E3}.Debug|Any CPU.ActiveCfg = Debug|Any CPU
		{25A5D6F2-946E-4507-B216-2D7FC9E576E3}.Debug|Any CPU.Build.0 = Debug|Any CPU
		{25A5D6F2-946E-4507-B216-2D7FC9E576E3}.Release|Any CPU.ActiveCfg = Release|Any CPU
		{25A5D6F2-946E-4507-B216-2D7FC9E576E3}.Release|Any CPU.Build.0 = Release|Any CPU
		{C9F960C1-2619-4577-90B5-AD11FADB23D8}.Debug|Any CPU.ActiveCfg = Debug|Any CPU
		{C9F960C1-2619-4577-90B5-AD11FADB23D8}.Debug|Any CPU.Build.0 = Debug|Any CPU
		{C9F960C1-2619-4577-90B5-AD11FADB23D8}.Release|Any CPU.ActiveCfg = Release|Any CPU
		{C9F960C1-2619-4577-90B5-AD11FADB23D8}.Release|Any CPU.Build.0 = Release|Any CPU
	EndGlobalSection
	GlobalSection(SolutionProperties) = preSolution
		HideSolutionNode = FALSE
	EndGlobalSection
	GlobalSection(NestedProjects) = preSolution
		{5C407A65-B094-4493-B7AC-4C2044569206} = {23C8FB6E-B8BB-4677-8948-07ECCE756A3E}
		{D8CF28E6-41EA-4F36-9212-EC567DB69609} = {23C8FB6E-B8BB-4677-8948-07ECCE756A3E}
		{83930E66-6B41-4F4A-B620-C4C4F373D25F} = {23C8FB6E-B8BB-4677-8948-07ECCE756A3E}
		{8F555183-26B3-4784-B05A-2528537DCA7F} = {23C8FB6E-B8BB-4677-8948-07ECCE756A3E}
		{B1334894-5DC7-4CC1-80B5-A386009C2825} = {8F555183-26B3-4784-B05A-2528537DCA7F}
		{D33A774B-F0D9-47E6-9980-7FC46246C633} = {8F555183-26B3-4784-B05A-2528537DCA7F}
		{734BFAC4-67C0-47DB-9C92-45F3DA2EBCA0} = {8F555183-26B3-4784-B05A-2528537DCA7F}
		{25A5D6F2-946E-4507-B216-2D7FC9E576E3} = {8F555183-26B3-4784-B05A-2528537DCA7F}
		{C9F960C1-2619-4577-90B5-AD11FADB23D8} = {8F555183-26B3-4784-B05A-2528537DCA7F}
	EndGlobalSection
	GlobalSection(ExtensibilityGlobals) = postSolution
		SolutionGuid = {F6233546-6E29-4213-B3E3-974077C43902}
	EndGlobalSection
EndGlobal
