
Microsoft Visual Studio Solution File, Format Version 12.00
# Visual Studio Version 16
VisualStudioVersion = 16.0.28902.138
MinimumVisualStudioVersion = 10.0.40219.1
Project("{9A19103F-16F7-4668-BE54-9A1E7A4F7556}") = "RadioReport.Common", "RadioReport.Common\RadioReport.Common\RadioReport.Common.csproj", "{3A979573-1004-4A7E-B232-C867AF860F7B}"
EndProject
Project("{9A19103F-16F7-4668-BE54-9A1E7A4F7556}") = "RadioReport.Common.Repository", "RadioReport.Common\RadioReport.Common.Repository\RadioReport.Common.Repository.csproj", "{B43773B3-DB6D-4BB2-A8FD-D27D3092766D}"
EndProject
Project("{2150E333-8FDC-42A3-9474-1A3956D46DE8}") = "Common", "Common", "{9B8F43DB-F7AD-465F-883B-55580F38E1E1}"
EndProject
Project("{2150E333-8FDC-42A3-9474-1A3956D46DE8}") = "MammaMRT", "MammaMRT", "{1C0B23F5-8E23-4CB8-B2F9-260E7CDEFA47}"
EndProject
Project("{9A19103F-16F7-4668-BE54-9A1E7A4F7556}") = "RadioReport.MammaMRT.API", "RadioReport.MammaMRT\RadioReport.MammaMRT.API\RadioReport.MammaMRT.API.csproj", "{28FDEBBA-3B11-408F-AF83-C42671C04488}"
EndProject
Project("{9A19103F-16F7-4668-BE54-9A1E7A4F7556}") = "RadioReport.MammaMRT.Repo", "RadioReport.MammaMRT\RadioReport.MammaMRT.Repo\RadioReport.MammaMRT.Repo.csproj", "{94BAE994-DDB9-4AD6-BC68-3E48EFD165C3}"
EndProject
Project("{9A19103F-16F7-4668-BE54-9A1E7A4F7556}") = "RadioReport.MammaMRT.Domain", "RadioReport.MammaMRT\RadioReport.MammaMRT.Domain\RadioReport.MammaMRT.Domain.csproj", "{6546D05F-10C6-4590-8E43-3B927289BD56}"
EndProject
Project("{9A19103F-16F7-4668-BE54-9A1E7A4F7556}") = "RadioReport.Common.API", "RadioReport.Common\RadioReport.Common.API\RadioReport.Common.API.csproj", "{643E1C5E-6FE1-427D-9BDF-775415726196}"
EndProject
Project("{2150E333-8FDC-42A3-9474-1A3956D46DE8}") = "Core", "Core", "{D7F15357-46DB-4AF6-BAB6-B449F5E17969}"
EndProject
Project("{2150E333-8FDC-42A3-9474-1A3956D46DE8}") = "Users", "Users", "{554DA2A2-F6DC-43E5-9D01-2AACDAF148DB}"
EndProject
Project("{9A19103F-16F7-4668-BE54-9A1E7A4F7556}") = "RadioReport.Core.Users.Domain", "RadioReport.Core\Users\RadioReport.Core.Users.Domain\RadioReport.Core.Users.Domain.csproj", "{E6DF0F7D-4067-4AA7-9BC6-3191E15F2A8E}"
EndProject
Project("{9A19103F-16F7-4668-BE54-9A1E7A4F7556}") = "RadioReport.Core.Users.Repo", "RadioReport.Core\Users\RadioReport.Core.Users.Repo\RadioReport.Core.Users.Repo.csproj", "{734D6C66-7CC8-4B0C-80D2-57106187AB02}"
EndProject
Project("{9A19103F-16F7-4668-BE54-9A1E7A4F7556}") = "RadioReport.Core.Users.API", "RadioReport.Core\Users\RadioReport.Core.Users.API\RadioReport.Core.Users.API.csproj", "{13D101F3-15AE-4DFC-BD55-7C4668EC1853}"
EndProject
Project("{2150E333-8FDC-42A3-9474-1A3956D46DE8}") = "ShoulderMRT", "ShoulderMRT", "{A4670680-FF1A-4D03-AD15-28102A309347}"
EndProject
Project("{9A19103F-16F7-4668-BE54-9A1E7A4F7556}") = "RadioReport.ShoulderMRT.Domain", "RadioReport.ShoulderMRT\RadioReport.ShoulderMRT.Domain\RadioReport.ShoulderMRT.Domain.csproj", "{2AB98CD7-0FB7-4968-BB74-59FDAE21639A}"
EndProject
Project("{9A19103F-16F7-4668-BE54-9A1E7A4F7556}") = "RadioReport.ShoulderMRT.Repo", "RadioReport.ShoulderMRT\RadioReport.ShoulderMRT.Repo\RadioReport.ShoulderMRT.Repo.csproj", "{FB15CA99-7896-4BEA-9828-D41086FC10CE}"
EndProject
Project("{9A19103F-16F7-4668-BE54-9A1E7A4F7556}") = "RadioReport.ShoulderMRT.API", "RadioReport.ShoulderMRT\RadioReport.ShoulderMRT.API\RadioReport.ShoulderMRT.API.csproj", "{20196FFA-F81F-4FA4-BD85-64930400F0F3}"
EndProject
Project("{2150E333-8FDC-42A3-9474-1A3956D46DE8}") = "ReportList", "ReportList", "{E85B4F39-2F25-480A-9ED6-C5CE671FC272}"
EndProject
Project("{9A19103F-16F7-4668-BE54-9A1E7A4F7556}") = "RadioReport.Core.ReportList.API", "RadioReport.Core\ReportList\RadioReport.Core.ReportList.API\RadioReport.Core.ReportList.API.csproj", "{0792CE40-5CBB-4B6D-B701-F6B56C94F934}"
EndProject
Project("{9A19103F-16F7-4668-BE54-9A1E7A4F7556}") = "RadioReport.Core.ReportList.Domain", "RadioReport.Core\ReportList\RadioReport.Core.ReportList.Domain\RadioReport.Core.ReportList.Domain.csproj", "{55674643-D843-4F54-82ED-CC95594D41C3}"
EndProject
Project("{2150E333-8FDC-42A3-9474-1A3956D46DE8}") = "SpineMRT", "SpineMRT", "{AC5FF439-5855-4096-BE79-81807575ECE5}"
EndProject
Project("{2150E333-8FDC-42A3-9474-1A3956D46DE8}") = "KneeMRT", "KneeMRT", "{AAF19FE6-FCCA-43EE-AE78-D7611821C77C}"
EndProject
Project("{9A19103F-16F7-4668-BE54-9A1E7A4F7556}") = "RadioReport.KneeMRT.Repo", "RadioReport.KneeMRT\RadioReport.KneeMRT.Repo\RadioReport.KneeMRT.Repo.csproj", "{B71FFC76-A31C-4349-99A7-DD038230B461}"
EndProject
Project("{9A19103F-16F7-4668-BE54-9A1E7A4F7556}") = "RadioReport.KneeMRT.Domain", "RadioReport.KneeMRT\RadioReport.KneeMRT.Domain\RadioReport.KneeMRT.Domain.csproj", "{17EE025D-D4C2-44B1-A790-668F3E212143}"
EndProject
Project("{9A19103F-16F7-4668-BE54-9A1E7A4F7556}") = "RadioReport.SpineMRT.Domain", "RadioReport.SpineMRT\RadioReport.SpineMRT.Domain\RadioReport.SpineMRT.Domain.csproj", "{BF18E0F8-8451-49F7-85F0-0D3635EC2400}"
EndProject
Project("{9A19103F-16F7-4668-BE54-9A1E7A4F7556}") = "RadioReport.SpineMRT.Repo", "RadioReport.SpineMRT\RadioReport.SpineMRT.Repo\RadioReport.SpineMRT.Repo.csproj", "{DCBC869C-6334-4849-8B1A-2BA4B770BAE7}"
EndProject
Project("{9A19103F-16F7-4668-BE54-9A1E7A4F7556}") = "RadioReport.KneeMRT.API", "RadioReport.KneeMRT\RadioReport.KneeMRT.API\RadioReport.KneeMRT.API.csproj", "{0B9492B9-F573-4B56-8908-B1F56A0F23B8}"
EndProject
Project("{9A19103F-16F7-4668-BE54-9A1E7A4F7556}") = "RadioReport.SpineMRT.API", "RadioReport.SpineMRT\RadioReport.SpineMRT.API\RadioReport.SpineMRT.API.csproj", "{498C8F6C-518B-4C27-A47F-F8F73C9E6C7B}"
EndProject
Project("{2150E333-8FDC-42A3-9474-1A3956D46DE8}") = "CardioMRT", "CardioMRT", "{29FDC0F9-C6FF-4D1D-84F6-B83925AD5AAF}"
EndProject
Project("{9A19103F-16F7-4668-BE54-9A1E7A4F7556}") = "RadioReport.CardioMRT.API", "RadioReport.CardioMRT\RadioReport.CardioMRT.API\RadioReport.CardioMRT.API.csproj", "{9CB74FC4-3424-45BB-B849-CFCEBF6D42CA}"
EndProject
Project("{9A19103F-16F7-4668-BE54-9A1E7A4F7556}") = "RadioReport.CardioMRT.Domain", "RadioReport.CardioMRT\RadioReport.CardioMRT.Domain\RadioReport.CardioMRT.Domain.csproj", "{45C90ACB-A98F-4257-B229-2C161A3878DD}"
EndProject
Project("{9A19103F-16F7-4668-BE54-9A1E7A4F7556}") = "RadioReport.CardioMRT.Repo", "RadioReport.CardioMRT\RadioReport.CardioMRT.Repo\RadioReport.CardioMRT.Repo.csproj", "{FDCF518A-327C-447F-91BB-20680A2192A9}"
EndProject
Project("{2150E333-8FDC-42A3-9474-1A3956D46DE8}") = "ThoraxCT", "ThoraxCT", "{0103C653-C0DD-47C2-86DF-5C894AC7979D}"
EndProject
Project("{9A19103F-16F7-4668-BE54-9A1E7A4F7556}") = "RadioReport.ThoraxCT.API", "RadioReport.ThoraxCT\RadioReport.ThoraxCT.API\RadioReport.ThoraxCT.API.csproj", "{7F804FF8-264F-4867-9C4F-043D6FB7F0A6}"
EndProject
Project("{9A19103F-16F7-4668-BE54-9A1E7A4F7556}") = "RadioReport.ThoraxCT.Domain", "RadioReport.ThoraxCT\RadioReport.ThoraxCT.Domain\RadioReport.ThoraxCT.Domain.csproj", "{776BC23E-BCB2-4F56-A178-373C3C613EC5}"
EndProject
Project("{9A19103F-16F7-4668-BE54-9A1E7A4F7556}") = "RadioReport.ThoraxCT.Repo", "RadioReport.ThoraxCT\RadioReport.ThoraxCT.Repo\RadioReport.ThoraxCT.Repo.csproj", "{B5ABF3E2-B3A2-4775-A41F-82D3BD494FCA}"
EndProject
Project("{2150E333-8FDC-42A3-9474-1A3956D46DE8}") = "HipMRT", "HipMRT", "{98442AAD-D0B4-4602-84BC-CF977E78DFDE}"
EndProject
Project("{9A19103F-16F7-4668-BE54-9A1E7A4F7556}") = "RadioReport.HipMRT.Domain", "RadioReport.HipMRT\RadioReport.HipMRT.Domain\RadioReport.HipMRT.Domain.csproj", "{07C5088C-6C99-4AC3-AC0C-B2F9811C4D83}"
EndProject
Project("{9A19103F-16F7-4668-BE54-9A1E7A4F7556}") = "RadioReport.HipMRT.Repo", "RadioReport.HipMRT\RadioReport.HipMRT.Repo\RadioReport.HipMRT.Repo.csproj", "{754B4FA6-4D63-43B6-B266-746BDF7BA8FD}"
EndProject
Project("{9A19103F-16F7-4668-BE54-9A1E7A4F7556}") = "RadioReport.HipMRT.API", "RadioReport.HipMRT\RadioReport.HipMRT.API\RadioReport.HipMRT.API.csproj", "{2C4F547C-AB70-4BAB-8EAD-2BBA683F0C50}"
EndProject
Project("{2150E333-8FDC-42A3-9474-1A3956D46DE8}") = "SpineCT", "SpineCT", "{8A2B68ED-566F-463C-99DB-8D5B4442703B}"
EndProject
Project("{9A19103F-16F7-4668-BE54-9A1E7A4F7556}") = "RadioReport.SpineCT.Domain", "RadioReport.SpineCT\RadioReport.SpineCT.Domain\RadioReport.SpineCT.Domain.csproj", "{BB378CF7-2CBF-458C-A56F-A782A48D7AB7}"
EndProject
Project("{9A19103F-16F7-4668-BE54-9A1E7A4F7556}") = "RadioReport.SpineCT.Repo", "RadioReport.SpineCT\RadioReport.SpineCT.Repo\RadioReport.SpineCT.Repo.csproj", "{8447DC16-7D96-41B7-BDB6-BBB3A40349EE}"
EndProject
Project("{9A19103F-16F7-4668-BE54-9A1E7A4F7556}") = "RadioReport.SpineCT.API", "RadioReport.SpineCT\RadioReport.SpineCT.API\RadioReport.SpineCT.API.csproj", "{5855EA5D-B02F-4191-BF38-1384E5C0E1A7}"
EndProject
Project("{2150E333-8FDC-42A3-9474-1A3956D46DE8}") = "AngiographyMRT", "AngiographyMRT", "{921857C0-2A03-4346-9A77-F2D1E6338A5A}"
EndProject
Project("{9A19103F-16F7-4668-BE54-9A1E7A4F7556}") = "RadioReport.AngiographyMRT.Domain", "RadioReport.AngiographyMRT\RadioReport.AngiographyMRT.Domain\RadioReport.AngiographyMRT.Domain.csproj", "{238CD0BA-DA92-4058-B98C-2B1D3269A333}"
EndProject
Project("{9A19103F-16F7-4668-BE54-9A1E7A4F7556}") = "RadioReport.AngiographyMRT.Repo", "RadioReport.AngiographyMRT\RadioReport.AngiographyMRT.Repo\RadioReport.AngiographyMRT.Repo.csproj", "{9AC0E8AB-C62F-44D2-9B3E-6C59A0A46782}"
EndProject
Project("{9A19103F-16F7-4668-BE54-9A1E7A4F7556}") = "RadioReport.AngiographyMRT.API", "RadioReport.AngiographyMRT\RadioReport.AngiographyMRT.API\RadioReport.AngiographyMRT.API.csproj", "{3B8BFDA5-918F-4562-85F5-142EE3A10BB6}"
EndProject
Project("{2150E333-8FDC-42A3-9474-1A3956D46DE8}") = "HandMRT", "HandMRT", "{8236AA00-DEB0-492A-9C61-20BB8A9821B6}"
EndProject
Project("{9A19103F-16F7-4668-BE54-9A1E7A4F7556}") = "RadioReport.HandMRT.Domain", "RadioReport.HandMRT\RadioReport.HandMRT.Domain\RadioReport.HandMRT.Domain.csproj", "{69483011-2B19-4A8E-9861-1AE185C1EE63}"
EndProject
Project("{9A19103F-16F7-4668-BE54-9A1E7A4F7556}") = "RadioReport.HandMRT.Repo", "RadioReport.HandMRT\RadioReport.HandMRT.Repo\RadioReport.HandMRT.Repo.csproj", "{C08F44F2-A2D2-48F0-8C0C-43ACA8FF1111}"
EndProject
Project("{9A19103F-16F7-4668-BE54-9A1E7A4F7556}") = "RadioReport.HandMRT.API", "RadioReport.HandMRT\RadioReport.HandMRT.API\RadioReport.HandMRT.API.csproj", "{9B5DDE25-C27D-4AE5-9ADD-02D879397F7D}"
EndProject
Project("{2150E333-8FDC-42A3-9474-1A3956D46DE8}") = "ElbowMRT", "ElbowMRT", "{0B59DED6-389C-4537-B701-456A9F9507C2}"
EndProject
Project("{9A19103F-16F7-4668-BE54-9A1E7A4F7556}") = "RadioReport.ElbowMRT.Domain", "RadioReport.ElbowMRT\RadioReport.ElbowMRT.Domain\RadioReport.ElbowMRT.Domain.csproj", "{3DB1E914-769B-420D-920E-2B224B026CCE}"
EndProject
Project("{9A19103F-16F7-4668-BE54-9A1E7A4F7556}") = "RadioReport.ElbowMRT.Repo", "RadioReport.ElbowMRT\RadioReport.ElbowMRT.Repo\RadioReport.ElbowMRT.Repo.csproj", "{36F5A727-175B-4012-A7DD-1EA1614E8DD3}"
EndProject
Project("{9A19103F-16F7-4668-BE54-9A1E7A4F7556}") = "RadioReport.ElbowMRT.API", "RadioReport.ElbowMRT\RadioReport.ElbowMRT.API\RadioReport.ElbowMRT.API.csproj", "{2536FD50-3B90-454D-B2A4-5A1BC605EDA8}"
EndProject
Project("{9A19103F-16F7-4668-BE54-9A1E7A4F7556}") = "RadioReport.Core.ReportList.Repo", "RadioReport.Core\ReportList\RadioReport.Core.ReportList.Repo\RadioReport.Core.ReportList.Repo.csproj", "{D63E956D-39F4-46A1-ABEA-7AC4C494AB12}"
EndProject
Project("{2150E333-8FDC-42A3-9474-1A3956D46DE8}") = "PelvisMRT", "PelvisMRT", "{CF3A5E85-AF74-4363-9D62-ADE13B9BFCF1}"
EndProject
Project("{9A19103F-16F7-4668-BE54-9A1E7A4F7556}") = "RadioReport.PelvisMRT.API", "RadioReport.PelvisMRT\RadioReport.PelvisMRT.API\RadioReport.PelvisMRT.API.csproj", "{24E90C77-BBB6-42D5-8F35-2F178EB26A1E}"
EndProject
Project("{9A19103F-16F7-4668-BE54-9A1E7A4F7556}") = "RadioReport.PelvisMRT.Domain", "RadioReport.PelvisMRT\RadioReport.PelvisMRT.Domain\RadioReport.PelvisMRT.Domain.csproj", "{6FEAD540-890B-4110-90E0-87EC4132B32A}"
EndProject
Project("{9A19103F-16F7-4668-BE54-9A1E7A4F7556}") = "RadioReport.PelvisMRT.Repo", "RadioReport.PelvisMRT\RadioReport.PelvisMRT.Repo\RadioReport.PelvisMRT.Repo.csproj", "{16F6FA86-507E-4834-81DD-30C566D98A31}"
EndProject
Project("{2150E333-8FDC-42A3-9474-1A3956D46DE8}") = "FeetMRT", "FeetMRT", "{3F86F57B-B550-4CFF-96B8-E5AB066FBF1D}"
EndProject
Project("{9A19103F-16F7-4668-BE54-9A1E7A4F7556}") = "RadioReport.FeetMRT.API", "RadioReport.FeetMRT\RadioReport.FeetMRT.API\RadioReport.FeetMRT.API.csproj", "{35FC6594-BECC-48AA-BE49-E3AD2AA78F36}"
EndProject
Project("{9A19103F-16F7-4668-BE54-9A1E7A4F7556}") = "RadioReport.FeetMRT.Domain", "RadioReport.FeetMRT\RadioReport.FeetMRT.Domain\RadioReport.FeetMRT.Domain.csproj", "{1E876BFD-393C-4CF4-9158-E55F4E30070F}"
EndProject
Project("{9A19103F-16F7-4668-BE54-9A1E7A4F7556}") = "RadioReport.FeetMRT.Repo", "RadioReport.FeetMRT\RadioReport.FeetMRT.Repo\RadioReport.FeetMRT.Repo.csproj", "{BB91BDD4-DFE5-4B32-95C0-CA87BF727A5F}"
EndProject
Project("{2150E333-8FDC-42A3-9474-1A3956D46DE8}") = "Core", "Core", "{5289B3C0-79D6-4D0F-A42F-899BC31DF23B}"
EndProject
Project("{9A19103F-16F7-4668-BE54-9A1E7A4F7556}") = "RadioReport.Common.Core.API", "RadioReport.Common\Core\RadioReport.Common.Core.API\RadioReport.Common.Core.API.csproj", "{B6CE95E1-B69E-4D5B-BC6D-6232104A263C}"
EndProject
Project("{9A19103F-16F7-4668-BE54-9A1E7A4F7556}") = "RadioReport.Common.Core.Logic", "RadioReport.Common\Core\RadioReport.Common.Core.Logic\RadioReport.Common.Core.Logic.csproj", "{5D28A093-696A-4408-A494-4D25601C4911}"
EndProject
Project("{9A19103F-16F7-4668-BE54-9A1E7A4F7556}") = "RadioReport.Common.Core.Repository", "RadioReport.Common\Core\RadioReport.Common.Core.Repository\RadioReport.Common.Core.Repository.csproj", "{44D1B9E8-5798-4A90-9D1C-E430B9FEA817}"
EndProject
Project("{2150E333-8FDC-42A3-9474-1A3956D46DE8}") = "Module", "Module", "{A256825E-3B83-42A5-8037-D8EA8254E811}"
EndProject
Project("{2150E333-8FDC-42A3-9474-1A3956D46DE8}") = "Tracking", "Tracking", "{44F08F88-9598-405F-A61E-7233AB240424}"
EndProject
Project("{9A19103F-16F7-4668-BE54-9A1E7A4F7556}") = "RadioReport.Core.Tracking.API", "RadioReport.Core\Tracking\RadioReport.Core.Tracking.API\RadioReport.Core.Tracking.API.csproj", "{B37B7854-210E-4800-8060-EE1AC8DDE354}"
EndProject
Project("{9A19103F-16F7-4668-BE54-9A1E7A4F7556}") = "RadioReport.Core.Tracking.Domain", "RadioReport.Core\Tracking\RadioReport.Core.Tracking.Domain\RadioReport.Core.Tracking.Domain.csproj", "{352EFEB0-0543-4188-95B2-D389B4546B0A}"
EndProject
Project("{9A19103F-16F7-4668-BE54-9A1E7A4F7556}") = "RadioReport.Core.Tracking.Repo", "RadioReport.Core\Tracking\RadioReport.Core.Tracking.Repo\RadioReport.Core.Tracking.Repo.csproj", "{3AB37B06-35D9-4FF0-84EA-146D932C1D3E}"
EndProject
Project("{9A19103F-16F7-4668-BE54-9A1E7A4F7556}") = "RadioReport.Common.Module.API", "RadioReport.Common\Module\RadioReport.Common.Module.API\RadioReport.Common.Module.API.csproj", "{DD2BD9CF-D100-4E7D-A2EA-E55BEEAC55B7}"
EndProject
Project("{9A19103F-16F7-4668-BE54-9A1E7A4F7556}") = "RadioReport.Common.Module.Logic", "RadioReport.Common\Module\RadioReport.Common.Module.Logic\RadioReport.Common.Module.Logic.csproj", "{0756F3AD-0403-4F3F-9859-AB25CB4FDD86}"
EndProject
Project("{9A19103F-16F7-4668-BE54-9A1E7A4F7556}") = "RadioReport.Common.Module.Repository", "RadioReport.Common\Module\RadioReport.Common.Module.Repository\RadioReport.Common.Module.Repository.csproj", "{8E10DE6E-4BBE-43F4-8A86-DBFD0B29E50E}"
EndProject
Project("{9A19103F-16F7-4668-BE54-9A1E7A4F7556}") = "RadioReport.Common.Logic", "RadioReport.Common\RadioReport.Common.Logic\RadioReport.Common.Logic.csproj", "{2B69F530-DA23-4007-B071-3AE792B0426E}"
EndProject
Project("{E53339B2-1760-4266-BCC7-CA923CBCF16C}") = "docker-compose", "docker-compose.dcproj", "{B48F285F-F4C3-41C5-A731-15BF2F73356A}"
EndProject
Project("{2150E333-8FDC-42A3-9474-1A3956D46DE8}") = "Ocelot", "Ocelot", "{5076E48B-3A80-447E-B028-532CA6A302C3}"
EndProject
Project("{9A19103F-16F7-4668-BE54-9A1E7A4F7556}") = "OcelotAPIGateway", "RadioReport.Core\Ocelot\OcelotAPIGateway\OcelotAPIGateway.csproj", "{B2134BED-011B-49B5-A2F6-E55747B0058E}"
EndProject
Project("{9A19103F-16F7-4668-BE54-9A1E7A4F7556}") = "RadioReport.Core.CenterSpecificSettings.API", "RadioReport.Core\CenterSpecificSettings\RadioReport.Core.CenterSpecificSettings.API\RadioReport.Core.CenterSpecificSettings.API.csproj", "{A68ACDAC-DC32-4D80-82B2-77C30B2CDDBB}"
EndProject
Project("{9A19103F-16F7-4668-BE54-9A1E7A4F7556}") = "RadioReport.Core.CenterSpecificSettings.Domain", "RadioReport.Core\CenterSpecificSettings\RadioReport.Core.CenterSpecificSettings.Domain\RadioReport.Core.CenterSpecificSettings.Domain.csproj", "{953DBC81-9875-432F-81C9-4AEBA53BD4FD}"
EndProject
Project("{9A19103F-16F7-4668-BE54-9A1E7A4F7556}") = "RadioReport.Core.CenterSpecificSettings.Repo", "RadioReport.Core\CenterSpecificSettings\RadioReport.Core.CenterSpecificSettings.Repo\RadioReport.Core.CenterSpecificSettings.Repo.csproj", "{1EA11968-8637-4C8A-94FD-4531813E9A72}"
EndProject
Project("{2150E333-8FDC-42A3-9474-1A3956D46DE8}") = "CenterSpecificSettings", "CenterSpecificSettings", "{FB2A4BAF-8EF4-4F97-9CE7-7B96F222F00E}"
EndProject
Project("{2150E333-8FDC-42A3-9474-1A3956D46DE8}") = "InstituteManager", "InstituteManager", "{65AFB81E-0D25-4D31-9DD6-FC2CA19E5177}"
EndProject
Project("{9A19103F-16F7-4668-BE54-9A1E7A4F7556}") = "RadioReport.Core.InstituteManager.API", "RadioReport.Core\InstituteManager\RadioReport.Core.InstituteManager.API\RadioReport.Core.InstituteManager.API.csproj", "{49E9F0BC-8F8A-484B-BF12-4DDC10D15F7F}"
EndProject
Project("{9A19103F-16F7-4668-BE54-9A1E7A4F7556}") = "RadioReport.Core.InstituteManager.Domain", "RadioReport.Core\InstituteManager\RadioReport.Core.InstituteManager.Domain\RadioReport.Core.InstituteManager.Domain.csproj", "{5738D9D8-1887-4A2E-8F59-17A279AA6590}"
EndProject
Project("{9A19103F-16F7-4668-BE54-9A1E7A4F7556}") = "RadioReport.Core.InstituteManager.Repo", "RadioReport.Core\InstituteManager\RadioReport.Core.InstituteManager.Repo\RadioReport.Core.InstituteManager.Repo.csproj", "{2DCED8F5-760C-4545-A5FE-018860FF03AE}"
EndProject
Project("{2150E333-8FDC-42A3-9474-1A3956D46DE8}") = "MammaMX", "MammaMX", "{11D49EF3-6A6C-4821-BD49-74C847720C38}"
EndProject
Project("{9A19103F-16F7-4668-BE54-9A1E7A4F7556}") = "RadioReport.MammaMX.API", "RadioReport.MammaMX\RadioReport.MammaMX.API\RadioReport.MammaMX.API.csproj", "{D2959C7A-2856-4470-B858-8D8A639C57E4}"
EndProject
Project("{9A19103F-16F7-4668-BE54-9A1E7A4F7556}") = "RadioReport.MammaMX.Domain", "RadioReport.MammaMX\RadioReport.MammaMX.Domain\RadioReport.MammaMX.Domain.csproj", "{45F2A917-0CF4-47E2-B0A8-DC26F575ECC4}"
EndProject
Project("{9A19103F-16F7-4668-BE54-9A1E7A4F7556}") = "RadioReport.MammaMX.Repo", "RadioReport.MammaMX\RadioReport.MammaMX.Repo\RadioReport.MammaMX.Repo.csproj", "{36875AF3-585D-4665-B834-E15F1478FEBF}"
EndProject
Project("{2150E333-8FDC-42A3-9474-1A3956D46DE8}") = "SignalR", "SignalR", "{12008B4A-A998-42F9-B028-3A163ABD10A3}"
EndProject
Project("{9A19103F-16F7-4668-BE54-9A1E7A4F7556}") = "RadioReport.Core.SignalR.API", "RadioReport.Core\SignalR\RadioReport.Core.SignalR.API\RadioReport.Core.SignalR.API.csproj", "{FC2DA8B0-7307-4CF0-A267-6C023486A01E}"
EndProject
Project("{9A19103F-16F7-4668-BE54-9A1E7A4F7556}") = "RadioReport.Core.SignalR.Domain", "RadioReport.Core\SignalR\RadioReport.Core.SignalR.Domain\RadioReport.Core.SignalR.Domain.csproj", "{5DF284BA-47CB-4FF6-8FAD-A6C703F0B8AE}"
EndProject
Project("{2150E333-8FDC-42A3-9474-1A3956D46DE8}") = "ExportInterface", "ExportInterface", "{85B26942-4A1C-4DC5-95F8-379771448AD5}"
EndProject
Project("{9A19103F-16F7-4668-BE54-9A1E7A4F7556}") = "RadioReport.Core.ExportInterface.API", "RadioReport.Core\ExportInterface\RadioReport.Core.ExportInterface.API\RadioReport.Core.ExportInterface.API.csproj", "{31A6FEFF-A0E3-4660-A4F2-EC9661556417}"
EndProject
Project("{9A19103F-16F7-4668-BE54-9A1E7A4F7556}") = "RadioReport.Core.ExportInterface.Domain", "RadioReport.Core\ExportInterface\RadioReport.Core.ExportInterface.Domain\RadioReport.Core.ExportInterface.Domain.csproj", "{DC7A2A14-F815-4A9C-AD82-4DF165103D36}"
EndProject
Project("{2150E333-8FDC-42A3-9474-1A3956D46DE8}") = "FileExposer", "FileExposer", "{9C08CC52-CE0B-4411-AC9E-F7339B9029B8}"
EndProject
Project("{9A19103F-16F7-4668-BE54-9A1E7A4F7556}") = "RadioReport.Core.FileExposer.API", "RadioReport.Core\FileExposer\RadioReport.Core.FileExposer.API\RadioReport.Core.FileExposer.API.csproj", "{068A53E7-DC3D-4E2C-81A3-AFDB9CE28F7D}"
EndProject
Project("{9A19103F-16F7-4668-BE54-9A1E7A4F7556}") = "RadioReport.Core.FileExposer.Domain", "RadioReport.Core\FileExposer\RadioReport.Core.FileExposer.Domain\RadioReport.Core.FileExposer.Domain.csproj", "{E06B048B-9F48-469F-AEE4-E67852E0FB2A}"
EndProject
Project("{9A19103F-16F7-4668-BE54-9A1E7A4F7556}") = "RadioReport.Core.ImportInterface.API", "RadioReport.Core\ImportInterface\RadioReport.Core.ImportInterface.API\RadioReport.Core.ImportInterface.API.csproj", "{483377A3-D29E-4653-829D-F91443519308}"
EndProject
Project("{2150E333-8FDC-42A3-9474-1A3956D46DE8}") = "ImportInterface", "ImportInterface", "{347444B4-0F4A-4CA0-9B99-8FE0E7EBEB35}"
EndProject
Project("{9A19103F-16F7-4668-BE54-9A1E7A4F7556}") = "RadioReport.Core.ImportInterface.Domain", "RadioReport.Core\ImportInterface\RadioReport.Core.ImportInterface.Domain\RadioReport.Core.ImportInterface.Domain.csproj", "{9E396B51-7062-44D7-93C2-30CEB8EF8ED5}"
EndProject
Project("{9A19103F-16F7-4668-BE54-9A1E7A4F7556}") = "RadioReport.Core.ImportInterface.Repo", "RadioReport.Core\ImportInterface\RadioReport.Core.ImportInterface.Repo\RadioReport.Core.ImportInterface.Repo.csproj", "{73119D5A-02BD-42E0-80E7-901CCF67AA1C}"
EndProject
Project("{2150E333-8FDC-42A3-9474-1A3956D46DE8}") = "AbdomenMRT", "AbdomenMRT", "{FA9A56EA-3481-4F76-9918-4D8D27F7B251}"
EndProject
Project("{9A19103F-16F7-4668-BE54-9A1E7A4F7556}") = "RadioReport.AbdomenMRT.Domain", "RadioReport.AbdomenMRT\RadioReport.AbdomenMRT.Domain\RadioReport.AbdomenMRT.Domain.csproj", "{6F82C74F-9808-4A54-BE94-713B0CEB18A5}"
EndProject
Project("{9A19103F-16F7-4668-BE54-9A1E7A4F7556}") = "RadioReport.AbdomenMRT.Repo", "RadioReport.AbdomenMRT\RadioReport.AbdomenMRT.Repo\RadioReport.AbdomenMRT.Repo.csproj", "{D93DC89E-7AD8-4795-8974-AC974F6AD12F}"
EndProject
Project("{9A19103F-16F7-4668-BE54-9A1E7A4F7556}") = "RadioReport.AbdomenMRT.API", "RadioReport.AbdomenMRT\RadioReport.AbdomenMRT.API\RadioReport.AbdomenMRT.API.csproj", "{1A2EACF0-87E9-4281-9D88-4A7464CF52EF}"
EndProject
Project("{2150E333-8FDC-42A3-9474-1A3956D46DE8}") = "Scheduler", "Scheduler", "{F9F624BF-77E2-4FB7-AE2C-CCBF9BB17F35}"
EndProject
Project("{9A19103F-16F7-4668-BE54-9A1E7A4F7556}") = "RadioReport.Core.Scheduler.API", "RadioReport.Core\Scheduler\RadioReport.Core.Scheduler.API\RadioReport.Core.Scheduler.API.csproj", "{FA456D48-6BCF-4370-9B3B-8D18DC42D0B8}"
EndProject
Project("{9A19103F-16F7-4668-BE54-9A1E7A4F7556}") = "RadioReport.Core.Scheduler.Domain", "RadioReport.Core\Scheduler\RadioReport.Core.Scheduler.Domain\RadioReport.Core.Scheduler.Domain.csproj", "{A4F20226-8F77-452A-A770-D7DDE351A313}"
EndProject
Project("{2150E333-8FDC-42A3-9474-1A3956D46DE8}") = "PatientManager", "PatientManager", "{A373B46E-7F2B-497C-AEA7-00562115937F}"
EndProject
Project("{9A19103F-16F7-4668-BE54-9A1E7A4F7556}") = "RadioReport.Core.PatientManager.API", "RadioReport.Core\PatientManager\RadioReport.Core.PatientManager.API\RadioReport.Core.PatientManager.API.csproj", "{0C4AB3EC-9137-4170-8D5E-8AD7D8CF453F}"
EndProject
Project("{9A19103F-16F7-4668-BE54-9A1E7A4F7556}") = "RadioReport.Core.PatientManager.Domain", "RadioReport.Core\PatientManager\RadioReport.Core.PatientManager.Domain\RadioReport.Core.PatientManager.Domain.csproj", "{EAA5EE52-7286-4C09-9567-119049941891}"
EndProject
Project("{9A19103F-16F7-4668-BE54-9A1E7A4F7556}") = "RadioReport.Core.PatientManager.Repo", "RadioReport.Core\PatientManager\RadioReport.Core.PatientManager.Repo\RadioReport.Core.PatientManager.Repo.csproj", "{3A2B2BD4-A0BE-459A-884B-9EEDF7BC9984}"
EndProject
Project("{2150E333-8FDC-42A3-9474-1A3956D46DE8}") = "FakeDataGenerator", "FakeDataGenerator", "{26E07CAD-C9D7-4AAD-8CE2-81F13AC4272A}"
EndProject
Project("{9A19103F-16F7-4668-BE54-9A1E7A4F7556}") = "RadioReport.Core.FakeDataGenerator.API", "RadioReport.Core\FakeDataGenerator\RadioReport.Core.FakeDataGenerator.API\RadioReport.Core.FakeDataGenerator.API.csproj", "{3A3BB1FB-C681-4F82-B3A3-F843624A3578}"
EndProject
Project("{9A19103F-16F7-4668-BE54-9A1E7A4F7556}") = "RadioReport.Core.FakeDataGenerator.Domain", "RadioReport.Core\FakeDataGenerator\RadioReport.Core.FakeDataGenerator.Domain\RadioReport.Core.FakeDataGenerator.Domain.csproj", "{240BE171-0B1B-46E1-AA7F-462ED49C26D1}"
EndProject
Project("{2150E333-8FDC-42A3-9474-1A3956D46DE8}") = "HtmlRender", "HtmlRender", "{352F6D63-3AC4-4655-8B2C-BE6567851B85}"
EndProject
Project("{9A19103F-16F7-4668-BE54-9A1E7A4F7556}") = "RadioReport.Core.HtmlRender.API", "RadioReport.Core\HtmlRender\RadioReport.Core.HtmlRender.API\RadioReport.Core.HtmlRender.API.csproj", "{94E88723-7CE9-4131-9F6F-D223A09CF04F}"
EndProject
Project("{9A19103F-16F7-4668-BE54-9A1E7A4F7556}") = "RadioReport.Core.HtmlRender.Domain", "RadioReport.Core\HtmlRender\RadioReport.Core.HtmlRender.Domain\RadioReport.Core.HtmlRender.Domain.csproj", "{0F89FDDE-9AF6-4E25-87B0-7C0B5CEB9ED3}"
EndProject
Project("{2150E333-8FDC-42A3-9474-1A3956D46DE8}") = "ThoraxMRT", "ThoraxMRT", "{C40AE16D-06B8-4B3C-BFE7-1BDDF17C0387}"
EndProject
Project("{9A19103F-16F7-4668-BE54-9A1E7A4F7556}") = "RadioReport.ThoraxMRT.Domain", "RadioReport.ThoraxMRT\RadioReport.ThoraxMRT.Domain\RadioReport.ThoraxMRT.Domain.csproj", "{386164A6-1D67-4D1F-9A0D-44DEB65EDA82}"
EndProject
Project("{9A19103F-16F7-4668-BE54-9A1E7A4F7556}") = "RadioReport.ThoraxMRT.Repo", "RadioReport.ThoraxMRT\RadioReport.ThoraxMRT.Repo\RadioReport.ThoraxMRT.Repo.csproj", "{594C35A2-B961-4AF7-86CB-262A1002828D}"
EndProject
Project("{9A19103F-16F7-4668-BE54-9A1E7A4F7556}") = "RadioReport.ThoraxMRT.API", "RadioReport.ThoraxMRT\RadioReport.ThoraxMRT.API\RadioReport.ThoraxMRT.API.csproj", "{65A83B61-B0E7-4FC0-8CC6-C8995B581FD7}"
EndProject
Project("{2150E333-8FDC-42A3-9474-1A3956D46DE8}") = "NeckMRT", "NeckMRT", "{C30AAD04-8287-4AE0-8FE2-86E34F293D8B}"
EndProject
Project("{9A19103F-16F7-4668-BE54-9A1E7A4F7556}") = "RadioReport.NeckMRT.API", "RadioReport.NeckMRT\RadioReport.NeckMRT.API\RadioReport.NeckMRT.API.csproj", "{A0F4FE1B-6502-48B5-8ED9-EB208866F3DA}"
EndProject
Project("{9A19103F-16F7-4668-BE54-9A1E7A4F7556}") = "RadioReport.NeckMRT.Domain", "RadioReport.NeckMRT\RadioReport.NeckMRT.Domain\RadioReport.NeckMRT.Domain.csproj", "{7FB54E2E-65A9-490C-8D62-579E54A42A76}"
EndProject
Project("{9A19103F-16F7-4668-BE54-9A1E7A4F7556}") = "RadioReport.NeckMRT.Repo", "RadioReport.NeckMRT\RadioReport.NeckMRT.Repo\RadioReport.NeckMRT.Repo.csproj", "{114696CD-12EE-462D-B9CE-4CC12E19D2BB}"
EndProject
Project("{2150E333-8FDC-42A3-9474-1A3956D46DE8}") = ".config", ".config", "{1748B8CB-24C2-4556-BA11-0CC8B3F7766E}"
	ProjectSection(SolutionItems) = preProject
		config\backup.sh = config\backup.sh
		config\drop_databases.sql = config\drop_databases.sql
		config\import_study_rr.bat = config\import_study_rr.bat
		config\rr-service.env = config\rr-service.env
	EndProjectSection
EndProject
Project("{2150E333-8FDC-42A3-9474-1A3956D46DE8}") = "dicommaps", "dicommaps", "{204C609E-4321-440A-9D9C-CBFBA25381E9}"
EndProject
Project("{2150E333-8FDC-42A3-9474-1A3956D46DE8}") = "med360", "med360", "{819F30D6-7D8F-4A73-AA0A-28CDDF81DE6C}"
	ProjectSection(SolutionItems) = preProject
		config\dicommaps\med360\compound.json = config\dicommaps\med360\compound.json
		config\dicommaps\med360\compound.py = config\dicommaps\med360\compound.py
		config\dicommaps\med360\kneeMRT.json = config\dicommaps\med360\kneeMRT.json
		config\dicommaps\med360\shoulderMRT.json = config\dicommaps\med360\shoulderMRT.json
		config\dicommaps\med360\universal.json = config\dicommaps\med360\universal.json
	EndProjectSection
EndProject
Project("{2150E333-8FDC-42A3-9474-1A3956D46DE8}") = "HeadMRT", "HeadMRT", "{3D6E31C6-9D2B-4A82-A8ED-B493D358F54D}"
EndProject
Project("{9A19103F-16F7-4668-BE54-9A1E7A4F7556}") = "RadioReport.HeadMRT.API", "RadioReport.HeadMRT\RadioReport.HeadMRT.API\RadioReport.HeadMRT.API.csproj", "{CC841F0A-86E0-4EDB-AEA5-A8110E7F14B1}"
EndProject
Project("{9A19103F-16F7-4668-BE54-9A1E7A4F7556}") = "RadioReport.HeadMRT.Domain", "RadioReport.HeadMRT\RadioReport.HeadMRT.Domain\RadioReport.HeadMRT.Domain.csproj", "{9889043A-6530-4451-81FC-81F7CDAC4C70}"
EndProject
Project("{9A19103F-16F7-4668-BE54-9A1E7A4F7556}") = "RadioReport.HeadMRT.Repo", "RadioReport.HeadMRT\RadioReport.HeadMRT.Repo\RadioReport.HeadMRT.Repo.csproj", "{158DEEDF-5729-4AB1-B3D9-16C5DF861284}"
EndProject
Project("{2150E333-8FDC-42A3-9474-1A3956D46DE8}") = "LicenseManager", "LicenseManager", "{41D43B33-9A0D-4E89-9849-F7507181D0F3}"
EndProject
Project("{9A19103F-16F7-4668-BE54-9A1E7A4F7556}") = "RadioReport.Core.LicenseManager.API", "RadioReport.Core\LicenseManager\RadioReport.Core.LicenseManager.API\RadioReport.Core.LicenseManager.API.csproj", "{5B3D2249-1CFD-4711-A24C-50E46CD538CC}"
EndProject
Project("{9A19103F-16F7-4668-BE54-9A1E7A4F7556}") = "RadioReport.Core.LicenseManager.Domain", "RadioReport.Core\LicenseManager\RadioReport.Core.LicenseManager.Domain\RadioReport.Core.LicenseManager.Domain.csproj", "{682CECD5-30FC-4EA0-AF3B-A7CDDE46161A}"
EndProject
Project("{9A19103F-16F7-4668-BE54-9A1E7A4F7556}") = "RadioReport.Core.LicenseManager.Repo", "RadioReport.Core\LicenseManager\RadioReport.Core.LicenseManager.Repo\RadioReport.Core.LicenseManager.Repo.csproj", "{6B08801D-CD4F-4B85-9444-4D930D9A02D1}"
EndProject
Project("{2150E333-8FDC-42A3-9474-1A3956D46DE8}") = "Modules", "Modules", "{FDE01B19-1C38-4472-9062-5160EB8CD7B0}"
EndProject
Project("{2150E333-8FDC-42A3-9474-1A3956D46DE8}") = "AngiographyCT", "AngiographyCT", "{8F857245-1F0B-48F2-86BF-A6993018527D}"
EndProject
Project("{FAE04EC0-301F-11D3-BF4B-00C04F79EFBC}") = "RadioReport.AngiographyCT.API", "RadioReport.AngiographyCT\RadioReport.AngiographyCT.API\RadioReport.AngiographyCT.API.csproj", "{87859DFF-2797-4DE0-8FDB-3BA23775FC0D}"
EndProject
Project("{FAE04EC0-301F-11D3-BF4B-00C04F79EFBC}") = "RadioReport.AngiographyCT.Domain", "RadioReport.AngiographyCT\RadioReport.AngiographyCT.Domain\RadioReport.AngiographyCT.Domain.csproj", "{F88CECF0-8FEF-4384-976B-EE8178573876}"
EndProject
Project("{FAE04EC0-301F-11D3-BF4B-00C04F79EFBC}") = "RadioReport.AngiographyCT.Repo", "RadioReport.AngiographyCT\RadioReport.AngiographyCT.Repo\RadioReport.AngiographyCT.Repo.csproj", "{AF0B01D4-C046-4663-8A25-5AA4070D4326}"
EndProject
Global
	GlobalSection(SolutionConfigurationPlatforms) = preSolution
		Debug|Any CPU = Debug|Any CPU
		Release|Any CPU = Release|Any CPU
	EndGlobalSection
	GlobalSection(ProjectConfigurationPlatforms) = postSolution
		{3A979573-1004-4A7E-B232-C867AF860F7B}.Debug|Any CPU.ActiveCfg = Debug|Any CPU
		{3A979573-1004-4A7E-B232-C867AF860F7B}.Debug|Any CPU.Build.0 = Debug|Any CPU
		{3A979573-1004-4A7E-B232-C867AF860F7B}.Release|Any CPU.ActiveCfg = Release|Any CPU
		{3A979573-1004-4A7E-B232-C867AF860F7B}.Release|Any CPU.Build.0 = Release|Any CPU
		{B43773B3-DB6D-4BB2-A8FD-D27D3092766D}.Debug|Any CPU.ActiveCfg = Debug|Any CPU
		{B43773B3-DB6D-4BB2-A8FD-D27D3092766D}.Debug|Any CPU.Build.0 = Debug|Any CPU
		{B43773B3-DB6D-4BB2-A8FD-D27D3092766D}.Release|Any CPU.ActiveCfg = Release|Any CPU
		{B43773B3-DB6D-4BB2-A8FD-D27D3092766D}.Release|Any CPU.Build.0 = Release|Any CPU
		{28FDEBBA-3B11-408F-AF83-C42671C04488}.Debug|Any CPU.ActiveCfg = Debug|Any CPU
		{28FDEBBA-3B11-408F-AF83-C42671C04488}.Debug|Any CPU.Build.0 = Debug|Any CPU
		{28FDEBBA-3B11-408F-AF83-C42671C04488}.Release|Any CPU.ActiveCfg = Release|Any CPU
		{28FDEBBA-3B11-408F-AF83-C42671C04488}.Release|Any CPU.Build.0 = Release|Any CPU
		{94BAE994-DDB9-4AD6-BC68-3E48EFD165C3}.Debug|Any CPU.ActiveCfg = Debug|Any CPU
		{94BAE994-DDB9-4AD6-BC68-3E48EFD165C3}.Debug|Any CPU.Build.0 = Debug|Any CPU
		{94BAE994-DDB9-4AD6-BC68-3E48EFD165C3}.Release|Any CPU.ActiveCfg = Release|Any CPU
		{94BAE994-DDB9-4AD6-BC68-3E48EFD165C3}.Release|Any CPU.Build.0 = Release|Any CPU
		{6546D05F-10C6-4590-8E43-3B927289BD56}.Debug|Any CPU.ActiveCfg = Debug|Any CPU
		{6546D05F-10C6-4590-8E43-3B927289BD56}.Debug|Any CPU.Build.0 = Debug|Any CPU
		{6546D05F-10C6-4590-8E43-3B927289BD56}.Release|Any CPU.ActiveCfg = Release|Any CPU
		{6546D05F-10C6-4590-8E43-3B927289BD56}.Release|Any CPU.Build.0 = Release|Any CPU
		{643E1C5E-6FE1-427D-9BDF-775415726196}.Debug|Any CPU.ActiveCfg = Debug|Any CPU
		{643E1C5E-6FE1-427D-9BDF-775415726196}.Debug|Any CPU.Build.0 = Debug|Any CPU
		{643E1C5E-6FE1-427D-9BDF-775415726196}.Release|Any CPU.ActiveCfg = Release|Any CPU
		{643E1C5E-6FE1-427D-9BDF-775415726196}.Release|Any CPU.Build.0 = Release|Any CPU
		{E6DF0F7D-4067-4AA7-9BC6-3191E15F2A8E}.Debug|Any CPU.ActiveCfg = Debug|Any CPU
		{E6DF0F7D-4067-4AA7-9BC6-3191E15F2A8E}.Debug|Any CPU.Build.0 = Debug|Any CPU
		{E6DF0F7D-4067-4AA7-9BC6-3191E15F2A8E}.Release|Any CPU.ActiveCfg = Release|Any CPU
		{E6DF0F7D-4067-4AA7-9BC6-3191E15F2A8E}.Release|Any CPU.Build.0 = Release|Any CPU
		{734D6C66-7CC8-4B0C-80D2-57106187AB02}.Debug|Any CPU.ActiveCfg = Debug|Any CPU
		{734D6C66-7CC8-4B0C-80D2-57106187AB02}.Debug|Any CPU.Build.0 = Debug|Any CPU
		{734D6C66-7CC8-4B0C-80D2-57106187AB02}.Release|Any CPU.ActiveCfg = Release|Any CPU
		{734D6C66-7CC8-4B0C-80D2-57106187AB02}.Release|Any CPU.Build.0 = Release|Any CPU
		{13D101F3-15AE-4DFC-BD55-7C4668EC1853}.Debug|Any CPU.ActiveCfg = Debug|Any CPU
		{13D101F3-15AE-4DFC-BD55-7C4668EC1853}.Debug|Any CPU.Build.0 = Debug|Any CPU
		{13D101F3-15AE-4DFC-BD55-7C4668EC1853}.Release|Any CPU.ActiveCfg = Release|Any CPU
		{13D101F3-15AE-4DFC-BD55-7C4668EC1853}.Release|Any CPU.Build.0 = Release|Any CPU
		{2AB98CD7-0FB7-4968-BB74-59FDAE21639A}.Debug|Any CPU.ActiveCfg = Debug|Any CPU
		{2AB98CD7-0FB7-4968-BB74-59FDAE21639A}.Debug|Any CPU.Build.0 = Debug|Any CPU
		{2AB98CD7-0FB7-4968-BB74-59FDAE21639A}.Release|Any CPU.ActiveCfg = Release|Any CPU
		{2AB98CD7-0FB7-4968-BB74-59FDAE21639A}.Release|Any CPU.Build.0 = Release|Any CPU
		{FB15CA99-7896-4BEA-9828-D41086FC10CE}.Debug|Any CPU.ActiveCfg = Debug|Any CPU
		{FB15CA99-7896-4BEA-9828-D41086FC10CE}.Debug|Any CPU.Build.0 = Debug|Any CPU
		{FB15CA99-7896-4BEA-9828-D41086FC10CE}.Release|Any CPU.ActiveCfg = Release|Any CPU
		{FB15CA99-7896-4BEA-9828-D41086FC10CE}.Release|Any CPU.Build.0 = Release|Any CPU
		{20196FFA-F81F-4FA4-BD85-64930400F0F3}.Debug|Any CPU.ActiveCfg = Debug|Any CPU
		{20196FFA-F81F-4FA4-BD85-64930400F0F3}.Debug|Any CPU.Build.0 = Debug|Any CPU
		{20196FFA-F81F-4FA4-BD85-64930400F0F3}.Release|Any CPU.ActiveCfg = Release|Any CPU
		{20196FFA-F81F-4FA4-BD85-64930400F0F3}.Release|Any CPU.Build.0 = Release|Any CPU
		{0792CE40-5CBB-4B6D-B701-F6B56C94F934}.Debug|Any CPU.ActiveCfg = Debug|Any CPU
		{0792CE40-5CBB-4B6D-B701-F6B56C94F934}.Debug|Any CPU.Build.0 = Debug|Any CPU
		{0792CE40-5CBB-4B6D-B701-F6B56C94F934}.Release|Any CPU.ActiveCfg = Release|Any CPU
		{0792CE40-5CBB-4B6D-B701-F6B56C94F934}.Release|Any CPU.Build.0 = Release|Any CPU
		{55674643-D843-4F54-82ED-CC95594D41C3}.Debug|Any CPU.ActiveCfg = Debug|Any CPU
		{55674643-D843-4F54-82ED-CC95594D41C3}.Debug|Any CPU.Build.0 = Debug|Any CPU
		{55674643-D843-4F54-82ED-CC95594D41C3}.Release|Any CPU.ActiveCfg = Release|Any CPU
		{55674643-D843-4F54-82ED-CC95594D41C3}.Release|Any CPU.Build.0 = Release|Any CPU
		{B71FFC76-A31C-4349-99A7-DD038230B461}.Debug|Any CPU.ActiveCfg = Debug|Any CPU
		{B71FFC76-A31C-4349-99A7-DD038230B461}.Debug|Any CPU.Build.0 = Debug|Any CPU
		{B71FFC76-A31C-4349-99A7-DD038230B461}.Release|Any CPU.ActiveCfg = Release|Any CPU
		{B71FFC76-A31C-4349-99A7-DD038230B461}.Release|Any CPU.Build.0 = Release|Any CPU
		{17EE025D-D4C2-44B1-A790-668F3E212143}.Debug|Any CPU.ActiveCfg = Debug|Any CPU
		{17EE025D-D4C2-44B1-A790-668F3E212143}.Debug|Any CPU.Build.0 = Debug|Any CPU
		{17EE025D-D4C2-44B1-A790-668F3E212143}.Release|Any CPU.ActiveCfg = Release|Any CPU
		{17EE025D-D4C2-44B1-A790-668F3E212143}.Release|Any CPU.Build.0 = Release|Any CPU
		{BF18E0F8-8451-49F7-85F0-0D3635EC2400}.Debug|Any CPU.ActiveCfg = Debug|Any CPU
		{BF18E0F8-8451-49F7-85F0-0D3635EC2400}.Debug|Any CPU.Build.0 = Debug|Any CPU
		{BF18E0F8-8451-49F7-85F0-0D3635EC2400}.Release|Any CPU.ActiveCfg = Release|Any CPU
		{BF18E0F8-8451-49F7-85F0-0D3635EC2400}.Release|Any CPU.Build.0 = Release|Any CPU
		{DCBC869C-6334-4849-8B1A-2BA4B770BAE7}.Debug|Any CPU.ActiveCfg = Debug|Any CPU
		{DCBC869C-6334-4849-8B1A-2BA4B770BAE7}.Debug|Any CPU.Build.0 = Debug|Any CPU
		{DCBC869C-6334-4849-8B1A-2BA4B770BAE7}.Release|Any CPU.ActiveCfg = Release|Any CPU
		{DCBC869C-6334-4849-8B1A-2BA4B770BAE7}.Release|Any CPU.Build.0 = Release|Any CPU
		{0B9492B9-F573-4B56-8908-B1F56A0F23B8}.Debug|Any CPU.ActiveCfg = Debug|Any CPU
		{0B9492B9-F573-4B56-8908-B1F56A0F23B8}.Debug|Any CPU.Build.0 = Debug|Any CPU
		{0B9492B9-F573-4B56-8908-B1F56A0F23B8}.Release|Any CPU.ActiveCfg = Release|Any CPU
		{0B9492B9-F573-4B56-8908-B1F56A0F23B8}.Release|Any CPU.Build.0 = Release|Any CPU
		{498C8F6C-518B-4C27-A47F-F8F73C9E6C7B}.Debug|Any CPU.ActiveCfg = Debug|Any CPU
		{498C8F6C-518B-4C27-A47F-F8F73C9E6C7B}.Debug|Any CPU.Build.0 = Debug|Any CPU
		{498C8F6C-518B-4C27-A47F-F8F73C9E6C7B}.Release|Any CPU.ActiveCfg = Release|Any CPU
		{498C8F6C-518B-4C27-A47F-F8F73C9E6C7B}.Release|Any CPU.Build.0 = Release|Any CPU
		{9CB74FC4-3424-45BB-B849-CFCEBF6D42CA}.Debug|Any CPU.ActiveCfg = Debug|Any CPU
		{9CB74FC4-3424-45BB-B849-CFCEBF6D42CA}.Debug|Any CPU.Build.0 = Debug|Any CPU
		{9CB74FC4-3424-45BB-B849-CFCEBF6D42CA}.Release|Any CPU.ActiveCfg = Release|Any CPU
		{9CB74FC4-3424-45BB-B849-CFCEBF6D42CA}.Release|Any CPU.Build.0 = Release|Any CPU
		{45C90ACB-A98F-4257-B229-2C161A3878DD}.Debug|Any CPU.ActiveCfg = Debug|Any CPU
		{45C90ACB-A98F-4257-B229-2C161A3878DD}.Debug|Any CPU.Build.0 = Debug|Any CPU
		{45C90ACB-A98F-4257-B229-2C161A3878DD}.Release|Any CPU.ActiveCfg = Release|Any CPU
		{45C90ACB-A98F-4257-B229-2C161A3878DD}.Release|Any CPU.Build.0 = Release|Any CPU
		{FDCF518A-327C-447F-91BB-20680A2192A9}.Debug|Any CPU.ActiveCfg = Debug|Any CPU
		{FDCF518A-327C-447F-91BB-20680A2192A9}.Debug|Any CPU.Build.0 = Debug|Any CPU
		{FDCF518A-327C-447F-91BB-20680A2192A9}.Release|Any CPU.ActiveCfg = Release|Any CPU
		{FDCF518A-327C-447F-91BB-20680A2192A9}.Release|Any CPU.Build.0 = Release|Any CPU
		{7F804FF8-264F-4867-9C4F-043D6FB7F0A6}.Debug|Any CPU.ActiveCfg = Debug|Any CPU
		{7F804FF8-264F-4867-9C4F-043D6FB7F0A6}.Debug|Any CPU.Build.0 = Debug|Any CPU
		{7F804FF8-264F-4867-9C4F-043D6FB7F0A6}.Release|Any CPU.ActiveCfg = Release|Any CPU
		{7F804FF8-264F-4867-9C4F-043D6FB7F0A6}.Release|Any CPU.Build.0 = Release|Any CPU
		{776BC23E-BCB2-4F56-A178-373C3C613EC5}.Debug|Any CPU.ActiveCfg = Debug|Any CPU
		{776BC23E-BCB2-4F56-A178-373C3C613EC5}.Debug|Any CPU.Build.0 = Debug|Any CPU
		{776BC23E-BCB2-4F56-A178-373C3C613EC5}.Release|Any CPU.ActiveCfg = Release|Any CPU
		{776BC23E-BCB2-4F56-A178-373C3C613EC5}.Release|Any CPU.Build.0 = Release|Any CPU
		{B5ABF3E2-B3A2-4775-A41F-82D3BD494FCA}.Debug|Any CPU.ActiveCfg = Debug|Any CPU
		{B5ABF3E2-B3A2-4775-A41F-82D3BD494FCA}.Debug|Any CPU.Build.0 = Debug|Any CPU
		{B5ABF3E2-B3A2-4775-A41F-82D3BD494FCA}.Release|Any CPU.ActiveCfg = Release|Any CPU
		{B5ABF3E2-B3A2-4775-A41F-82D3BD494FCA}.Release|Any CPU.Build.0 = Release|Any CPU
		{07C5088C-6C99-4AC3-AC0C-B2F9811C4D83}.Debug|Any CPU.ActiveCfg = Debug|Any CPU
		{07C5088C-6C99-4AC3-AC0C-B2F9811C4D83}.Debug|Any CPU.Build.0 = Debug|Any CPU
		{07C5088C-6C99-4AC3-AC0C-B2F9811C4D83}.Release|Any CPU.ActiveCfg = Release|Any CPU
		{07C5088C-6C99-4AC3-AC0C-B2F9811C4D83}.Release|Any CPU.Build.0 = Release|Any CPU
		{754B4FA6-4D63-43B6-B266-746BDF7BA8FD}.Debug|Any CPU.ActiveCfg = Debug|Any CPU
		{754B4FA6-4D63-43B6-B266-746BDF7BA8FD}.Debug|Any CPU.Build.0 = Debug|Any CPU
		{754B4FA6-4D63-43B6-B266-746BDF7BA8FD}.Release|Any CPU.ActiveCfg = Release|Any CPU
		{754B4FA6-4D63-43B6-B266-746BDF7BA8FD}.Release|Any CPU.Build.0 = Release|Any CPU
		{2C4F547C-AB70-4BAB-8EAD-2BBA683F0C50}.Debug|Any CPU.ActiveCfg = Debug|Any CPU
		{2C4F547C-AB70-4BAB-8EAD-2BBA683F0C50}.Debug|Any CPU.Build.0 = Debug|Any CPU
		{2C4F547C-AB70-4BAB-8EAD-2BBA683F0C50}.Release|Any CPU.ActiveCfg = Release|Any CPU
		{2C4F547C-AB70-4BAB-8EAD-2BBA683F0C50}.Release|Any CPU.Build.0 = Release|Any CPU
		{BB378CF7-2CBF-458C-A56F-A782A48D7AB7}.Debug|Any CPU.ActiveCfg = Debug|Any CPU
		{BB378CF7-2CBF-458C-A56F-A782A48D7AB7}.Debug|Any CPU.Build.0 = Debug|Any CPU
		{BB378CF7-2CBF-458C-A56F-A782A48D7AB7}.Release|Any CPU.ActiveCfg = Release|Any CPU
		{BB378CF7-2CBF-458C-A56F-A782A48D7AB7}.Release|Any CPU.Build.0 = Release|Any CPU
		{8447DC16-7D96-41B7-BDB6-BBB3A40349EE}.Debug|Any CPU.ActiveCfg = Debug|Any CPU
		{8447DC16-7D96-41B7-BDB6-BBB3A40349EE}.Debug|Any CPU.Build.0 = Debug|Any CPU
		{8447DC16-7D96-41B7-BDB6-BBB3A40349EE}.Release|Any CPU.ActiveCfg = Release|Any CPU
		{8447DC16-7D96-41B7-BDB6-BBB3A40349EE}.Release|Any CPU.Build.0 = Release|Any CPU
		{5855EA5D-B02F-4191-BF38-1384E5C0E1A7}.Debug|Any CPU.ActiveCfg = Debug|Any CPU
		{5855EA5D-B02F-4191-BF38-1384E5C0E1A7}.Debug|Any CPU.Build.0 = Debug|Any CPU
		{5855EA5D-B02F-4191-BF38-1384E5C0E1A7}.Release|Any CPU.ActiveCfg = Release|Any CPU
		{5855EA5D-B02F-4191-BF38-1384E5C0E1A7}.Release|Any CPU.Build.0 = Release|Any CPU
		{238CD0BA-DA92-4058-B98C-2B1D3269A333}.Debug|Any CPU.ActiveCfg = Debug|Any CPU
		{238CD0BA-DA92-4058-B98C-2B1D3269A333}.Debug|Any CPU.Build.0 = Debug|Any CPU
		{238CD0BA-DA92-4058-B98C-2B1D3269A333}.Release|Any CPU.ActiveCfg = Release|Any CPU
		{238CD0BA-DA92-4058-B98C-2B1D3269A333}.Release|Any CPU.Build.0 = Release|Any CPU
		{9AC0E8AB-C62F-44D2-9B3E-6C59A0A46782}.Debug|Any CPU.ActiveCfg = Debug|Any CPU
		{9AC0E8AB-C62F-44D2-9B3E-6C59A0A46782}.Debug|Any CPU.Build.0 = Debug|Any CPU
		{9AC0E8AB-C62F-44D2-9B3E-6C59A0A46782}.Release|Any CPU.ActiveCfg = Release|Any CPU
		{9AC0E8AB-C62F-44D2-9B3E-6C59A0A46782}.Release|Any CPU.Build.0 = Release|Any CPU
		{3B8BFDA5-918F-4562-85F5-142EE3A10BB6}.Debug|Any CPU.ActiveCfg = Debug|Any CPU
		{3B8BFDA5-918F-4562-85F5-142EE3A10BB6}.Debug|Any CPU.Build.0 = Debug|Any CPU
		{3B8BFDA5-918F-4562-85F5-142EE3A10BB6}.Release|Any CPU.ActiveCfg = Release|Any CPU
		{3B8BFDA5-918F-4562-85F5-142EE3A10BB6}.Release|Any CPU.Build.0 = Release|Any CPU
		{69483011-2B19-4A8E-9861-1AE185C1EE63}.Debug|Any CPU.ActiveCfg = Debug|Any CPU
		{69483011-2B19-4A8E-9861-1AE185C1EE63}.Debug|Any CPU.Build.0 = Debug|Any CPU
		{69483011-2B19-4A8E-9861-1AE185C1EE63}.Release|Any CPU.ActiveCfg = Release|Any CPU
		{69483011-2B19-4A8E-9861-1AE185C1EE63}.Release|Any CPU.Build.0 = Release|Any CPU
		{C08F44F2-A2D2-48F0-8C0C-43ACA8FF1111}.Debug|Any CPU.ActiveCfg = Debug|Any CPU
		{C08F44F2-A2D2-48F0-8C0C-43ACA8FF1111}.Debug|Any CPU.Build.0 = Debug|Any CPU
		{C08F44F2-A2D2-48F0-8C0C-43ACA8FF1111}.Release|Any CPU.ActiveCfg = Release|Any CPU
		{C08F44F2-A2D2-48F0-8C0C-43ACA8FF1111}.Release|Any CPU.Build.0 = Release|Any CPU
		{9B5DDE25-C27D-4AE5-9ADD-02D879397F7D}.Debug|Any CPU.ActiveCfg = Debug|Any CPU
		{9B5DDE25-C27D-4AE5-9ADD-02D879397F7D}.Debug|Any CPU.Build.0 = Debug|Any CPU
		{9B5DDE25-C27D-4AE5-9ADD-02D879397F7D}.Release|Any CPU.ActiveCfg = Release|Any CPU
		{9B5DDE25-C27D-4AE5-9ADD-02D879397F7D}.Release|Any CPU.Build.0 = Release|Any CPU
		{3DB1E914-769B-420D-920E-2B224B026CCE}.Debug|Any CPU.ActiveCfg = Debug|Any CPU
		{3DB1E914-769B-420D-920E-2B224B026CCE}.Debug|Any CPU.Build.0 = Debug|Any CPU
		{3DB1E914-769B-420D-920E-2B224B026CCE}.Release|Any CPU.ActiveCfg = Release|Any CPU
		{3DB1E914-769B-420D-920E-2B224B026CCE}.Release|Any CPU.Build.0 = Release|Any CPU
		{36F5A727-175B-4012-A7DD-1EA1614E8DD3}.Debug|Any CPU.ActiveCfg = Debug|Any CPU
		{36F5A727-175B-4012-A7DD-1EA1614E8DD3}.Debug|Any CPU.Build.0 = Debug|Any CPU
		{36F5A727-175B-4012-A7DD-1EA1614E8DD3}.Release|Any CPU.ActiveCfg = Release|Any CPU
		{36F5A727-175B-4012-A7DD-1EA1614E8DD3}.Release|Any CPU.Build.0 = Release|Any CPU
		{2536FD50-3B90-454D-B2A4-5A1BC605EDA8}.Debug|Any CPU.ActiveCfg = Debug|Any CPU
		{2536FD50-3B90-454D-B2A4-5A1BC605EDA8}.Debug|Any CPU.Build.0 = Debug|Any CPU
		{2536FD50-3B90-454D-B2A4-5A1BC605EDA8}.Release|Any CPU.ActiveCfg = Release|Any CPU
		{2536FD50-3B90-454D-B2A4-5A1BC605EDA8}.Release|Any CPU.Build.0 = Release|Any CPU
		{D63E956D-39F4-46A1-ABEA-7AC4C494AB12}.Debug|Any CPU.ActiveCfg = Debug|Any CPU
		{D63E956D-39F4-46A1-ABEA-7AC4C494AB12}.Debug|Any CPU.Build.0 = Debug|Any CPU
		{D63E956D-39F4-46A1-ABEA-7AC4C494AB12}.Release|Any CPU.ActiveCfg = Release|Any CPU
		{D63E956D-39F4-46A1-ABEA-7AC4C494AB12}.Release|Any CPU.Build.0 = Release|Any CPU
		{24E90C77-BBB6-42D5-8F35-2F178EB26A1E}.Debug|Any CPU.ActiveCfg = Debug|Any CPU
		{24E90C77-BBB6-42D5-8F35-2F178EB26A1E}.Debug|Any CPU.Build.0 = Debug|Any CPU
		{24E90C77-BBB6-42D5-8F35-2F178EB26A1E}.Release|Any CPU.ActiveCfg = Release|Any CPU
		{24E90C77-BBB6-42D5-8F35-2F178EB26A1E}.Release|Any CPU.Build.0 = Release|Any CPU
		{6FEAD540-890B-4110-90E0-87EC4132B32A}.Debug|Any CPU.ActiveCfg = Debug|Any CPU
		{6FEAD540-890B-4110-90E0-87EC4132B32A}.Debug|Any CPU.Build.0 = Debug|Any CPU
		{6FEAD540-890B-4110-90E0-87EC4132B32A}.Release|Any CPU.ActiveCfg = Release|Any CPU
		{6FEAD540-890B-4110-90E0-87EC4132B32A}.Release|Any CPU.Build.0 = Release|Any CPU
		{16F6FA86-507E-4834-81DD-30C566D98A31}.Debug|Any CPU.ActiveCfg = Debug|Any CPU
		{16F6FA86-507E-4834-81DD-30C566D98A31}.Debug|Any CPU.Build.0 = Debug|Any CPU
		{16F6FA86-507E-4834-81DD-30C566D98A31}.Release|Any CPU.ActiveCfg = Release|Any CPU
		{16F6FA86-507E-4834-81DD-30C566D98A31}.Release|Any CPU.Build.0 = Release|Any CPU
		{35FC6594-BECC-48AA-BE49-E3AD2AA78F36}.Debug|Any CPU.ActiveCfg = Debug|Any CPU
		{35FC6594-BECC-48AA-BE49-E3AD2AA78F36}.Debug|Any CPU.Build.0 = Debug|Any CPU
		{35FC6594-BECC-48AA-BE49-E3AD2AA78F36}.Release|Any CPU.ActiveCfg = Release|Any CPU
		{35FC6594-BECC-48AA-BE49-E3AD2AA78F36}.Release|Any CPU.Build.0 = Release|Any CPU
		{1E876BFD-393C-4CF4-9158-E55F4E30070F}.Debug|Any CPU.ActiveCfg = Debug|Any CPU
		{1E876BFD-393C-4CF4-9158-E55F4E30070F}.Debug|Any CPU.Build.0 = Debug|Any CPU
		{1E876BFD-393C-4CF4-9158-E55F4E30070F}.Release|Any CPU.ActiveCfg = Release|Any CPU
		{1E876BFD-393C-4CF4-9158-E55F4E30070F}.Release|Any CPU.Build.0 = Release|Any CPU
		{BB91BDD4-DFE5-4B32-95C0-CA87BF727A5F}.Debug|Any CPU.ActiveCfg = Debug|Any CPU
		{BB91BDD4-DFE5-4B32-95C0-CA87BF727A5F}.Debug|Any CPU.Build.0 = Debug|Any CPU
		{BB91BDD4-DFE5-4B32-95C0-CA87BF727A5F}.Release|Any CPU.ActiveCfg = Release|Any CPU
		{BB91BDD4-DFE5-4B32-95C0-CA87BF727A5F}.Release|Any CPU.Build.0 = Release|Any CPU
		{B6CE95E1-B69E-4D5B-BC6D-6232104A263C}.Debug|Any CPU.ActiveCfg = Debug|Any CPU
		{B6CE95E1-B69E-4D5B-BC6D-6232104A263C}.Debug|Any CPU.Build.0 = Debug|Any CPU
		{B6CE95E1-B69E-4D5B-BC6D-6232104A263C}.Release|Any CPU.ActiveCfg = Release|Any CPU
		{B6CE95E1-B69E-4D5B-BC6D-6232104A263C}.Release|Any CPU.Build.0 = Release|Any CPU
		{5D28A093-696A-4408-A494-4D25601C4911}.Debug|Any CPU.ActiveCfg = Debug|Any CPU
		{5D28A093-696A-4408-A494-4D25601C4911}.Debug|Any CPU.Build.0 = Debug|Any CPU
		{5D28A093-696A-4408-A494-4D25601C4911}.Release|Any CPU.ActiveCfg = Release|Any CPU
		{5D28A093-696A-4408-A494-4D25601C4911}.Release|Any CPU.Build.0 = Release|Any CPU
		{44D1B9E8-5798-4A90-9D1C-E430B9FEA817}.Debug|Any CPU.ActiveCfg = Debug|Any CPU
		{44D1B9E8-5798-4A90-9D1C-E430B9FEA817}.Debug|Any CPU.Build.0 = Debug|Any CPU
		{44D1B9E8-5798-4A90-9D1C-E430B9FEA817}.Release|Any CPU.ActiveCfg = Release|Any CPU
		{44D1B9E8-5798-4A90-9D1C-E430B9FEA817}.Release|Any CPU.Build.0 = Release|Any CPU
		{B37B7854-210E-4800-8060-EE1AC8DDE354}.Debug|Any CPU.ActiveCfg = Debug|Any CPU
		{B37B7854-210E-4800-8060-EE1AC8DDE354}.Debug|Any CPU.Build.0 = Debug|Any CPU
		{B37B7854-210E-4800-8060-EE1AC8DDE354}.Release|Any CPU.ActiveCfg = Release|Any CPU
		{B37B7854-210E-4800-8060-EE1AC8DDE354}.Release|Any CPU.Build.0 = Release|Any CPU
		{352EFEB0-0543-4188-95B2-D389B4546B0A}.Debug|Any CPU.ActiveCfg = Debug|Any CPU
		{352EFEB0-0543-4188-95B2-D389B4546B0A}.Debug|Any CPU.Build.0 = Debug|Any CPU
		{352EFEB0-0543-4188-95B2-D389B4546B0A}.Release|Any CPU.ActiveCfg = Release|Any CPU
		{352EFEB0-0543-4188-95B2-D389B4546B0A}.Release|Any CPU.Build.0 = Release|Any CPU
		{3AB37B06-35D9-4FF0-84EA-146D932C1D3E}.Debug|Any CPU.ActiveCfg = Debug|Any CPU
		{3AB37B06-35D9-4FF0-84EA-146D932C1D3E}.Debug|Any CPU.Build.0 = Debug|Any CPU
		{3AB37B06-35D9-4FF0-84EA-146D932C1D3E}.Release|Any CPU.ActiveCfg = Release|Any CPU
		{3AB37B06-35D9-4FF0-84EA-146D932C1D3E}.Release|Any CPU.Build.0 = Release|Any CPU
		{DD2BD9CF-D100-4E7D-A2EA-E55BEEAC55B7}.Debug|Any CPU.ActiveCfg = Debug|Any CPU
		{DD2BD9CF-D100-4E7D-A2EA-E55BEEAC55B7}.Debug|Any CPU.Build.0 = Debug|Any CPU
		{DD2BD9CF-D100-4E7D-A2EA-E55BEEAC55B7}.Release|Any CPU.ActiveCfg = Release|Any CPU
		{DD2BD9CF-D100-4E7D-A2EA-E55BEEAC55B7}.Release|Any CPU.Build.0 = Release|Any CPU
		{0756F3AD-0403-4F3F-9859-AB25CB4FDD86}.Debug|Any CPU.ActiveCfg = Debug|Any CPU
		{0756F3AD-0403-4F3F-9859-AB25CB4FDD86}.Debug|Any CPU.Build.0 = Debug|Any CPU
		{0756F3AD-0403-4F3F-9859-AB25CB4FDD86}.Release|Any CPU.ActiveCfg = Release|Any CPU
		{0756F3AD-0403-4F3F-9859-AB25CB4FDD86}.Release|Any CPU.Build.0 = Release|Any CPU
		{8E10DE6E-4BBE-43F4-8A86-DBFD0B29E50E}.Debug|Any CPU.ActiveCfg = Debug|Any CPU
		{8E10DE6E-4BBE-43F4-8A86-DBFD0B29E50E}.Debug|Any CPU.Build.0 = Debug|Any CPU
		{8E10DE6E-4BBE-43F4-8A86-DBFD0B29E50E}.Release|Any CPU.ActiveCfg = Release|Any CPU
		{8E10DE6E-4BBE-43F4-8A86-DBFD0B29E50E}.Release|Any CPU.Build.0 = Release|Any CPU
		{2B69F530-DA23-4007-B071-3AE792B0426E}.Debug|Any CPU.ActiveCfg = Debug|Any CPU
		{2B69F530-DA23-4007-B071-3AE792B0426E}.Debug|Any CPU.Build.0 = Debug|Any CPU
		{2B69F530-DA23-4007-B071-3AE792B0426E}.Release|Any CPU.ActiveCfg = Release|Any CPU
		{2B69F530-DA23-4007-B071-3AE792B0426E}.Release|Any CPU.Build.0 = Release|Any CPU
		{B48F285F-F4C3-41C5-A731-15BF2F73356A}.Debug|Any CPU.ActiveCfg = Debug|Any CPU
		{B48F285F-F4C3-41C5-A731-15BF2F73356A}.Release|Any CPU.ActiveCfg = Release|Any CPU
		{B2134BED-011B-49B5-A2F6-E55747B0058E}.Debug|Any CPU.ActiveCfg = Debug|Any CPU
		{B2134BED-011B-49B5-A2F6-E55747B0058E}.Debug|Any CPU.Build.0 = Debug|Any CPU
		{B2134BED-011B-49B5-A2F6-E55747B0058E}.Release|Any CPU.ActiveCfg = Release|Any CPU
		{B2134BED-011B-49B5-A2F6-E55747B0058E}.Release|Any CPU.Build.0 = Release|Any CPU
		{A68ACDAC-DC32-4D80-82B2-77C30B2CDDBB}.Debug|Any CPU.ActiveCfg = Debug|Any CPU
		{A68ACDAC-DC32-4D80-82B2-77C30B2CDDBB}.Debug|Any CPU.Build.0 = Debug|Any CPU
		{A68ACDAC-DC32-4D80-82B2-77C30B2CDDBB}.Release|Any CPU.ActiveCfg = Release|Any CPU
		{A68ACDAC-DC32-4D80-82B2-77C30B2CDDBB}.Release|Any CPU.Build.0 = Release|Any CPU
		{953DBC81-9875-432F-81C9-4AEBA53BD4FD}.Debug|Any CPU.ActiveCfg = Debug|Any CPU
		{953DBC81-9875-432F-81C9-4AEBA53BD4FD}.Debug|Any CPU.Build.0 = Debug|Any CPU
		{953DBC81-9875-432F-81C9-4AEBA53BD4FD}.Release|Any CPU.ActiveCfg = Release|Any CPU
		{953DBC81-9875-432F-81C9-4AEBA53BD4FD}.Release|Any CPU.Build.0 = Release|Any CPU
		{1EA11968-8637-4C8A-94FD-4531813E9A72}.Debug|Any CPU.ActiveCfg = Debug|Any CPU
		{1EA11968-8637-4C8A-94FD-4531813E9A72}.Debug|Any CPU.Build.0 = Debug|Any CPU
		{1EA11968-8637-4C8A-94FD-4531813E9A72}.Release|Any CPU.ActiveCfg = Release|Any CPU
		{1EA11968-8637-4C8A-94FD-4531813E9A72}.Release|Any CPU.Build.0 = Release|Any CPU
		{49E9F0BC-8F8A-484B-BF12-4DDC10D15F7F}.Debug|Any CPU.ActiveCfg = Debug|Any CPU
		{49E9F0BC-8F8A-484B-BF12-4DDC10D15F7F}.Debug|Any CPU.Build.0 = Debug|Any CPU
		{49E9F0BC-8F8A-484B-BF12-4DDC10D15F7F}.Release|Any CPU.ActiveCfg = Release|Any CPU
		{49E9F0BC-8F8A-484B-BF12-4DDC10D15F7F}.Release|Any CPU.Build.0 = Release|Any CPU
		{5738D9D8-1887-4A2E-8F59-17A279AA6590}.Debug|Any CPU.ActiveCfg = Debug|Any CPU
		{5738D9D8-1887-4A2E-8F59-17A279AA6590}.Debug|Any CPU.Build.0 = Debug|Any CPU
		{5738D9D8-1887-4A2E-8F59-17A279AA6590}.Release|Any CPU.ActiveCfg = Release|Any CPU
		{5738D9D8-1887-4A2E-8F59-17A279AA6590}.Release|Any CPU.Build.0 = Release|Any CPU
		{2DCED8F5-760C-4545-A5FE-018860FF03AE}.Debug|Any CPU.ActiveCfg = Debug|Any CPU
		{2DCED8F5-760C-4545-A5FE-018860FF03AE}.Debug|Any CPU.Build.0 = Debug|Any CPU
		{2DCED8F5-760C-4545-A5FE-018860FF03AE}.Release|Any CPU.ActiveCfg = Release|Any CPU
		{2DCED8F5-760C-4545-A5FE-018860FF03AE}.Release|Any CPU.Build.0 = Release|Any CPU
		{D2959C7A-2856-4470-B858-8D8A639C57E4}.Debug|Any CPU.ActiveCfg = Debug|Any CPU
		{D2959C7A-2856-4470-B858-8D8A639C57E4}.Debug|Any CPU.Build.0 = Debug|Any CPU
		{D2959C7A-2856-4470-B858-8D8A639C57E4}.Release|Any CPU.ActiveCfg = Release|Any CPU
		{D2959C7A-2856-4470-B858-8D8A639C57E4}.Release|Any CPU.Build.0 = Release|Any CPU
		{45F2A917-0CF4-47E2-B0A8-DC26F575ECC4}.Debug|Any CPU.ActiveCfg = Debug|Any CPU
		{45F2A917-0CF4-47E2-B0A8-DC26F575ECC4}.Debug|Any CPU.Build.0 = Debug|Any CPU
		{45F2A917-0CF4-47E2-B0A8-DC26F575ECC4}.Release|Any CPU.ActiveCfg = Release|Any CPU
		{45F2A917-0CF4-47E2-B0A8-DC26F575ECC4}.Release|Any CPU.Build.0 = Release|Any CPU
		{36875AF3-585D-4665-B834-E15F1478FEBF}.Debug|Any CPU.ActiveCfg = Debug|Any CPU
		{36875AF3-585D-4665-B834-E15F1478FEBF}.Debug|Any CPU.Build.0 = Debug|Any CPU
		{36875AF3-585D-4665-B834-E15F1478FEBF}.Release|Any CPU.ActiveCfg = Release|Any CPU
		{36875AF3-585D-4665-B834-E15F1478FEBF}.Release|Any CPU.Build.0 = Release|Any CPU
		{FC2DA8B0-7307-4CF0-A267-6C023486A01E}.Debug|Any CPU.ActiveCfg = Debug|Any CPU
		{FC2DA8B0-7307-4CF0-A267-6C023486A01E}.Debug|Any CPU.Build.0 = Debug|Any CPU
		{FC2DA8B0-7307-4CF0-A267-6C023486A01E}.Release|Any CPU.ActiveCfg = Release|Any CPU
		{FC2DA8B0-7307-4CF0-A267-6C023486A01E}.Release|Any CPU.Build.0 = Release|Any CPU
		{5DF284BA-47CB-4FF6-8FAD-A6C703F0B8AE}.Debug|Any CPU.ActiveCfg = Debug|Any CPU
		{5DF284BA-47CB-4FF6-8FAD-A6C703F0B8AE}.Debug|Any CPU.Build.0 = Debug|Any CPU
		{5DF284BA-47CB-4FF6-8FAD-A6C703F0B8AE}.Release|Any CPU.ActiveCfg = Release|Any CPU
		{5DF284BA-47CB-4FF6-8FAD-A6C703F0B8AE}.Release|Any CPU.Build.0 = Release|Any CPU
		{31A6FEFF-A0E3-4660-A4F2-EC9661556417}.Debug|Any CPU.ActiveCfg = Debug|Any CPU
		{31A6FEFF-A0E3-4660-A4F2-EC9661556417}.Debug|Any CPU.Build.0 = Debug|Any CPU
		{31A6FEFF-A0E3-4660-A4F2-EC9661556417}.Release|Any CPU.ActiveCfg = Release|Any CPU
		{31A6FEFF-A0E3-4660-A4F2-EC9661556417}.Release|Any CPU.Build.0 = Release|Any CPU
		{DC7A2A14-F815-4A9C-AD82-4DF165103D36}.Debug|Any CPU.ActiveCfg = Debug|Any CPU
		{DC7A2A14-F815-4A9C-AD82-4DF165103D36}.Debug|Any CPU.Build.0 = Debug|Any CPU
		{DC7A2A14-F815-4A9C-AD82-4DF165103D36}.Release|Any CPU.ActiveCfg = Release|Any CPU
		{DC7A2A14-F815-4A9C-AD82-4DF165103D36}.Release|Any CPU.Build.0 = Release|Any CPU
		{068A53E7-DC3D-4E2C-81A3-AFDB9CE28F7D}.Debug|Any CPU.ActiveCfg = Debug|Any CPU
		{068A53E7-DC3D-4E2C-81A3-AFDB9CE28F7D}.Debug|Any CPU.Build.0 = Debug|Any CPU
		{068A53E7-DC3D-4E2C-81A3-AFDB9CE28F7D}.Release|Any CPU.ActiveCfg = Release|Any CPU
		{068A53E7-DC3D-4E2C-81A3-AFDB9CE28F7D}.Release|Any CPU.Build.0 = Release|Any CPU
		{E06B048B-9F48-469F-AEE4-E67852E0FB2A}.Debug|Any CPU.ActiveCfg = Debug|Any CPU
		{E06B048B-9F48-469F-AEE4-E67852E0FB2A}.Debug|Any CPU.Build.0 = Debug|Any CPU
		{E06B048B-9F48-469F-AEE4-E67852E0FB2A}.Release|Any CPU.ActiveCfg = Release|Any CPU
		{E06B048B-9F48-469F-AEE4-E67852E0FB2A}.Release|Any CPU.Build.0 = Release|Any CPU
		{483377A3-D29E-4653-829D-F91443519308}.Debug|Any CPU.ActiveCfg = Debug|Any CPU
		{483377A3-D29E-4653-829D-F91443519308}.Debug|Any CPU.Build.0 = Debug|Any CPU
		{483377A3-D29E-4653-829D-F91443519308}.Release|Any CPU.ActiveCfg = Release|Any CPU
		{483377A3-D29E-4653-829D-F91443519308}.Release|Any CPU.Build.0 = Release|Any CPU
		{9E396B51-7062-44D7-93C2-30CEB8EF8ED5}.Debug|Any CPU.ActiveCfg = Debug|Any CPU
		{9E396B51-7062-44D7-93C2-30CEB8EF8ED5}.Debug|Any CPU.Build.0 = Debug|Any CPU
		{9E396B51-7062-44D7-93C2-30CEB8EF8ED5}.Release|Any CPU.ActiveCfg = Release|Any CPU
		{9E396B51-7062-44D7-93C2-30CEB8EF8ED5}.Release|Any CPU.Build.0 = Release|Any CPU
		{73119D5A-02BD-42E0-80E7-901CCF67AA1C}.Debug|Any CPU.ActiveCfg = Debug|Any CPU
		{73119D5A-02BD-42E0-80E7-901CCF67AA1C}.Debug|Any CPU.Build.0 = Debug|Any CPU
		{73119D5A-02BD-42E0-80E7-901CCF67AA1C}.Release|Any CPU.ActiveCfg = Release|Any CPU
		{73119D5A-02BD-42E0-80E7-901CCF67AA1C}.Release|Any CPU.Build.0 = Release|Any CPU
		{6F82C74F-9808-4A54-BE94-713B0CEB18A5}.Debug|Any CPU.ActiveCfg = Debug|Any CPU
		{6F82C74F-9808-4A54-BE94-713B0CEB18A5}.Debug|Any CPU.Build.0 = Debug|Any CPU
		{6F82C74F-9808-4A54-BE94-713B0CEB18A5}.Release|Any CPU.ActiveCfg = Release|Any CPU
		{6F82C74F-9808-4A54-BE94-713B0CEB18A5}.Release|Any CPU.Build.0 = Release|Any CPU
		{D93DC89E-7AD8-4795-8974-AC974F6AD12F}.Debug|Any CPU.ActiveCfg = Debug|Any CPU
		{D93DC89E-7AD8-4795-8974-AC974F6AD12F}.Debug|Any CPU.Build.0 = Debug|Any CPU
		{D93DC89E-7AD8-4795-8974-AC974F6AD12F}.Release|Any CPU.ActiveCfg = Release|Any CPU
		{D93DC89E-7AD8-4795-8974-AC974F6AD12F}.Release|Any CPU.Build.0 = Release|Any CPU
		{1A2EACF0-87E9-4281-9D88-4A7464CF52EF}.Debug|Any CPU.ActiveCfg = Debug|Any CPU
		{1A2EACF0-87E9-4281-9D88-4A7464CF52EF}.Debug|Any CPU.Build.0 = Debug|Any CPU
		{1A2EACF0-87E9-4281-9D88-4A7464CF52EF}.Release|Any CPU.ActiveCfg = Release|Any CPU
		{1A2EACF0-87E9-4281-9D88-4A7464CF52EF}.Release|Any CPU.Build.0 = Release|Any CPU
		{FA456D48-6BCF-4370-9B3B-8D18DC42D0B8}.Debug|Any CPU.ActiveCfg = Debug|Any CPU
		{FA456D48-6BCF-4370-9B3B-8D18DC42D0B8}.Debug|Any CPU.Build.0 = Debug|Any CPU
		{FA456D48-6BCF-4370-9B3B-8D18DC42D0B8}.Release|Any CPU.ActiveCfg = Release|Any CPU
		{FA456D48-6BCF-4370-9B3B-8D18DC42D0B8}.Release|Any CPU.Build.0 = Release|Any CPU
		{A4F20226-8F77-452A-A770-D7DDE351A313}.Debug|Any CPU.ActiveCfg = Debug|Any CPU
		{A4F20226-8F77-452A-A770-D7DDE351A313}.Debug|Any CPU.Build.0 = Debug|Any CPU
		{A4F20226-8F77-452A-A770-D7DDE351A313}.Release|Any CPU.ActiveCfg = Release|Any CPU
		{A4F20226-8F77-452A-A770-D7DDE351A313}.Release|Any CPU.Build.0 = Release|Any CPU
		{0C4AB3EC-9137-4170-8D5E-8AD7D8CF453F}.Debug|Any CPU.ActiveCfg = Debug|Any CPU
		{0C4AB3EC-9137-4170-8D5E-8AD7D8CF453F}.Debug|Any CPU.Build.0 = Debug|Any CPU
		{0C4AB3EC-9137-4170-8D5E-8AD7D8CF453F}.Release|Any CPU.ActiveCfg = Release|Any CPU
		{0C4AB3EC-9137-4170-8D5E-8AD7D8CF453F}.Release|Any CPU.Build.0 = Release|Any CPU
		{EAA5EE52-7286-4C09-9567-119049941891}.Debug|Any CPU.ActiveCfg = Debug|Any CPU
		{EAA5EE52-7286-4C09-9567-119049941891}.Debug|Any CPU.Build.0 = Debug|Any CPU
		{EAA5EE52-7286-4C09-9567-119049941891}.Release|Any CPU.ActiveCfg = Release|Any CPU
		{EAA5EE52-7286-4C09-9567-119049941891}.Release|Any CPU.Build.0 = Release|Any CPU
		{3A2B2BD4-A0BE-459A-884B-9EEDF7BC9984}.Debug|Any CPU.ActiveCfg = Debug|Any CPU
		{3A2B2BD4-A0BE-459A-884B-9EEDF7BC9984}.Debug|Any CPU.Build.0 = Debug|Any CPU
		{3A2B2BD4-A0BE-459A-884B-9EEDF7BC9984}.Release|Any CPU.ActiveCfg = Release|Any CPU
		{3A2B2BD4-A0BE-459A-884B-9EEDF7BC9984}.Release|Any CPU.Build.0 = Release|Any CPU
		{3A3BB1FB-C681-4F82-B3A3-F843624A3578}.Debug|Any CPU.ActiveCfg = Debug|Any CPU
		{3A3BB1FB-C681-4F82-B3A3-F843624A3578}.Debug|Any CPU.Build.0 = Debug|Any CPU
		{3A3BB1FB-C681-4F82-B3A3-F843624A3578}.Release|Any CPU.ActiveCfg = Release|Any CPU
		{3A3BB1FB-C681-4F82-B3A3-F843624A3578}.Release|Any CPU.Build.0 = Release|Any CPU
		{240BE171-0B1B-46E1-AA7F-462ED49C26D1}.Debug|Any CPU.ActiveCfg = Debug|Any CPU
		{240BE171-0B1B-46E1-AA7F-462ED49C26D1}.Debug|Any CPU.Build.0 = Debug|Any CPU
		{240BE171-0B1B-46E1-AA7F-462ED49C26D1}.Release|Any CPU.ActiveCfg = Release|Any CPU
		{240BE171-0B1B-46E1-AA7F-462ED49C26D1}.Release|Any CPU.Build.0 = Release|Any CPU
		{94E88723-7CE9-4131-9F6F-D223A09CF04F}.Debug|Any CPU.ActiveCfg = Debug|Any CPU
		{94E88723-7CE9-4131-9F6F-D223A09CF04F}.Debug|Any CPU.Build.0 = Debug|Any CPU
		{94E88723-7CE9-4131-9F6F-D223A09CF04F}.Release|Any CPU.ActiveCfg = Release|Any CPU
		{94E88723-7CE9-4131-9F6F-D223A09CF04F}.Release|Any CPU.Build.0 = Release|Any CPU
		{0F89FDDE-9AF6-4E25-87B0-7C0B5CEB9ED3}.Debug|Any CPU.ActiveCfg = Debug|Any CPU
		{0F89FDDE-9AF6-4E25-87B0-7C0B5CEB9ED3}.Debug|Any CPU.Build.0 = Debug|Any CPU
		{0F89FDDE-9AF6-4E25-87B0-7C0B5CEB9ED3}.Release|Any CPU.ActiveCfg = Release|Any CPU
		{0F89FDDE-9AF6-4E25-87B0-7C0B5CEB9ED3}.Release|Any CPU.Build.0 = Release|Any CPU
		{386164A6-1D67-4D1F-9A0D-44DEB65EDA82}.Debug|Any CPU.ActiveCfg = Debug|Any CPU
		{386164A6-1D67-4D1F-9A0D-44DEB65EDA82}.Debug|Any CPU.Build.0 = Debug|Any CPU
		{386164A6-1D67-4D1F-9A0D-44DEB65EDA82}.Release|Any CPU.ActiveCfg = Release|Any CPU
		{386164A6-1D67-4D1F-9A0D-44DEB65EDA82}.Release|Any CPU.Build.0 = Release|Any CPU
		{594C35A2-B961-4AF7-86CB-262A1002828D}.Debug|Any CPU.ActiveCfg = Debug|Any CPU
		{594C35A2-B961-4AF7-86CB-262A1002828D}.Debug|Any CPU.Build.0 = Debug|Any CPU
		{594C35A2-B961-4AF7-86CB-262A1002828D}.Release|Any CPU.ActiveCfg = Release|Any CPU
		{594C35A2-B961-4AF7-86CB-262A1002828D}.Release|Any CPU.Build.0 = Release|Any CPU
		{65A83B61-B0E7-4FC0-8CC6-C8995B581FD7}.Debug|Any CPU.ActiveCfg = Debug|Any CPU
		{65A83B61-B0E7-4FC0-8CC6-C8995B581FD7}.Debug|Any CPU.Build.0 = Debug|Any CPU
		{65A83B61-B0E7-4FC0-8CC6-C8995B581FD7}.Release|Any CPU.ActiveCfg = Release|Any CPU
		{65A83B61-B0E7-4FC0-8CC6-C8995B581FD7}.Release|Any CPU.Build.0 = Release|Any CPU
		{A0F4FE1B-6502-48B5-8ED9-EB208866F3DA}.Debug|Any CPU.ActiveCfg = Debug|Any CPU
		{A0F4FE1B-6502-48B5-8ED9-EB208866F3DA}.Debug|Any CPU.Build.0 = Debug|Any CPU
		{A0F4FE1B-6502-48B5-8ED9-EB208866F3DA}.Release|Any CPU.ActiveCfg = Release|Any CPU
		{A0F4FE1B-6502-48B5-8ED9-EB208866F3DA}.Release|Any CPU.Build.0 = Release|Any CPU
		{7FB54E2E-65A9-490C-8D62-579E54A42A76}.Debug|Any CPU.ActiveCfg = Debug|Any CPU
		{7FB54E2E-65A9-490C-8D62-579E54A42A76}.Debug|Any CPU.Build.0 = Debug|Any CPU
		{7FB54E2E-65A9-490C-8D62-579E54A42A76}.Release|Any CPU.ActiveCfg = Release|Any CPU
		{7FB54E2E-65A9-490C-8D62-579E54A42A76}.Release|Any CPU.Build.0 = Release|Any CPU
		{114696CD-12EE-462D-B9CE-4CC12E19D2BB}.Debug|Any CPU.ActiveCfg = Debug|Any CPU
		{114696CD-12EE-462D-B9CE-4CC12E19D2BB}.Debug|Any CPU.Build.0 = Debug|Any CPU
		{114696CD-12EE-462D-B9CE-4CC12E19D2BB}.Release|Any CPU.ActiveCfg = Release|Any CPU
		{114696CD-12EE-462D-B9CE-4CC12E19D2BB}.Release|Any CPU.Build.0 = Release|Any CPU
		{CC841F0A-86E0-4EDB-AEA5-A8110E7F14B1}.Debug|Any CPU.ActiveCfg = Debug|Any CPU
		{CC841F0A-86E0-4EDB-AEA5-A8110E7F14B1}.Debug|Any CPU.Build.0 = Debug|Any CPU
		{CC841F0A-86E0-4EDB-AEA5-A8110E7F14B1}.Release|Any CPU.ActiveCfg = Release|Any CPU
		{CC841F0A-86E0-4EDB-AEA5-A8110E7F14B1}.Release|Any CPU.Build.0 = Release|Any CPU
		{9889043A-6530-4451-81FC-81F7CDAC4C70}.Debug|Any CPU.ActiveCfg = Debug|Any CPU
		{9889043A-6530-4451-81FC-81F7CDAC4C70}.Debug|Any CPU.Build.0 = Debug|Any CPU
		{9889043A-6530-4451-81FC-81F7CDAC4C70}.Release|Any CPU.ActiveCfg = Release|Any CPU
		{9889043A-6530-4451-81FC-81F7CDAC4C70}.Release|Any CPU.Build.0 = Release|Any CPU
		{158DEEDF-5729-4AB1-B3D9-16C5DF861284}.Debug|Any CPU.ActiveCfg = Debug|Any CPU
		{158DEEDF-5729-4AB1-B3D9-16C5DF861284}.Debug|Any CPU.Build.0 = Debug|Any CPU
		{158DEEDF-5729-4AB1-B3D9-16C5DF861284}.Release|Any CPU.ActiveCfg = Release|Any CPU
		{158DEEDF-5729-4AB1-B3D9-16C5DF861284}.Release|Any CPU.Build.0 = Release|Any CPU
		{5B3D2249-1CFD-4711-A24C-50E46CD538CC}.Debug|Any CPU.ActiveCfg = Debug|Any CPU
		{5B3D2249-1CFD-4711-A24C-50E46CD538CC}.Debug|Any CPU.Build.0 = Debug|Any CPU
		{5B3D2249-1CFD-4711-A24C-50E46CD538CC}.Release|Any CPU.ActiveCfg = Release|Any CPU
		{5B3D2249-1CFD-4711-A24C-50E46CD538CC}.Release|Any CPU.Build.0 = Release|Any CPU
		{682CECD5-30FC-4EA0-AF3B-A7CDDE46161A}.Debug|Any CPU.ActiveCfg = Debug|Any CPU
		{682CECD5-30FC-4EA0-AF3B-A7CDDE46161A}.Debug|Any CPU.Build.0 = Debug|Any CPU
		{682CECD5-30FC-4EA0-AF3B-A7CDDE46161A}.Release|Any CPU.ActiveCfg = Release|Any CPU
		{682CECD5-30FC-4EA0-AF3B-A7CDDE46161A}.Release|Any CPU.Build.0 = Release|Any CPU
		{6B08801D-CD4F-4B85-9444-4D930D9A02D1}.Debug|Any CPU.ActiveCfg = Debug|Any CPU
		{6B08801D-CD4F-4B85-9444-4D930D9A02D1}.Debug|Any CPU.Build.0 = Debug|Any CPU
		{6B08801D-CD4F-4B85-9444-4D930D9A02D1}.Release|Any CPU.ActiveCfg = Release|Any CPU
		{6B08801D-CD4F-4B85-9444-4D930D9A02D1}.Release|Any CPU.Build.0 = Release|Any CPU
		{87859DFF-2797-4DE0-8FDB-3BA23775FC0D}.Debug|Any CPU.ActiveCfg = Debug|Any CPU
		{87859DFF-2797-4DE0-8FDB-3BA23775FC0D}.Debug|Any CPU.Build.0 = Debug|Any CPU
		{87859DFF-2797-4DE0-8FDB-3BA23775FC0D}.Release|Any CPU.ActiveCfg = Release|Any CPU
		{87859DFF-2797-4DE0-8FDB-3BA23775FC0D}.Release|Any CPU.Build.0 = Release|Any CPU
		{F88CECF0-8FEF-4384-976B-EE8178573876}.Debug|Any CPU.ActiveCfg = Debug|Any CPU
		{F88CECF0-8FEF-4384-976B-EE8178573876}.Debug|Any CPU.Build.0 = Debug|Any CPU
		{F88CECF0-8FEF-4384-976B-EE8178573876}.Release|Any CPU.ActiveCfg = Release|Any CPU
		{F88CECF0-8FEF-4384-976B-EE8178573876}.Release|Any CPU.Build.0 = Release|Any CPU
		{AF0B01D4-C046-4663-8A25-5AA4070D4326}.Debug|Any CPU.ActiveCfg = Debug|Any CPU
		{AF0B01D4-C046-4663-8A25-5AA4070D4326}.Debug|Any CPU.Build.0 = Debug|Any CPU
		{AF0B01D4-C046-4663-8A25-5AA4070D4326}.Release|Any CPU.ActiveCfg = Release|Any CPU
		{AF0B01D4-C046-4663-8A25-5AA4070D4326}.Release|Any CPU.Build.0 = Release|Any CPU
	EndGlobalSection
	GlobalSection(SolutionProperties) = preSolution
		HideSolutionNode = FALSE
	EndGlobalSection
	GlobalSection(NestedProjects) = preSolution
		{3A979573-1004-4A7E-B232-C867AF860F7B} = {9B8F43DB-F7AD-465F-883B-55580F38E1E1}
		{B43773B3-DB6D-4BB2-A8FD-D27D3092766D} = {9B8F43DB-F7AD-465F-883B-55580F38E1E1}
		{28FDEBBA-3B11-408F-AF83-C42671C04488} = {1C0B23F5-8E23-4CB8-B2F9-260E7CDEFA47}
		{94BAE994-DDB9-4AD6-BC68-3E48EFD165C3} = {1C0B23F5-8E23-4CB8-B2F9-260E7CDEFA47}
		{6546D05F-10C6-4590-8E43-3B927289BD56} = {1C0B23F5-8E23-4CB8-B2F9-260E7CDEFA47}
		{643E1C5E-6FE1-427D-9BDF-775415726196} = {9B8F43DB-F7AD-465F-883B-55580F38E1E1}
		{554DA2A2-F6DC-43E5-9D01-2AACDAF148DB} = {D7F15357-46DB-4AF6-BAB6-B449F5E17969}
		{E6DF0F7D-4067-4AA7-9BC6-3191E15F2A8E} = {554DA2A2-F6DC-43E5-9D01-2AACDAF148DB}
		{734D6C66-7CC8-4B0C-80D2-57106187AB02} = {554DA2A2-F6DC-43E5-9D01-2AACDAF148DB}
		{13D101F3-15AE-4DFC-BD55-7C4668EC1853} = {554DA2A2-F6DC-43E5-9D01-2AACDAF148DB}
		{2AB98CD7-0FB7-4968-BB74-59FDAE21639A} = {A4670680-FF1A-4D03-AD15-28102A309347}
		{FB15CA99-7896-4BEA-9828-D41086FC10CE} = {A4670680-FF1A-4D03-AD15-28102A309347}
		{20196FFA-F81F-4FA4-BD85-64930400F0F3} = {A4670680-FF1A-4D03-AD15-28102A309347}
		{E85B4F39-2F25-480A-9ED6-C5CE671FC272} = {D7F15357-46DB-4AF6-BAB6-B449F5E17969}
		{0792CE40-5CBB-4B6D-B701-F6B56C94F934} = {E85B4F39-2F25-480A-9ED6-C5CE671FC272}
		{55674643-D843-4F54-82ED-CC95594D41C3} = {E85B4F39-2F25-480A-9ED6-C5CE671FC272}
		{B71FFC76-A31C-4349-99A7-DD038230B461} = {AAF19FE6-FCCA-43EE-AE78-D7611821C77C}
		{17EE025D-D4C2-44B1-A790-668F3E212143} = {AAF19FE6-FCCA-43EE-AE78-D7611821C77C}
		{BF18E0F8-8451-49F7-85F0-0D3635EC2400} = {AC5FF439-5855-4096-BE79-81807575ECE5}
		{DCBC869C-6334-4849-8B1A-2BA4B770BAE7} = {AC5FF439-5855-4096-BE79-81807575ECE5}
		{0B9492B9-F573-4B56-8908-B1F56A0F23B8} = {AAF19FE6-FCCA-43EE-AE78-D7611821C77C}
		{498C8F6C-518B-4C27-A47F-F8F73C9E6C7B} = {AC5FF439-5855-4096-BE79-81807575ECE5}
		{9CB74FC4-3424-45BB-B849-CFCEBF6D42CA} = {29FDC0F9-C6FF-4D1D-84F6-B83925AD5AAF}
		{45C90ACB-A98F-4257-B229-2C161A3878DD} = {29FDC0F9-C6FF-4D1D-84F6-B83925AD5AAF}
		{FDCF518A-327C-447F-91BB-20680A2192A9} = {29FDC0F9-C6FF-4D1D-84F6-B83925AD5AAF}
		{7F804FF8-264F-4867-9C4F-043D6FB7F0A6} = {0103C653-C0DD-47C2-86DF-5C894AC7979D}
		{776BC23E-BCB2-4F56-A178-373C3C613EC5} = {0103C653-C0DD-47C2-86DF-5C894AC7979D}
		{B5ABF3E2-B3A2-4775-A41F-82D3BD494FCA} = {0103C653-C0DD-47C2-86DF-5C894AC7979D}
		{07C5088C-6C99-4AC3-AC0C-B2F9811C4D83} = {98442AAD-D0B4-4602-84BC-CF977E78DFDE}
		{754B4FA6-4D63-43B6-B266-746BDF7BA8FD} = {98442AAD-D0B4-4602-84BC-CF977E78DFDE}
		{2C4F547C-AB70-4BAB-8EAD-2BBA683F0C50} = {98442AAD-D0B4-4602-84BC-CF977E78DFDE}
		{BB378CF7-2CBF-458C-A56F-A782A48D7AB7} = {8A2B68ED-566F-463C-99DB-8D5B4442703B}
		{8447DC16-7D96-41B7-BDB6-BBB3A40349EE} = {8A2B68ED-566F-463C-99DB-8D5B4442703B}
		{5855EA5D-B02F-4191-BF38-1384E5C0E1A7} = {8A2B68ED-566F-463C-99DB-8D5B4442703B}
		{238CD0BA-DA92-4058-B98C-2B1D3269A333} = {921857C0-2A03-4346-9A77-F2D1E6338A5A}
		{9AC0E8AB-C62F-44D2-9B3E-6C59A0A46782} = {921857C0-2A03-4346-9A77-F2D1E6338A5A}
		{3B8BFDA5-918F-4562-85F5-142EE3A10BB6} = {921857C0-2A03-4346-9A77-F2D1E6338A5A}
		{69483011-2B19-4A8E-9861-1AE185C1EE63} = {8236AA00-DEB0-492A-9C61-20BB8A9821B6}
		{C08F44F2-A2D2-48F0-8C0C-43ACA8FF1111} = {8236AA00-DEB0-492A-9C61-20BB8A9821B6}
		{9B5DDE25-C27D-4AE5-9ADD-02D879397F7D} = {8236AA00-DEB0-492A-9C61-20BB8A9821B6}
		{3DB1E914-769B-420D-920E-2B224B026CCE} = {0B59DED6-389C-4537-B701-456A9F9507C2}
		{36F5A727-175B-4012-A7DD-1EA1614E8DD3} = {0B59DED6-389C-4537-B701-456A9F9507C2}
		{2536FD50-3B90-454D-B2A4-5A1BC605EDA8} = {0B59DED6-389C-4537-B701-456A9F9507C2}
		{D63E956D-39F4-46A1-ABEA-7AC4C494AB12} = {E85B4F39-2F25-480A-9ED6-C5CE671FC272}
		{24E90C77-BBB6-42D5-8F35-2F178EB26A1E} = {CF3A5E85-AF74-4363-9D62-ADE13B9BFCF1}
		{6FEAD540-890B-4110-90E0-87EC4132B32A} = {CF3A5E85-AF74-4363-9D62-ADE13B9BFCF1}
		{16F6FA86-507E-4834-81DD-30C566D98A31} = {CF3A5E85-AF74-4363-9D62-ADE13B9BFCF1}
		{35FC6594-BECC-48AA-BE49-E3AD2AA78F36} = {3F86F57B-B550-4CFF-96B8-E5AB066FBF1D}
		{1E876BFD-393C-4CF4-9158-E55F4E30070F} = {3F86F57B-B550-4CFF-96B8-E5AB066FBF1D}
		{BB91BDD4-DFE5-4B32-95C0-CA87BF727A5F} = {3F86F57B-B550-4CFF-96B8-E5AB066FBF1D}
		{5289B3C0-79D6-4D0F-A42F-899BC31DF23B} = {9B8F43DB-F7AD-465F-883B-55580F38E1E1}
		{B6CE95E1-B69E-4D5B-BC6D-6232104A263C} = {5289B3C0-79D6-4D0F-A42F-899BC31DF23B}
		{5D28A093-696A-4408-A494-4D25601C4911} = {5289B3C0-79D6-4D0F-A42F-899BC31DF23B}
		{44D1B9E8-5798-4A90-9D1C-E430B9FEA817} = {5289B3C0-79D6-4D0F-A42F-899BC31DF23B}
		{A256825E-3B83-42A5-8037-D8EA8254E811} = {9B8F43DB-F7AD-465F-883B-55580F38E1E1}
		{44F08F88-9598-405F-A61E-7233AB240424} = {D7F15357-46DB-4AF6-BAB6-B449F5E17969}
		{B37B7854-210E-4800-8060-EE1AC8DDE354} = {44F08F88-9598-405F-A61E-7233AB240424}
		{352EFEB0-0543-4188-95B2-D389B4546B0A} = {44F08F88-9598-405F-A61E-7233AB240424}
		{3AB37B06-35D9-4FF0-84EA-146D932C1D3E} = {44F08F88-9598-405F-A61E-7233AB240424}
		{DD2BD9CF-D100-4E7D-A2EA-E55BEEAC55B7} = {A256825E-3B83-42A5-8037-D8EA8254E811}
		{0756F3AD-0403-4F3F-9859-AB25CB4FDD86} = {A256825E-3B83-42A5-8037-D8EA8254E811}
		{8E10DE6E-4BBE-43F4-8A86-DBFD0B29E50E} = {A256825E-3B83-42A5-8037-D8EA8254E811}
		{2B69F530-DA23-4007-B071-3AE792B0426E} = {9B8F43DB-F7AD-465F-883B-55580F38E1E1}
		{5076E48B-3A80-447E-B028-532CA6A302C3} = {D7F15357-46DB-4AF6-BAB6-B449F5E17969}
		{B2134BED-011B-49B5-A2F6-E55747B0058E} = {5076E48B-3A80-447E-B028-532CA6A302C3}
		{A68ACDAC-DC32-4D80-82B2-77C30B2CDDBB} = {FB2A4BAF-8EF4-4F97-9CE7-7B96F222F00E}
		{953DBC81-9875-432F-81C9-4AEBA53BD4FD} = {FB2A4BAF-8EF4-4F97-9CE7-7B96F222F00E}
		{1EA11968-8637-4C8A-94FD-4531813E9A72} = {FB2A4BAF-8EF4-4F97-9CE7-7B96F222F00E}
		{FB2A4BAF-8EF4-4F97-9CE7-7B96F222F00E} = {D7F15357-46DB-4AF6-BAB6-B449F5E17969}
		{65AFB81E-0D25-4D31-9DD6-FC2CA19E5177} = {D7F15357-46DB-4AF6-BAB6-B449F5E17969}
		{49E9F0BC-8F8A-484B-BF12-4DDC10D15F7F} = {65AFB81E-0D25-4D31-9DD6-FC2CA19E5177}
		{5738D9D8-1887-4A2E-8F59-17A279AA6590} = {65AFB81E-0D25-4D31-9DD6-FC2CA19E5177}
		{2DCED8F5-760C-4545-A5FE-018860FF03AE} = {65AFB81E-0D25-4D31-9DD6-FC2CA19E5177}
		{D2959C7A-2856-4470-B858-8D8A639C57E4} = {11D49EF3-6A6C-4821-BD49-74C847720C38}
		{45F2A917-0CF4-47E2-B0A8-DC26F575ECC4} = {11D49EF3-6A6C-4821-BD49-74C847720C38}
		{36875AF3-585D-4665-B834-E15F1478FEBF} = {11D49EF3-6A6C-4821-BD49-74C847720C38}
		{12008B4A-A998-42F9-B028-3A163ABD10A3} = {D7F15357-46DB-4AF6-BAB6-B449F5E17969}
		{FC2DA8B0-7307-4CF0-A267-6C023486A01E} = {12008B4A-A998-42F9-B028-3A163ABD10A3}
		{5DF284BA-47CB-4FF6-8FAD-A6C703F0B8AE} = {12008B4A-A998-42F9-B028-3A163ABD10A3}
		{85B26942-4A1C-4DC5-95F8-379771448AD5} = {D7F15357-46DB-4AF6-BAB6-B449F5E17969}
		{31A6FEFF-A0E3-4660-A4F2-EC9661556417} = {85B26942-4A1C-4DC5-95F8-379771448AD5}
		{DC7A2A14-F815-4A9C-AD82-4DF165103D36} = {85B26942-4A1C-4DC5-95F8-379771448AD5}
		{9C08CC52-CE0B-4411-AC9E-F7339B9029B8} = {D7F15357-46DB-4AF6-BAB6-B449F5E17969}
		{068A53E7-DC3D-4E2C-81A3-AFDB9CE28F7D} = {9C08CC52-CE0B-4411-AC9E-F7339B9029B8}
		{E06B048B-9F48-469F-AEE4-E67852E0FB2A} = {9C08CC52-CE0B-4411-AC9E-F7339B9029B8}
		{483377A3-D29E-4653-829D-F91443519308} = {347444B4-0F4A-4CA0-9B99-8FE0E7EBEB35}
		{347444B4-0F4A-4CA0-9B99-8FE0E7EBEB35} = {D7F15357-46DB-4AF6-BAB6-B449F5E17969}
		{9E396B51-7062-44D7-93C2-30CEB8EF8ED5} = {347444B4-0F4A-4CA0-9B99-8FE0E7EBEB35}
		{73119D5A-02BD-42E0-80E7-901CCF67AA1C} = {347444B4-0F4A-4CA0-9B99-8FE0E7EBEB35}
		{6F82C74F-9808-4A54-BE94-713B0CEB18A5} = {FA9A56EA-3481-4F76-9918-4D8D27F7B251}
		{D93DC89E-7AD8-4795-8974-AC974F6AD12F} = {FA9A56EA-3481-4F76-9918-4D8D27F7B251}
		{1A2EACF0-87E9-4281-9D88-4A7464CF52EF} = {FA9A56EA-3481-4F76-9918-4D8D27F7B251}
		{F9F624BF-77E2-4FB7-AE2C-CCBF9BB17F35} = {D7F15357-46DB-4AF6-BAB6-B449F5E17969}
		{FA456D48-6BCF-4370-9B3B-8D18DC42D0B8} = {F9F624BF-77E2-4FB7-AE2C-CCBF9BB17F35}
		{A4F20226-8F77-452A-A770-D7DDE351A313} = {F9F624BF-77E2-4FB7-AE2C-CCBF9BB17F35}
		{A373B46E-7F2B-497C-AEA7-00562115937F} = {D7F15357-46DB-4AF6-BAB6-B449F5E17969}
		{0C4AB3EC-9137-4170-8D5E-8AD7D8CF453F} = {A373B46E-7F2B-497C-AEA7-00562115937F}
		{EAA5EE52-7286-4C09-9567-119049941891} = {A373B46E-7F2B-497C-AEA7-00562115937F}
		{3A2B2BD4-A0BE-459A-884B-9EEDF7BC9984} = {A373B46E-7F2B-497C-AEA7-00562115937F}
		{26E07CAD-C9D7-4AAD-8CE2-81F13AC4272A} = {D7F15357-46DB-4AF6-BAB6-B449F5E17969}
		{3A3BB1FB-C681-4F82-B3A3-F843624A3578} = {26E07CAD-C9D7-4AAD-8CE2-81F13AC4272A}
		{240BE171-0B1B-46E1-AA7F-462ED49C26D1} = {26E07CAD-C9D7-4AAD-8CE2-81F13AC4272A}
		{352F6D63-3AC4-4655-8B2C-BE6567851B85} = {D7F15357-46DB-4AF6-BAB6-B449F5E17969}
		{94E88723-7CE9-4131-9F6F-D223A09CF04F} = {352F6D63-3AC4-4655-8B2C-BE6567851B85}
		{0F89FDDE-9AF6-4E25-87B0-7C0B5CEB9ED3} = {352F6D63-3AC4-4655-8B2C-BE6567851B85}
		{386164A6-1D67-4D1F-9A0D-44DEB65EDA82} = {C40AE16D-06B8-4B3C-BFE7-1BDDF17C0387}
		{594C35A2-B961-4AF7-86CB-262A1002828D} = {C40AE16D-06B8-4B3C-BFE7-1BDDF17C0387}
		{65A83B61-B0E7-4FC0-8CC6-C8995B581FD7} = {C40AE16D-06B8-4B3C-BFE7-1BDDF17C0387}
		{A0F4FE1B-6502-48B5-8ED9-EB208866F3DA} = {C30AAD04-8287-4AE0-8FE2-86E34F293D8B}
		{7FB54E2E-65A9-490C-8D62-579E54A42A76} = {C30AAD04-8287-4AE0-8FE2-86E34F293D8B}
		{114696CD-12EE-462D-B9CE-4CC12E19D2BB} = {C30AAD04-8287-4AE0-8FE2-86E34F293D8B}
		{204C609E-4321-440A-9D9C-CBFBA25381E9} = {1748B8CB-24C2-4556-BA11-0CC8B3F7766E}
		{819F30D6-7D8F-4A73-AA0A-28CDDF81DE6C} = {204C609E-4321-440A-9D9C-CBFBA25381E9}
		{CC841F0A-86E0-4EDB-AEA5-A8110E7F14B1} = {3D6E31C6-9D2B-4A82-A8ED-B493D358F54D}
		{9889043A-6530-4451-81FC-81F7CDAC4C70} = {3D6E31C6-9D2B-4A82-A8ED-B493D358F54D}
		{158DEEDF-5729-4AB1-B3D9-16C5DF861284} = {3D6E31C6-9D2B-4A82-A8ED-B493D358F54D}
		{41D43B33-9A0D-4E89-9849-F7507181D0F3} = {D7F15357-46DB-4AF6-BAB6-B449F5E17969}
		{5B3D2249-1CFD-4711-A24C-50E46CD538CC} = {41D43B33-9A0D-4E89-9849-F7507181D0F3}
		{682CECD5-30FC-4EA0-AF3B-A7CDDE46161A} = {41D43B33-9A0D-4E89-9849-F7507181D0F3}
		{6B08801D-CD4F-4B85-9444-4D930D9A02D1} = {41D43B33-9A0D-4E89-9849-F7507181D0F3}
		{FA9A56EA-3481-4F76-9918-4D8D27F7B251} = {FDE01B19-1C38-4472-9062-5160EB8CD7B0}
		{921857C0-2A03-4346-9A77-F2D1E6338A5A} = {FDE01B19-1C38-4472-9062-5160EB8CD7B0}
		{29FDC0F9-C6FF-4D1D-84F6-B83925AD5AAF} = {FDE01B19-1C38-4472-9062-5160EB8CD7B0}
		{0B59DED6-389C-4537-B701-456A9F9507C2} = {FDE01B19-1C38-4472-9062-5160EB8CD7B0}
		{3F86F57B-B550-4CFF-96B8-E5AB066FBF1D} = {FDE01B19-1C38-4472-9062-5160EB8CD7B0}
		{8236AA00-DEB0-492A-9C61-20BB8A9821B6} = {FDE01B19-1C38-4472-9062-5160EB8CD7B0}
		{3D6E31C6-9D2B-4A82-A8ED-B493D358F54D} = {FDE01B19-1C38-4472-9062-5160EB8CD7B0}
		{98442AAD-D0B4-4602-84BC-CF977E78DFDE} = {FDE01B19-1C38-4472-9062-5160EB8CD7B0}
		{AAF19FE6-FCCA-43EE-AE78-D7611821C77C} = {FDE01B19-1C38-4472-9062-5160EB8CD7B0}
		{1C0B23F5-8E23-4CB8-B2F9-260E7CDEFA47} = {FDE01B19-1C38-4472-9062-5160EB8CD7B0}
		{11D49EF3-6A6C-4821-BD49-74C847720C38} = {FDE01B19-1C38-4472-9062-5160EB8CD7B0}
		{C30AAD04-8287-4AE0-8FE2-86E34F293D8B} = {FDE01B19-1C38-4472-9062-5160EB8CD7B0}
		{CF3A5E85-AF74-4363-9D62-ADE13B9BFCF1} = {FDE01B19-1C38-4472-9062-5160EB8CD7B0}
		{A4670680-FF1A-4D03-AD15-28102A309347} = {FDE01B19-1C38-4472-9062-5160EB8CD7B0}
		{8A2B68ED-566F-463C-99DB-8D5B4442703B} = {FDE01B19-1C38-4472-9062-5160EB8CD7B0}
		{AC5FF439-5855-4096-BE79-81807575ECE5} = {FDE01B19-1C38-4472-9062-5160EB8CD7B0}
		{0103C653-C0DD-47C2-86DF-5C894AC7979D} = {FDE01B19-1C38-4472-9062-5160EB8CD7B0}
		{C40AE16D-06B8-4B3C-BFE7-1BDDF17C0387} = {FDE01B19-1C38-4472-9062-5160EB8CD7B0}
		{8F857245-1F0B-48F2-86BF-A6993018527D} = {FDE01B19-1C38-4472-9062-5160EB8CD7B0}
		{87859DFF-2797-4DE0-8FDB-3BA23775FC0D} = {8F857245-1F0B-48F2-86BF-A6993018527D}
		{F88CECF0-8FEF-4384-976B-EE8178573876} = {8F857245-1F0B-48F2-86BF-A6993018527D}
		{AF0B01D4-C046-4663-8A25-5AA4070D4326} = {8F857245-1F0B-48F2-86BF-A6993018527D}
	EndGlobalSection
	GlobalSection(ExtensibilityGlobals) = postSolution
		SolutionGuid = {C2CCCE5F-C56A-44D5-982E-D1C776D320A5}
	EndGlobalSection
EndGlobal
