
Microsoft Visual Studio Solution File, Format Version 12.00
# Visual Studio Version 16
VisualStudioVersion = 16.0.30225.117
MinimumVisualStudioVersion = 10.0.40219.1
Project("{9A19103F-16F7-4668-BE54-9A1E7A4F7556}") = "RadioReport.ThoraxMRT.Domain", "RadioReport.ThoraxMRT.Domain\RadioReport.ThoraxMRT.Domain.csproj", "{EE5BDA69-060E-407B-9D9D-7354F864023B}"
EndProject
Project("{9A19103F-16F7-4668-BE54-9A1E7A4F7556}") = "RadioReport.ThoraxMRT.Repo", "RadioReport.ThoraxMRT.Repo\RadioReport.ThoraxMRT.Repo.csproj", "{629200D9-2A03-4C4C-8065-F96AD12B7A82}"
EndProject
Project("{9A19103F-16F7-4668-BE54-9A1E7A4F7556}") = "RadioReport.ThoraxMRT.API", "RadioReport.ThoraxMRT.API\RadioReport.ThoraxMRT.API.csproj", "{3290913C-0C06-4303-9D91-A9D3D346676F}"
EndProject
Project("{2150E333-8FDC-42A3-9474-1A3956D46DE8}") = "Common", "Common", "{1129E4F7-BC5B-40FC-BC4F-B471AF397895}"
EndProject
Project("{9A19103F-16F7-4668-BE54-9A1E7A4F7556}") = "RadioReport.Common.Logic", "..\RadioReport.Common\RadioReport.Common.Logic\RadioReport.Common.Logic.csproj", "{EA182F16-8A1D-458F-A6CD-710DA2D6F9CA}"
EndProject
Project("{9A19103F-16F7-4668-BE54-9A1E7A4F7556}") = "RadioReport.Common.Repository", "..\RadioReport.Common\RadioReport.Common.Repository\RadioReport.Common.Repository.csproj", "{E61ABD5E-5D5E-4FD9-BB43-94475089E51E}"
EndProject
Project("{9A19103F-16F7-4668-BE54-9A1E7A4F7556}") = "RadioReport.Common.API", "..\RadioReport.Common\RadioReport.Common.API\RadioReport.Common.API.csproj", "{6CBCAB1E-9E3B-4B30-BB11-54F5A25DF420}"
EndProject
Project("{2150E333-8FDC-42A3-9474-1A3956D46DE8}") = "Module", "Module", "{F712E349-EFCA-4B09-BE22-2E3A5476282F}"
EndProject
Project("{9A19103F-16F7-4668-BE54-9A1E7A4F7556}") = "RadioReport.Common.Module.Logic", "..\RadioReport.Common\Module\RadioReport.Common.Module.Logic\RadioReport.Common.Module.Logic.csproj", "{7D7499CE-78C6-42B4-BC1B-5339E69C5EDD}"
EndProject
Project("{9A19103F-16F7-4668-BE54-9A1E7A4F7556}") = "RadioReport.Common.Module.Repository", "..\RadioReport.Common\Module\RadioReport.Common.Module.Repository\RadioReport.Common.Module.Repository.csproj", "{DD46F315-373D-4664-AAB1-F939271B7D92}"
EndProject
Project("{9A19103F-16F7-4668-BE54-9A1E7A4F7556}") = "RadioReport.Common.Module.API", "..\RadioReport.Common\Module\RadioReport.Common.Module.API\RadioReport.Common.Module.API.csproj", "{E0BF842A-633B-4C6E-9276-DDA06C3E1B61}"
EndProject
Global
	GlobalSection(SolutionConfigurationPlatforms) = preSolution
		Debug|Any CPU = Debug|Any CPU
		Release|Any CPU = Release|Any CPU
	EndGlobalSection
	GlobalSection(ProjectConfigurationPlatforms) = postSolution
		{EE5BDA69-060E-407B-9D9D-7354F864023B}.Debug|Any CPU.ActiveCfg = Debug|Any CPU
		{EE5BDA69-060E-407B-9D9D-7354F864023B}.Debug|Any CPU.Build.0 = Debug|Any CPU
		{EE5BDA69-060E-407B-9D9D-7354F864023B}.Release|Any CPU.ActiveCfg = Release|Any CPU
		{EE5BDA69-060E-407B-9D9D-7354F864023B}.Release|Any CPU.Build.0 = Release|Any CPU
		{629200D9-2A03-4C4C-8065-F96AD12B7A82}.Debug|Any CPU.ActiveCfg = Debug|Any CPU
		{629200D9-2A03-4C4C-8065-F96AD12B7A82}.Debug|Any CPU.Build.0 = Debug|Any CPU
		{629200D9-2A03-4C4C-8065-F96AD12B7A82}.Release|Any CPU.ActiveCfg = Release|Any CPU
		{629200D9-2A03-4C4C-8065-F96AD12B7A82}.Release|Any CPU.Build.0 = Release|Any CPU
		{3290913C-0C06-4303-9D91-A9D3D346676F}.Debug|Any CPU.ActiveCfg = Debug|Any CPU
		{3290913C-0C06-4303-9D91-A9D3D346676F}.Debug|Any CPU.Build.0 = Debug|Any CPU
		{3290913C-0C06-4303-9D91-A9D3D346676F}.Release|Any CPU.ActiveCfg = Release|Any CPU
		{3290913C-0C06-4303-9D91-A9D3D346676F}.Release|Any CPU.Build.0 = Release|Any CPU
		{EA182F16-8A1D-458F-A6CD-710DA2D6F9CA}.Debug|Any CPU.ActiveCfg = Debug|Any CPU
		{EA182F16-8A1D-458F-A6CD-710DA2D6F9CA}.Debug|Any CPU.Build.0 = Debug|Any CPU
		{EA182F16-8A1D-458F-A6CD-710DA2D6F9CA}.Release|Any CPU.ActiveCfg = Release|Any CPU
		{EA182F16-8A1D-458F-A6CD-710DA2D6F9CA}.Release|Any CPU.Build.0 = Release|Any CPU
		{E61ABD5E-5D5E-4FD9-BB43-94475089E51E}.Debug|Any CPU.ActiveCfg = Debug|Any CPU
		{E61ABD5E-5D5E-4FD9-BB43-94475089E51E}.Debug|Any CPU.Build.0 = Debug|Any CPU
		{E61ABD5E-5D5E-4FD9-BB43-94475089E51E}.Release|Any CPU.ActiveCfg = Release|Any CPU
		{E61ABD5E-5D5E-4FD9-BB43-94475089E51E}.Release|Any CPU.Build.0 = Release|Any CPU
		{6CBCAB1E-9E3B-4B30-BB11-54F5A25DF420}.Debug|Any CPU.ActiveCfg = Debug|Any CPU
		{6CBCAB1E-9E3B-4B30-BB11-54F5A25DF420}.Debug|Any CPU.Build.0 = Debug|Any CPU
		{6CBCAB1E-9E3B-4B30-BB11-54F5A25DF420}.Release|Any CPU.ActiveCfg = Release|Any CPU
		{6CBCAB1E-9E3B-4B30-BB11-54F5A25DF420}.Release|Any CPU.Build.0 = Release|Any CPU
		{7D7499CE-78C6-42B4-BC1B-5339E69C5EDD}.Debug|Any CPU.ActiveCfg = Debug|Any CPU
		{7D7499CE-78C6-42B4-BC1B-5339E69C5EDD}.Debug|Any CPU.Build.0 = Debug|Any CPU
		{7D7499CE-78C6-42B4-BC1B-5339E69C5EDD}.Release|Any CPU.ActiveCfg = Release|Any CPU
		{7D7499CE-78C6-42B4-BC1B-5339E69C5EDD}.Release|Any CPU.Build.0 = Release|Any CPU
		{DD46F315-373D-4664-AAB1-F939271B7D92}.Debug|Any CPU.ActiveCfg = Debug|Any CPU
		{DD46F315-373D-4664-AAB1-F939271B7D92}.Debug|Any CPU.Build.0 = Debug|Any CPU
		{DD46F315-373D-4664-AAB1-F939271B7D92}.Release|Any CPU.ActiveCfg = Release|Any CPU
		{DD46F315-373D-4664-AAB1-F939271B7D92}.Release|Any CPU.Build.0 = Release|Any CPU
		{E0BF842A-633B-4C6E-9276-DDA06C3E1B61}.Debug|Any CPU.ActiveCfg = Debug|Any CPU
		{E0BF842A-633B-4C6E-9276-DDA06C3E1B61}.Debug|Any CPU.Build.0 = Debug|Any CPU
		{E0BF842A-633B-4C6E-9276-DDA06C3E1B61}.Release|Any CPU.ActiveCfg = Release|Any CPU
		{E0BF842A-633B-4C6E-9276-DDA06C3E1B61}.Release|Any CPU.Build.0 = Release|Any CPU
	EndGlobalSection
	GlobalSection(SolutionProperties) = preSolution
		HideSolutionNode = FALSE
	EndGlobalSection
	GlobalSection(NestedProjects) = preSolution
		{EA182F16-8A1D-458F-A6CD-710DA2D6F9CA} = {1129E4F7-BC5B-40FC-BC4F-B471AF397895}
		{E61ABD5E-5D5E-4FD9-BB43-94475089E51E} = {1129E4F7-BC5B-40FC-BC4F-B471AF397895}
		{6CBCAB1E-9E3B-4B30-BB11-54F5A25DF420} = {1129E4F7-BC5B-40FC-BC4F-B471AF397895}
		{F712E349-EFCA-4B09-BE22-2E3A5476282F} = {1129E4F7-BC5B-40FC-BC4F-B471AF397895}
		{7D7499CE-78C6-42B4-BC1B-5339E69C5EDD} = {F712E349-EFCA-4B09-BE22-2E3A5476282F}
		{DD46F315-373D-4664-AAB1-F939271B7D92} = {F712E349-EFCA-4B09-BE22-2E3A5476282F}
		{E0BF842A-633B-4C6E-9276-DDA06C3E1B61} = {F712E349-EFCA-4B09-BE22-2E3A5476282F}
	EndGlobalSection
	GlobalSection(ExtensibilityGlobals) = postSolution
		SolutionGuid = {E6C463AA-DC96-40BC-9E40-3F8ACADA5B18}
	EndGlobalSection
EndGlobal
