
Microsoft Visual Studio Solution File, Format Version 12.00
# Visual Studio Version 16
VisualStudioVersion = 16.0.28902.138
MinimumVisualStudioVersion = 10.0.40219.1
Project("{9A19103F-16F7-4668-BE54-9A1E7A4F7556}") = "RadioReport.Common.Repository", "RadioReport.Common.Repository\RadioReport.Common.Repository.csproj", "{ACB45CD7-7054-41B6-81D7-A33182B8F1D9}"
EndProject
Project("{9A19103F-16F7-4668-BE54-9A1E7A4F7556}") = "RadioReport.Common", "RadioReport.Common\RadioReport.Common.csproj", "{77B9875E-1F3A-4F70-BF43-5E9C19990A7C}"
EndProject
Project("{2150E333-8FDC-42A3-9474-1A3956D46DE8}") = "Common", "Common", "{51C4AF31-A816-403D-8A51-9ACF96835BC2}"
EndProject
Project("{2150E333-8FDC-42A3-9474-1A3956D46DE8}") = "Core", "Core", "{B6658BD2-E693-45F2-92D6-88EABF29942C}"
EndProject
Project("{9A19103F-16F7-4668-BE54-9A1E7A4F7556}") = "RadioReport.Common.API", "RadioReport.Common.API\RadioReport.Common.API.csproj", "{136E6993-3685-4616-A488-909BA20B0859}"
EndProject
Project("{2150E333-8FDC-42A3-9474-1A3956D46DE8}") = "Users", "Users", "{F979CB34-25DF-478F-86EF-198FEABF453D}"
EndProject
Project("{9A19103F-16F7-4668-BE54-9A1E7A4F7556}") = "RadioReport.Core.Users.API", "..\RadioReport.Core\Users\RadioReport.Core.Users.API\RadioReport.Core.Users.API.csproj", "{7047D79B-7103-44F4-A124-289C9E6F4E1E}"
EndProject
Project("{9A19103F-16F7-4668-BE54-9A1E7A4F7556}") = "RadioReport.Core.Users.Domain", "..\RadioReport.Core\Users\RadioReport.Core.Users.Domain\RadioReport.Core.Users.Domain.csproj", "{45B4BA83-3038-4220-A100-349933712392}"
EndProject
Project("{9A19103F-16F7-4668-BE54-9A1E7A4F7556}") = "RadioReport.Core.Users.Repo", "..\RadioReport.Core\Users\RadioReport.Core.Users.Repo\RadioReport.Core.Users.Repo.csproj", "{A4979C9B-1650-4E33-ADDA-622115FF819D}"
EndProject
Project("{2150E333-8FDC-42A3-9474-1A3956D46DE8}") = "Tools", "Tools", "{638E344A-DD05-4539-B735-D63223D4F41E}"
EndProject
Project("{2150E333-8FDC-42A3-9474-1A3956D46DE8}") = "ReportTemplateCreator", "ReportTemplateCreator", "{BB09FDC6-F25A-41DA-AB66-18CAEBDBCE26}"
EndProject
Project("{9A19103F-16F7-4668-BE54-9A1E7A4F7556}") = "RadioReport.ReportTemplate.Domain", "..\RadioReport.Tools\RadioReport.ReportTemplate.Domain\RadioReport.ReportTemplate.Domain.csproj", "{89641329-387E-4C40-A474-6EE3AD0FC863}"
EndProject
Project("{9A19103F-16F7-4668-BE54-9A1E7A4F7556}") = "RadioReport.ReportTemplate.UI", "..\RadioReport.Tools\RadioReport.ReportTemplate.UI\RadioReport.ReportTemplate.UI.csproj", "{C71B5962-93C6-4EA2-983F-AD2AC2D88049}"
EndProject
Project("{2150E333-8FDC-42A3-9474-1A3956D46DE8}") = "DatabaseMigrator", "DatabaseMigrator", "{9263EF78-AB20-47D4-839B-4E214BA90332}"
EndProject
Project("{9A19103F-16F7-4668-BE54-9A1E7A4F7556}") = "RadioReport.DatabaseMigrator", "..\RadioReport.Tools\RadioReport.DatabaseMigrator\RadioReport.DatabaseMigrator.csproj", "{B99E510D-C39E-4336-9D42-A77347970F83}"
EndProject
Project("{9A19103F-16F7-4668-BE54-9A1E7A4F7556}") = "RadioReport.Core.Messenger.API", "..\RadioReport.Core\Messenger\RadioReport.Core.Messenger.API.csproj", "{FCACC441-B4CA-44A5-A2FD-D6B0C3306C14}"
EndProject
Project("{2150E333-8FDC-42A3-9474-1A3956D46DE8}") = "Messenger", "Messenger", "{CD0CA8A2-BF75-479E-AB66-4795A02AF0C3}"
EndProject
Project("{2150E333-8FDC-42A3-9474-1A3956D46DE8}") = "Module", "Module", "{8E04002E-75E1-4E2F-B5C9-79E67D040FBA}"
EndProject
Project("{9A19103F-16F7-4668-BE54-9A1E7A4F7556}") = "RadioReport.Common.Module.API", "Module\RadioReport.Common.Module.API\RadioReport.Common.Module.API.csproj", "{F8598C6A-08AB-40B4-88AD-BCDDF7C3FACC}"
EndProject
Project("{9A19103F-16F7-4668-BE54-9A1E7A4F7556}") = "RadioReport.Common.Module.Logic", "Module\RadioReport.Common.Module.Logic\RadioReport.Common.Module.Logic.csproj", "{1FFF0849-6C83-455E-BA26-38B256900E62}"
EndProject
Project("{9A19103F-16F7-4668-BE54-9A1E7A4F7556}") = "RadioReport.Common.Module.NewTechnology", "Module\RadioReport.Common.Module.NewTechnology\RadioReport.Common.Module.NewTechnology.csproj", "{A0668162-AF8E-49CF-93F2-3B673E0AAAF4}"
EndProject
Project("{9A19103F-16F7-4668-BE54-9A1E7A4F7556}") = "RadioReport.Common.Module.Repository", "Module\RadioReport.Common.Module.Repository\RadioReport.Common.Module.Repository.csproj", "{5D78CC75-3005-418D-A58F-40E9C25AAA1D}"
EndProject
Project("{9A19103F-16F7-4668-BE54-9A1E7A4F7556}") = "RadioReport.Common.Module.Technology", "Module\RadioReport.Common.Module.Technology\RadioReport.Common.Module.Technology.csproj", "{B46244F0-73CC-4E0E-80E3-0EEF954E4C43}"
EndProject
Project("{9A19103F-16F7-4668-BE54-9A1E7A4F7556}") = "RadioReport.Common.Module.Tests", "Module\RadioReport.Common.Module.Tests\RadioReport.Common.Module.Tests.csproj", "{3DBD2DC9-BA8E-4AC5-A4E4-0AD6DDC1B6E2}"
EndProject
Project("{2150E333-8FDC-42A3-9474-1A3956D46DE8}") = "Core", "Core", "{E76867B6-38D1-499F-9A18-EBB833722850}"
EndProject
Project("{9A19103F-16F7-4668-BE54-9A1E7A4F7556}") = "RadioReport.Common.Core.API", "Core\RadioReport.Common.Core.API\RadioReport.Common.Core.API.csproj", "{46F32BB8-8FD7-418D-A7B7-256B75645F7D}"
EndProject
Project("{9A19103F-16F7-4668-BE54-9A1E7A4F7556}") = "RadioReport.Common.Core.Logic", "Core\RadioReport.Common.Core.Logic\RadioReport.Common.Core.Logic.csproj", "{5A0354C8-974D-4F52-8000-7DEE77AE005F}"
EndProject
Project("{9A19103F-16F7-4668-BE54-9A1E7A4F7556}") = "RadioReport.Common.Core.Repository", "Core\RadioReport.Common.Core.Repository\RadioReport.Common.Core.Repository.csproj", "{370404C6-2F68-4564-BB96-643F5A001715}"
EndProject
Global
	GlobalSection(SolutionConfigurationPlatforms) = preSolution
		Debug|Any CPU = Debug|Any CPU
		Release|Any CPU = Release|Any CPU
	EndGlobalSection
	GlobalSection(ProjectConfigurationPlatforms) = postSolution
		{ACB45CD7-7054-41B6-81D7-A33182B8F1D9}.Debug|Any CPU.ActiveCfg = Debug|Any CPU
		{ACB45CD7-7054-41B6-81D7-A33182B8F1D9}.Debug|Any CPU.Build.0 = Debug|Any CPU
		{ACB45CD7-7054-41B6-81D7-A33182B8F1D9}.Release|Any CPU.ActiveCfg = Release|Any CPU
		{ACB45CD7-7054-41B6-81D7-A33182B8F1D9}.Release|Any CPU.Build.0 = Release|Any CPU
		{77B9875E-1F3A-4F70-BF43-5E9C19990A7C}.Debug|Any CPU.ActiveCfg = Debug|Any CPU
		{77B9875E-1F3A-4F70-BF43-5E9C19990A7C}.Debug|Any CPU.Build.0 = Debug|Any CPU
		{77B9875E-1F3A-4F70-BF43-5E9C19990A7C}.Release|Any CPU.ActiveCfg = Release|Any CPU
		{77B9875E-1F3A-4F70-BF43-5E9C19990A7C}.Release|Any CPU.Build.0 = Release|Any CPU
		{136E6993-3685-4616-A488-909BA20B0859}.Debug|Any CPU.ActiveCfg = Debug|Any CPU
		{136E6993-3685-4616-A488-909BA20B0859}.Debug|Any CPU.Build.0 = Debug|Any CPU
		{136E6993-3685-4616-A488-909BA20B0859}.Release|Any CPU.ActiveCfg = Release|Any CPU
		{136E6993-3685-4616-A488-909BA20B0859}.Release|Any CPU.Build.0 = Release|Any CPU
		{7047D79B-7103-44F4-A124-289C9E6F4E1E}.Debug|Any CPU.ActiveCfg = Debug|Any CPU
		{7047D79B-7103-44F4-A124-289C9E6F4E1E}.Debug|Any CPU.Build.0 = Debug|Any CPU
		{7047D79B-7103-44F4-A124-289C9E6F4E1E}.Release|Any CPU.ActiveCfg = Release|Any CPU
		{7047D79B-7103-44F4-A124-289C9E6F4E1E}.Release|Any CPU.Build.0 = Release|Any CPU
		{45B4BA83-3038-4220-A100-349933712392}.Debug|Any CPU.ActiveCfg = Debug|Any CPU
		{45B4BA83-3038-4220-A100-349933712392}.Debug|Any CPU.Build.0 = Debug|Any CPU
		{45B4BA83-3038-4220-A100-349933712392}.Release|Any CPU.ActiveCfg = Release|Any CPU
		{45B4BA83-3038-4220-A100-349933712392}.Release|Any CPU.Build.0 = Release|Any CPU
		{A4979C9B-1650-4E33-ADDA-622115FF819D}.Debug|Any CPU.ActiveCfg = Debug|Any CPU
		{A4979C9B-1650-4E33-ADDA-622115FF819D}.Debug|Any CPU.Build.0 = Debug|Any CPU
		{A4979C9B-1650-4E33-ADDA-622115FF819D}.Release|Any CPU.ActiveCfg = Release|Any CPU
		{A4979C9B-1650-4E33-ADDA-622115FF819D}.Release|Any CPU.Build.0 = Release|Any CPU
		{89641329-387E-4C40-A474-6EE3AD0FC863}.Debug|Any CPU.ActiveCfg = Debug|Any CPU
		{89641329-387E-4C40-A474-6EE3AD0FC863}.Debug|Any CPU.Build.0 = Debug|Any CPU
		{89641329-387E-4C40-A474-6EE3AD0FC863}.Release|Any CPU.ActiveCfg = Release|Any CPU
		{89641329-387E-4C40-A474-6EE3AD0FC863}.Release|Any CPU.Build.0 = Release|Any CPU
		{C71B5962-93C6-4EA2-983F-AD2AC2D88049}.Debug|Any CPU.ActiveCfg = Debug|Any CPU
		{C71B5962-93C6-4EA2-983F-AD2AC2D88049}.Debug|Any CPU.Build.0 = Debug|Any CPU
		{C71B5962-93C6-4EA2-983F-AD2AC2D88049}.Release|Any CPU.ActiveCfg = Release|Any CPU
		{C71B5962-93C6-4EA2-983F-AD2AC2D88049}.Release|Any CPU.Build.0 = Release|Any CPU
		{B99E510D-C39E-4336-9D42-A77347970F83}.Debug|Any CPU.ActiveCfg = Debug|Any CPU
		{B99E510D-C39E-4336-9D42-A77347970F83}.Debug|Any CPU.Build.0 = Debug|Any CPU
		{B99E510D-C39E-4336-9D42-A77347970F83}.Release|Any CPU.ActiveCfg = Release|Any CPU
		{B99E510D-C39E-4336-9D42-A77347970F83}.Release|Any CPU.Build.0 = Release|Any CPU
		{FCACC441-B4CA-44A5-A2FD-D6B0C3306C14}.Debug|Any CPU.ActiveCfg = Debug|Any CPU
		{FCACC441-B4CA-44A5-A2FD-D6B0C3306C14}.Debug|Any CPU.Build.0 = Debug|Any CPU
		{FCACC441-B4CA-44A5-A2FD-D6B0C3306C14}.Release|Any CPU.ActiveCfg = Release|Any CPU
		{FCACC441-B4CA-44A5-A2FD-D6B0C3306C14}.Release|Any CPU.Build.0 = Release|Any CPU
		{F8598C6A-08AB-40B4-88AD-BCDDF7C3FACC}.Debug|Any CPU.ActiveCfg = Debug|Any CPU
		{F8598C6A-08AB-40B4-88AD-BCDDF7C3FACC}.Debug|Any CPU.Build.0 = Debug|Any CPU
		{F8598C6A-08AB-40B4-88AD-BCDDF7C3FACC}.Release|Any CPU.ActiveCfg = Release|Any CPU
		{F8598C6A-08AB-40B4-88AD-BCDDF7C3FACC}.Release|Any CPU.Build.0 = Release|Any CPU
		{1FFF0849-6C83-455E-BA26-38B256900E62}.Debug|Any CPU.ActiveCfg = Debug|Any CPU
		{1FFF0849-6C83-455E-BA26-38B256900E62}.Debug|Any CPU.Build.0 = Debug|Any CPU
		{1FFF0849-6C83-455E-BA26-38B256900E62}.Release|Any CPU.ActiveCfg = Release|Any CPU
		{1FFF0849-6C83-455E-BA26-38B256900E62}.Release|Any CPU.Build.0 = Release|Any CPU
		{A0668162-AF8E-49CF-93F2-3B673E0AAAF4}.Debug|Any CPU.ActiveCfg = Debug|Any CPU
		{A0668162-AF8E-49CF-93F2-3B673E0AAAF4}.Debug|Any CPU.Build.0 = Debug|Any CPU
		{A0668162-AF8E-49CF-93F2-3B673E0AAAF4}.Release|Any CPU.ActiveCfg = Release|Any CPU
		{A0668162-AF8E-49CF-93F2-3B673E0AAAF4}.Release|Any CPU.Build.0 = Release|Any CPU
		{5D78CC75-3005-418D-A58F-40E9C25AAA1D}.Debug|Any CPU.ActiveCfg = Debug|Any CPU
		{5D78CC75-3005-418D-A58F-40E9C25AAA1D}.Debug|Any CPU.Build.0 = Debug|Any CPU
		{5D78CC75-3005-418D-A58F-40E9C25AAA1D}.Release|Any CPU.ActiveCfg = Release|Any CPU
		{5D78CC75-3005-418D-A58F-40E9C25AAA1D}.Release|Any CPU.Build.0 = Release|Any CPU
		{B46244F0-73CC-4E0E-80E3-0EEF954E4C43}.Debug|Any CPU.ActiveCfg = Debug|Any CPU
		{B46244F0-73CC-4E0E-80E3-0EEF954E4C43}.Debug|Any CPU.Build.0 = Debug|Any CPU
		{B46244F0-73CC-4E0E-80E3-0EEF954E4C43}.Release|Any CPU.ActiveCfg = Release|Any CPU
		{B46244F0-73CC-4E0E-80E3-0EEF954E4C43}.Release|Any CPU.Build.0 = Release|Any CPU
		{3DBD2DC9-BA8E-4AC5-A4E4-0AD6DDC1B6E2}.Debug|Any CPU.ActiveCfg = Debug|Any CPU
		{3DBD2DC9-BA8E-4AC5-A4E4-0AD6DDC1B6E2}.Debug|Any CPU.Build.0 = Debug|Any CPU
		{3DBD2DC9-BA8E-4AC5-A4E4-0AD6DDC1B6E2}.Release|Any CPU.ActiveCfg = Release|Any CPU
		{3DBD2DC9-BA8E-4AC5-A4E4-0AD6DDC1B6E2}.Release|Any CPU.Build.0 = Release|Any CPU
		{46F32BB8-8FD7-418D-A7B7-256B75645F7D}.Debug|Any CPU.ActiveCfg = Debug|Any CPU
		{46F32BB8-8FD7-418D-A7B7-256B75645F7D}.Debug|Any CPU.Build.0 = Debug|Any CPU
		{46F32BB8-8FD7-418D-A7B7-256B75645F7D}.Release|Any CPU.ActiveCfg = Release|Any CPU
		{46F32BB8-8FD7-418D-A7B7-256B75645F7D}.Release|Any CPU.Build.0 = Release|Any CPU
		{5A0354C8-974D-4F52-8000-7DEE77AE005F}.Debug|Any CPU.ActiveCfg = Debug|Any CPU
		{5A0354C8-974D-4F52-8000-7DEE77AE005F}.Debug|Any CPU.Build.0 = Debug|Any CPU
		{5A0354C8-974D-4F52-8000-7DEE77AE005F}.Release|Any CPU.ActiveCfg = Release|Any CPU
		{5A0354C8-974D-4F52-8000-7DEE77AE005F}.Release|Any CPU.Build.0 = Release|Any CPU
		{370404C6-2F68-4564-BB96-643F5A001715}.Debug|Any CPU.ActiveCfg = Debug|Any CPU
		{370404C6-2F68-4564-BB96-643F5A001715}.Debug|Any CPU.Build.0 = Debug|Any CPU
		{370404C6-2F68-4564-BB96-643F5A001715}.Release|Any CPU.ActiveCfg = Release|Any CPU
		{370404C6-2F68-4564-BB96-643F5A001715}.Release|Any CPU.Build.0 = Release|Any CPU
	EndGlobalSection
	GlobalSection(SolutionProperties) = preSolution
		HideSolutionNode = FALSE
	EndGlobalSection
	GlobalSection(NestedProjects) = preSolution
		{ACB45CD7-7054-41B6-81D7-A33182B8F1D9} = {51C4AF31-A816-403D-8A51-9ACF96835BC2}
		{77B9875E-1F3A-4F70-BF43-5E9C19990A7C} = {51C4AF31-A816-403D-8A51-9ACF96835BC2}
		{136E6993-3685-4616-A488-909BA20B0859} = {51C4AF31-A816-403D-8A51-9ACF96835BC2}
		{F979CB34-25DF-478F-86EF-198FEABF453D} = {B6658BD2-E693-45F2-92D6-88EABF29942C}
		{7047D79B-7103-44F4-A124-289C9E6F4E1E} = {F979CB34-25DF-478F-86EF-198FEABF453D}
		{45B4BA83-3038-4220-A100-349933712392} = {F979CB34-25DF-478F-86EF-198FEABF453D}
		{A4979C9B-1650-4E33-ADDA-622115FF819D} = {F979CB34-25DF-478F-86EF-198FEABF453D}
		{BB09FDC6-F25A-41DA-AB66-18CAEBDBCE26} = {638E344A-DD05-4539-B735-D63223D4F41E}
		{89641329-387E-4C40-A474-6EE3AD0FC863} = {BB09FDC6-F25A-41DA-AB66-18CAEBDBCE26}
		{C71B5962-93C6-4EA2-983F-AD2AC2D88049} = {BB09FDC6-F25A-41DA-AB66-18CAEBDBCE26}
		{9263EF78-AB20-47D4-839B-4E214BA90332} = {638E344A-DD05-4539-B735-D63223D4F41E}
		{B99E510D-C39E-4336-9D42-A77347970F83} = {9263EF78-AB20-47D4-839B-4E214BA90332}
		{FCACC441-B4CA-44A5-A2FD-D6B0C3306C14} = {CD0CA8A2-BF75-479E-AB66-4795A02AF0C3}
		{CD0CA8A2-BF75-479E-AB66-4795A02AF0C3} = {B6658BD2-E693-45F2-92D6-88EABF29942C}
		{8E04002E-75E1-4E2F-B5C9-79E67D040FBA} = {51C4AF31-A816-403D-8A51-9ACF96835BC2}
		{F8598C6A-08AB-40B4-88AD-BCDDF7C3FACC} = {8E04002E-75E1-4E2F-B5C9-79E67D040FBA}
		{1FFF0849-6C83-455E-BA26-38B256900E62} = {8E04002E-75E1-4E2F-B5C9-79E67D040FBA}
		{A0668162-AF8E-49CF-93F2-3B673E0AAAF4} = {8E04002E-75E1-4E2F-B5C9-79E67D040FBA}
		{5D78CC75-3005-418D-A58F-40E9C25AAA1D} = {8E04002E-75E1-4E2F-B5C9-79E67D040FBA}
		{B46244F0-73CC-4E0E-80E3-0EEF954E4C43} = {8E04002E-75E1-4E2F-B5C9-79E67D040FBA}
		{3DBD2DC9-BA8E-4AC5-A4E4-0AD6DDC1B6E2} = {8E04002E-75E1-4E2F-B5C9-79E67D040FBA}
		{E76867B6-38D1-499F-9A18-EBB833722850} = {51C4AF31-A816-403D-8A51-9ACF96835BC2}
		{46F32BB8-8FD7-418D-A7B7-256B75645F7D} = {E76867B6-38D1-499F-9A18-EBB833722850}
		{5A0354C8-974D-4F52-8000-7DEE77AE005F} = {E76867B6-38D1-499F-9A18-EBB833722850}
		{370404C6-2F68-4564-BB96-643F5A001715} = {E76867B6-38D1-499F-9A18-EBB833722850}
	EndGlobalSection
	GlobalSection(ExtensibilityGlobals) = postSolution
		SolutionGuid = {C2CCCE5F-C56A-44D5-982E-D1C776D320A5}
	EndGlobalSection
EndGlobal
