
Microsoft Visual Studio Solution File, Format Version 12.00
# Visual Studio Version 16
VisualStudioVersion = 16.0.30225.117
MinimumVisualStudioVersion = 10.0.40219.1
Project("{2150E333-8FDC-42A3-9474-1A3956D46DE8}") = "Common", "Common", "{86AF0B73-08CC-48BF-8935-4D398F5B4638}"
EndProject
Project("{2150E333-8FDC-42A3-9474-1A3956D46DE8}") = "Module", "Module", "{B972CB34-80A3-42B5-9A76-BCD8105184B7}"
EndProject
Project("{9A19103F-16F7-4668-BE54-9A1E7A4F7556}") = "RadioReport.Common.Module.Logic", "..\RadioReport.Common\Module\RadioReport.Common.Module.Logic\RadioReport.Common.Module.Logic.csproj", "{1E66D3B2-28EF-4B11-93D4-E8B854E60C92}"
EndProject
Project("{9A19103F-16F7-4668-BE54-9A1E7A4F7556}") = "RadioReport.Common.Module.Repository", "..\RadioReport.Common\Module\RadioReport.Common.Module.Repository\RadioReport.Common.Module.Repository.csproj", "{C8EA90EC-D38B-429A-8B58-5DE4CF89F011}"
EndProject
Project("{9A19103F-16F7-4668-BE54-9A1E7A4F7556}") = "RadioReport.Common.Module.API", "..\RadioReport.Common\Module\RadioReport.Common.Module.API\RadioReport.Common.Module.API.csproj", "{0A699914-2740-4E75-B745-0C77CF733AEF}"
EndProject
Project("{9A19103F-16F7-4668-BE54-9A1E7A4F7556}") = "RadioReport.Common", "..\RadioReport.Common\RadioReport.Common\RadioReport.Common.csproj", "{6C6B7BED-8999-4BDD-86A6-1E05CCA29799}"
EndProject
Project("{9A19103F-16F7-4668-BE54-9A1E7A4F7556}") = "RadioReport.Common.Repository", "..\RadioReport.Common\RadioReport.Common.Repository\RadioReport.Common.Repository.csproj", "{FE63B453-63AE-417B-BFE2-4BA2AA1BF83A}"
EndProject
Project("{9A19103F-16F7-4668-BE54-9A1E7A4F7556}") = "RadioReport.Common.API", "..\RadioReport.Common\RadioReport.Common.API\RadioReport.Common.API.csproj", "{40F583DC-C809-4E4D-A3D9-58A3DC141A46}"
EndProject
Project("{9A19103F-16F7-4668-BE54-9A1E7A4F7556}") = "RadioReport.AbdomenMRT.Domain", "RadioReport.AbdomenMRT.Domain\RadioReport.AbdomenMRT.Domain.csproj", "{4C904FF0-36C9-4443-9A39-0821CE5E2560}"
EndProject
Project("{9A19103F-16F7-4668-BE54-9A1E7A4F7556}") = "RadioReport.AbdomenMRT.Repo", "RadioReport.AbdomenMRT.Repo\RadioReport.AbdomenMRT.Repo.csproj", "{59E59DEB-28D5-4E7E-A4C2-BF7F47009301}"
EndProject
Project("{9A19103F-16F7-4668-BE54-9A1E7A4F7556}") = "RadioReport.AbdomenMRT.API", "RadioReport.AbdomenMRT.API\RadioReport.AbdomenMRT.API.csproj", "{A0627D3A-6249-450F-B215-2DB0EA002658}"
EndProject
Global
	GlobalSection(SolutionConfigurationPlatforms) = preSolution
		Debug|Any CPU = Debug|Any CPU
		Release|Any CPU = Release|Any CPU
	EndGlobalSection
	GlobalSection(ProjectConfigurationPlatforms) = postSolution
		{1E66D3B2-28EF-4B11-93D4-E8B854E60C92}.Debug|Any CPU.ActiveCfg = Debug|Any CPU
		{1E66D3B2-28EF-4B11-93D4-E8B854E60C92}.Debug|Any CPU.Build.0 = Debug|Any CPU
		{1E66D3B2-28EF-4B11-93D4-E8B854E60C92}.Release|Any CPU.ActiveCfg = Release|Any CPU
		{1E66D3B2-28EF-4B11-93D4-E8B854E60C92}.Release|Any CPU.Build.0 = Release|Any CPU
		{C8EA90EC-D38B-429A-8B58-5DE4CF89F011}.Debug|Any CPU.ActiveCfg = Debug|Any CPU
		{C8EA90EC-D38B-429A-8B58-5DE4CF89F011}.Debug|Any CPU.Build.0 = Debug|Any CPU
		{C8EA90EC-D38B-429A-8B58-5DE4CF89F011}.Release|Any CPU.ActiveCfg = Release|Any CPU
		{C8EA90EC-D38B-429A-8B58-5DE4CF89F011}.Release|Any CPU.Build.0 = Release|Any CPU
		{0A699914-2740-4E75-B745-0C77CF733AEF}.Debug|Any CPU.ActiveCfg = Debug|Any CPU
		{0A699914-2740-4E75-B745-0C77CF733AEF}.Debug|Any CPU.Build.0 = Debug|Any CPU
		{0A699914-2740-4E75-B745-0C77CF733AEF}.Release|Any CPU.ActiveCfg = Release|Any CPU
		{0A699914-2740-4E75-B745-0C77CF733AEF}.Release|Any CPU.Build.0 = Release|Any CPU
		{6C6B7BED-8999-4BDD-86A6-1E05CCA29799}.Debug|Any CPU.ActiveCfg = Debug|Any CPU
		{6C6B7BED-8999-4BDD-86A6-1E05CCA29799}.Debug|Any CPU.Build.0 = Debug|Any CPU
		{6C6B7BED-8999-4BDD-86A6-1E05CCA29799}.Release|Any CPU.ActiveCfg = Release|Any CPU
		{6C6B7BED-8999-4BDD-86A6-1E05CCA29799}.Release|Any CPU.Build.0 = Release|Any CPU
		{FE63B453-63AE-417B-BFE2-4BA2AA1BF83A}.Debug|Any CPU.ActiveCfg = Debug|Any CPU
		{FE63B453-63AE-417B-BFE2-4BA2AA1BF83A}.Debug|Any CPU.Build.0 = Debug|Any CPU
		{FE63B453-63AE-417B-BFE2-4BA2AA1BF83A}.Release|Any CPU.ActiveCfg = Release|Any CPU
		{FE63B453-63AE-417B-BFE2-4BA2AA1BF83A}.Release|Any CPU.Build.0 = Release|Any CPU
		{40F583DC-C809-4E4D-A3D9-58A3DC141A46}.Debug|Any CPU.ActiveCfg = Debug|Any CPU
		{40F583DC-C809-4E4D-A3D9-58A3DC141A46}.Debug|Any CPU.Build.0 = Debug|Any CPU
		{40F583DC-C809-4E4D-A3D9-58A3DC141A46}.Release|Any CPU.ActiveCfg = Release|Any CPU
		{40F583DC-C809-4E4D-A3D9-58A3DC141A46}.Release|Any CPU.Build.0 = Release|Any CPU
		{4C904FF0-36C9-4443-9A39-0821CE5E2560}.Debug|Any CPU.ActiveCfg = Debug|Any CPU
		{4C904FF0-36C9-4443-9A39-0821CE5E2560}.Debug|Any CPU.Build.0 = Debug|Any CPU
		{4C904FF0-36C9-4443-9A39-0821CE5E2560}.Release|Any CPU.ActiveCfg = Release|Any CPU
		{4C904FF0-36C9-4443-9A39-0821CE5E2560}.Release|Any CPU.Build.0 = Release|Any CPU
		{59E59DEB-28D5-4E7E-A4C2-BF7F47009301}.Debug|Any CPU.ActiveCfg = Debug|Any CPU
		{59E59DEB-28D5-4E7E-A4C2-BF7F47009301}.Debug|Any CPU.Build.0 = Debug|Any CPU
		{59E59DEB-28D5-4E7E-A4C2-BF7F47009301}.Release|Any CPU.ActiveCfg = Release|Any CPU
		{59E59DEB-28D5-4E7E-A4C2-BF7F47009301}.Release|Any CPU.Build.0 = Release|Any CPU
		{A0627D3A-6249-450F-B215-2DB0EA002658}.Debug|Any CPU.ActiveCfg = Debug|Any CPU
		{A0627D3A-6249-450F-B215-2DB0EA002658}.Debug|Any CPU.Build.0 = Debug|Any CPU
		{A0627D3A-6249-450F-B215-2DB0EA002658}.Release|Any CPU.ActiveCfg = Release|Any CPU
		{A0627D3A-6249-450F-B215-2DB0EA002658}.Release|Any CPU.Build.0 = Release|Any CPU
	EndGlobalSection
	GlobalSection(SolutionProperties) = preSolution
		HideSolutionNode = FALSE
	EndGlobalSection
	GlobalSection(NestedProjects) = preSolution
		{B972CB34-80A3-42B5-9A76-BCD8105184B7} = {86AF0B73-08CC-48BF-8935-4D398F5B4638}
		{1E66D3B2-28EF-4B11-93D4-E8B854E60C92} = {B972CB34-80A3-42B5-9A76-BCD8105184B7}
		{C8EA90EC-D38B-429A-8B58-5DE4CF89F011} = {B972CB34-80A3-42B5-9A76-BCD8105184B7}
		{0A699914-2740-4E75-B745-0C77CF733AEF} = {B972CB34-80A3-42B5-9A76-BCD8105184B7}
		{6C6B7BED-8999-4BDD-86A6-1E05CCA29799} = {86AF0B73-08CC-48BF-8935-4D398F5B4638}
		{FE63B453-63AE-417B-BFE2-4BA2AA1BF83A} = {86AF0B73-08CC-48BF-8935-4D398F5B4638}
		{40F583DC-C809-4E4D-A3D9-58A3DC141A46} = {86AF0B73-08CC-48BF-8935-4D398F5B4638}
	EndGlobalSection
	GlobalSection(ExtensibilityGlobals) = postSolution
		SolutionGuid = {82805081-02F2-418B-8EF8-A88F647AF0D8}
	EndGlobalSection
EndGlobal
