
Microsoft Visual Studio Solution File, Format Version 12.00
# Visual Studio Version 16
VisualStudioVersion = 16.0.28902.138
MinimumVisualStudioVersion = 10.0.40219.1
Project("{2150E333-8FDC-42A3-9474-1A3956D46DE8}") = "Common", "Common", "{0EE4DD40-2C21-4BE9-A1FB-B82A77C966D0}"
EndProject
Project("{9A19103F-16F7-4668-BE54-9A1E7A4F7556}") = "RadioReport.Common", "..\RadioReport.Common\RadioReport.Common\RadioReport.Common.csproj", "{DE2F65E9-4A76-4F68-9EB1-39D12173FFE6}"
EndProject
Project("{9A19103F-16F7-4668-BE54-9A1E7A4F7556}") = "RadioReport.Common.API", "..\RadioReport.Common\RadioReport.Common.API\RadioReport.Common.API.csproj", "{06D30ADA-B0DA-4EF5-96E0-CC712EE9D9B4}"
EndProject
Project("{9A19103F-16F7-4668-BE54-9A1E7A4F7556}") = "RadioReport.Common.Repository", "..\RadioReport.Common\RadioReport.Common.Repository\RadioReport.Common.Repository.csproj", "{F15E9E5C-180E-4CFF-82B6-5964F665C8E3}"
EndProject
Project("{9A19103F-16F7-4668-BE54-9A1E7A4F7556}") = "RadioReport.AngiographyMRT.Domain", "RadioReport.AngiographyMRT.Domain\RadioReport.AngiographyMRT.Domain.csproj", "{E8D6544A-42C7-4D69-8CDC-456BEFD047ED}"
EndProject
Project("{9A19103F-16F7-4668-BE54-9A1E7A4F7556}") = "RadioReport.AngiographyMRT.Repo", "RadioReport.AngiographyMRT.Repo\RadioReport.AngiographyMRT.Repo.csproj", "{17DD8763-13B7-41E5-B827-F5A67399F14D}"
EndProject
Project("{9A19103F-16F7-4668-BE54-9A1E7A4F7556}") = "RadioReport.AngiographyMRT.API", "RadioReport.AngiographyMRT.API\RadioReport.AngiographyMRT.API.csproj", "{6A384AE6-D417-4C2A-8C60-6A81BB7ED7B4}"
EndProject
Project("{2150E333-8FDC-42A3-9474-1A3956D46DE8}") = "Module", "Module", "{812C5648-1671-494F-98DD-65F7ED64FF12}"
EndProject
Project("{9A19103F-16F7-4668-BE54-9A1E7A4F7556}") = "RadioReport.Common.Module.API", "..\RadioReport.Common\Module\RadioReport.Common.Module.API\RadioReport.Common.Module.API.csproj", "{485C468C-53E1-4B5F-8305-B6135583A8EC}"
EndProject
Project("{9A19103F-16F7-4668-BE54-9A1E7A4F7556}") = "RadioReport.Common.Module.Logic", "..\RadioReport.Common\Module\RadioReport.Common.Module.Logic\RadioReport.Common.Module.Logic.csproj", "{38B2F77D-221C-42F2-83AB-0CA802DE00FC}"
EndProject
Project("{9A19103F-16F7-4668-BE54-9A1E7A4F7556}") = "RadioReport.Common.Module.NewTechnology", "..\RadioReport.Common\Module\RadioReport.Common.Module.NewTechnology\RadioReport.Common.Module.NewTechnology.csproj", "{268772E8-E6C8-4C3E-B8AB-81D9BD42FBDC}"
EndProject
Project("{9A19103F-16F7-4668-BE54-9A1E7A4F7556}") = "RadioReport.Common.Module.Repository", "..\RadioReport.Common\Module\RadioReport.Common.Module.Repository\RadioReport.Common.Module.Repository.csproj", "{EA005DBC-7ED9-48AC-BEA9-655F62D1B79C}"
EndProject
Project("{9A19103F-16F7-4668-BE54-9A1E7A4F7556}") = "RadioReport.Common.Module.Technology", "..\RadioReport.Common\Module\RadioReport.Common.Module.Technology\RadioReport.Common.Module.Technology.csproj", "{8DC70E21-2D3D-4973-8FA7-6A9E3508BEB7}"
EndProject
Global
	GlobalSection(SolutionConfigurationPlatforms) = preSolution
		Debug|Any CPU = Debug|Any CPU
		Release|Any CPU = Release|Any CPU
	EndGlobalSection
	GlobalSection(ProjectConfigurationPlatforms) = postSolution
		{DE2F65E9-4A76-4F68-9EB1-39D12173FFE6}.Debug|Any CPU.ActiveCfg = Debug|Any CPU
		{DE2F65E9-4A76-4F68-9EB1-39D12173FFE6}.Debug|Any CPU.Build.0 = Debug|Any CPU
		{DE2F65E9-4A76-4F68-9EB1-39D12173FFE6}.Release|Any CPU.ActiveCfg = Release|Any CPU
		{DE2F65E9-4A76-4F68-9EB1-39D12173FFE6}.Release|Any CPU.Build.0 = Release|Any CPU
		{06D30ADA-B0DA-4EF5-96E0-CC712EE9D9B4}.Debug|Any CPU.ActiveCfg = Debug|Any CPU
		{06D30ADA-B0DA-4EF5-96E0-CC712EE9D9B4}.Debug|Any CPU.Build.0 = Debug|Any CPU
		{06D30ADA-B0DA-4EF5-96E0-CC712EE9D9B4}.Release|Any CPU.ActiveCfg = Release|Any CPU
		{06D30ADA-B0DA-4EF5-96E0-CC712EE9D9B4}.Release|Any CPU.Build.0 = Release|Any CPU
		{F15E9E5C-180E-4CFF-82B6-5964F665C8E3}.Debug|Any CPU.ActiveCfg = Debug|Any CPU
		{F15E9E5C-180E-4CFF-82B6-5964F665C8E3}.Debug|Any CPU.Build.0 = Debug|Any CPU
		{F15E9E5C-180E-4CFF-82B6-5964F665C8E3}.Release|Any CPU.ActiveCfg = Release|Any CPU
		{F15E9E5C-180E-4CFF-82B6-5964F665C8E3}.Release|Any CPU.Build.0 = Release|Any CPU
		{E8D6544A-42C7-4D69-8CDC-456BEFD047ED}.Debug|Any CPU.ActiveCfg = Debug|Any CPU
		{E8D6544A-42C7-4D69-8CDC-456BEFD047ED}.Debug|Any CPU.Build.0 = Debug|Any CPU
		{E8D6544A-42C7-4D69-8CDC-456BEFD047ED}.Release|Any CPU.ActiveCfg = Release|Any CPU
		{E8D6544A-42C7-4D69-8CDC-456BEFD047ED}.Release|Any CPU.Build.0 = Release|Any CPU
		{17DD8763-13B7-41E5-B827-F5A67399F14D}.Debug|Any CPU.ActiveCfg = Debug|Any CPU
		{17DD8763-13B7-41E5-B827-F5A67399F14D}.Debug|Any CPU.Build.0 = Debug|Any CPU
		{17DD8763-13B7-41E5-B827-F5A67399F14D}.Release|Any CPU.ActiveCfg = Release|Any CPU
		{17DD8763-13B7-41E5-B827-F5A67399F14D}.Release|Any CPU.Build.0 = Release|Any CPU
		{6A384AE6-D417-4C2A-8C60-6A81BB7ED7B4}.Debug|Any CPU.ActiveCfg = Debug|Any CPU
		{6A384AE6-D417-4C2A-8C60-6A81BB7ED7B4}.Debug|Any CPU.Build.0 = Debug|Any CPU
		{6A384AE6-D417-4C2A-8C60-6A81BB7ED7B4}.Release|Any CPU.ActiveCfg = Release|Any CPU
		{6A384AE6-D417-4C2A-8C60-6A81BB7ED7B4}.Release|Any CPU.Build.0 = Release|Any CPU
		{485C468C-53E1-4B5F-8305-B6135583A8EC}.Debug|Any CPU.ActiveCfg = Debug|Any CPU
		{485C468C-53E1-4B5F-8305-B6135583A8EC}.Debug|Any CPU.Build.0 = Debug|Any CPU
		{485C468C-53E1-4B5F-8305-B6135583A8EC}.Release|Any CPU.ActiveCfg = Release|Any CPU
		{485C468C-53E1-4B5F-8305-B6135583A8EC}.Release|Any CPU.Build.0 = Release|Any CPU
		{38B2F77D-221C-42F2-83AB-0CA802DE00FC}.Debug|Any CPU.ActiveCfg = Debug|Any CPU
		{38B2F77D-221C-42F2-83AB-0CA802DE00FC}.Debug|Any CPU.Build.0 = Debug|Any CPU
		{38B2F77D-221C-42F2-83AB-0CA802DE00FC}.Release|Any CPU.ActiveCfg = Release|Any CPU
		{38B2F77D-221C-42F2-83AB-0CA802DE00FC}.Release|Any CPU.Build.0 = Release|Any CPU
		{268772E8-E6C8-4C3E-B8AB-81D9BD42FBDC}.Debug|Any CPU.ActiveCfg = Debug|Any CPU
		{268772E8-E6C8-4C3E-B8AB-81D9BD42FBDC}.Debug|Any CPU.Build.0 = Debug|Any CPU
		{268772E8-E6C8-4C3E-B8AB-81D9BD42FBDC}.Release|Any CPU.ActiveCfg = Release|Any CPU
		{268772E8-E6C8-4C3E-B8AB-81D9BD42FBDC}.Release|Any CPU.Build.0 = Release|Any CPU
		{EA005DBC-7ED9-48AC-BEA9-655F62D1B79C}.Debug|Any CPU.ActiveCfg = Debug|Any CPU
		{EA005DBC-7ED9-48AC-BEA9-655F62D1B79C}.Debug|Any CPU.Build.0 = Debug|Any CPU
		{EA005DBC-7ED9-48AC-BEA9-655F62D1B79C}.Release|Any CPU.ActiveCfg = Release|Any CPU
		{EA005DBC-7ED9-48AC-BEA9-655F62D1B79C}.Release|Any CPU.Build.0 = Release|Any CPU
		{8DC70E21-2D3D-4973-8FA7-6A9E3508BEB7}.Debug|Any CPU.ActiveCfg = Debug|Any CPU
		{8DC70E21-2D3D-4973-8FA7-6A9E3508BEB7}.Debug|Any CPU.Build.0 = Debug|Any CPU
		{8DC70E21-2D3D-4973-8FA7-6A9E3508BEB7}.Release|Any CPU.ActiveCfg = Release|Any CPU
		{8DC70E21-2D3D-4973-8FA7-6A9E3508BEB7}.Release|Any CPU.Build.0 = Release|Any CPU
	EndGlobalSection
	GlobalSection(SolutionProperties) = preSolution
		HideSolutionNode = FALSE
	EndGlobalSection
	GlobalSection(NestedProjects) = preSolution
		{DE2F65E9-4A76-4F68-9EB1-39D12173FFE6} = {0EE4DD40-2C21-4BE9-A1FB-B82A77C966D0}
		{06D30ADA-B0DA-4EF5-96E0-CC712EE9D9B4} = {0EE4DD40-2C21-4BE9-A1FB-B82A77C966D0}
		{F15E9E5C-180E-4CFF-82B6-5964F665C8E3} = {0EE4DD40-2C21-4BE9-A1FB-B82A77C966D0}
		{812C5648-1671-494F-98DD-65F7ED64FF12} = {0EE4DD40-2C21-4BE9-A1FB-B82A77C966D0}
		{485C468C-53E1-4B5F-8305-B6135583A8EC} = {812C5648-1671-494F-98DD-65F7ED64FF12}
		{38B2F77D-221C-42F2-83AB-0CA802DE00FC} = {812C5648-1671-494F-98DD-65F7ED64FF12}
		{268772E8-E6C8-4C3E-B8AB-81D9BD42FBDC} = {812C5648-1671-494F-98DD-65F7ED64FF12}
		{EA005DBC-7ED9-48AC-BEA9-655F62D1B79C} = {812C5648-1671-494F-98DD-65F7ED64FF12}
		{8DC70E21-2D3D-4973-8FA7-6A9E3508BEB7} = {812C5648-1671-494F-98DD-65F7ED64FF12}
	EndGlobalSection
	GlobalSection(ExtensibilityGlobals) = postSolution
		SolutionGuid = {412A7A5B-05BD-40FB-AD80-A05F5C87DBC2}
	EndGlobalSection
EndGlobal
