
Microsoft Visual Studio Solution File, Format Version 12.00
# Visual Studio Version 16
VisualStudioVersion = 16.0.29613.14
MinimumVisualStudioVersion = 10.0.40219.1
Project("{9A19103F-16F7-4668-BE54-9A1E7A4F7556}") = "RadioReport.HandMRT.Domain", "RadioReport.HandMRT.Domain\RadioReport.HandMRT.Domain.csproj", "{61E26B46-FE35-4DEA-822B-7BF4AFD011D7}"
EndProject
Project("{9A19103F-16F7-4668-BE54-9A1E7A4F7556}") = "RadioReport.HandMRT.Repo", "RadioReport.HandMRT.Repo\RadioReport.HandMRT.Repo.csproj", "{98C47EA6-1C7E-4705-B27F-A98A45B7E0F8}"
EndProject
Project("{9A19103F-16F7-4668-BE54-9A1E7A4F7556}") = "RadioReport.HandMRT.API", "RadioReport.HandMRT.API\RadioReport.HandMRT.API.csproj", "{DB86B1EE-DA96-40CC-B1AE-81C4D9ABF0DE}"
EndProject
Project("{2150E333-8FDC-42A3-9474-1A3956D46DE8}") = "Common", "Common", "{5DE5BC47-4BFC-465F-9CE0-79ABA729A35A}"
EndProject
Project("{9A19103F-16F7-4668-BE54-9A1E7A4F7556}") = "RadioReport.Common", "..\RadioReport.Common\RadioReport.Common\RadioReport.Common.csproj", "{0F80A4F1-1D6F-44DF-8D68-9F90057149DA}"
EndProject
Project("{9A19103F-16F7-4668-BE54-9A1E7A4F7556}") = "RadioReport.Common.API", "..\RadioReport.Common\RadioReport.Common.API\RadioReport.Common.API.csproj", "{5F660FE6-B7AF-4AA2-B8DB-F8398F61DB66}"
EndProject
Project("{9A19103F-16F7-4668-BE54-9A1E7A4F7556}") = "RadioReport.Common.Repository", "..\RadioReport.Common\RadioReport.Common.Repository\RadioReport.Common.Repository.csproj", "{984FEAAA-C296-4D53-9A2B-29695B46735C}"
EndProject
Project("{2150E333-8FDC-42A3-9474-1A3956D46DE8}") = "Module", "Module", "{3164598F-6A8F-4AA6-83E7-6691ACF719B8}"
EndProject
Project("{9A19103F-16F7-4668-BE54-9A1E7A4F7556}") = "RadioReport.Common.Module.API", "..\RadioReport.Common\Module\RadioReport.Common.Module.API\RadioReport.Common.Module.API.csproj", "{9A791E9A-38D7-44D0-980F-80980E63D7E8}"
EndProject
Project("{9A19103F-16F7-4668-BE54-9A1E7A4F7556}") = "RadioReport.Common.Module.Logic", "..\RadioReport.Common\Module\RadioReport.Common.Module.Logic\RadioReport.Common.Module.Logic.csproj", "{E4C44EA8-99D9-4B8B-8A06-2D2A16E48703}"
EndProject
Project("{9A19103F-16F7-4668-BE54-9A1E7A4F7556}") = "RadioReport.Common.Module.NewTechnology", "..\RadioReport.Common\Module\RadioReport.Common.Module.NewTechnology\RadioReport.Common.Module.NewTechnology.csproj", "{F607AFED-FD87-4A71-B956-451BA60A17BE}"
EndProject
Project("{9A19103F-16F7-4668-BE54-9A1E7A4F7556}") = "RadioReport.Common.Module.Repository", "..\RadioReport.Common\Module\RadioReport.Common.Module.Repository\RadioReport.Common.Module.Repository.csproj", "{9640AB41-7ADC-4D3B-B82A-E355304344C0}"
EndProject
Project("{9A19103F-16F7-4668-BE54-9A1E7A4F7556}") = "RadioReport.Common.Module.Technology", "..\RadioReport.Common\Module\RadioReport.Common.Module.Technology\RadioReport.Common.Module.Technology.csproj", "{E13FA2F4-8F13-4A35-8DB3-BF65A2912EE1}"
EndProject
Global
	GlobalSection(SolutionConfigurationPlatforms) = preSolution
		Debug|Any CPU = Debug|Any CPU
		Release|Any CPU = Release|Any CPU
	EndGlobalSection
	GlobalSection(ProjectConfigurationPlatforms) = postSolution
		{61E26B46-FE35-4DEA-822B-7BF4AFD011D7}.Debug|Any CPU.ActiveCfg = Debug|Any CPU
		{61E26B46-FE35-4DEA-822B-7BF4AFD011D7}.Debug|Any CPU.Build.0 = Debug|Any CPU
		{61E26B46-FE35-4DEA-822B-7BF4AFD011D7}.Release|Any CPU.ActiveCfg = Release|Any CPU
		{61E26B46-FE35-4DEA-822B-7BF4AFD011D7}.Release|Any CPU.Build.0 = Release|Any CPU
		{98C47EA6-1C7E-4705-B27F-A98A45B7E0F8}.Debug|Any CPU.ActiveCfg = Debug|Any CPU
		{98C47EA6-1C7E-4705-B27F-A98A45B7E0F8}.Debug|Any CPU.Build.0 = Debug|Any CPU
		{98C47EA6-1C7E-4705-B27F-A98A45B7E0F8}.Release|Any CPU.ActiveCfg = Release|Any CPU
		{98C47EA6-1C7E-4705-B27F-A98A45B7E0F8}.Release|Any CPU.Build.0 = Release|Any CPU
		{DB86B1EE-DA96-40CC-B1AE-81C4D9ABF0DE}.Debug|Any CPU.ActiveCfg = Debug|Any CPU
		{DB86B1EE-DA96-40CC-B1AE-81C4D9ABF0DE}.Debug|Any CPU.Build.0 = Debug|Any CPU
		{DB86B1EE-DA96-40CC-B1AE-81C4D9ABF0DE}.Release|Any CPU.ActiveCfg = Release|Any CPU
		{DB86B1EE-DA96-40CC-B1AE-81C4D9ABF0DE}.Release|Any CPU.Build.0 = Release|Any CPU
		{0F80A4F1-1D6F-44DF-8D68-9F90057149DA}.Debug|Any CPU.ActiveCfg = Debug|Any CPU
		{0F80A4F1-1D6F-44DF-8D68-9F90057149DA}.Debug|Any CPU.Build.0 = Debug|Any CPU
		{0F80A4F1-1D6F-44DF-8D68-9F90057149DA}.Release|Any CPU.ActiveCfg = Release|Any CPU
		{0F80A4F1-1D6F-44DF-8D68-9F90057149DA}.Release|Any CPU.Build.0 = Release|Any CPU
		{5F660FE6-B7AF-4AA2-B8DB-F8398F61DB66}.Debug|Any CPU.ActiveCfg = Debug|Any CPU
		{5F660FE6-B7AF-4AA2-B8DB-F8398F61DB66}.Debug|Any CPU.Build.0 = Debug|Any CPU
		{5F660FE6-B7AF-4AA2-B8DB-F8398F61DB66}.Release|Any CPU.ActiveCfg = Release|Any CPU
		{5F660FE6-B7AF-4AA2-B8DB-F8398F61DB66}.Release|Any CPU.Build.0 = Release|Any CPU
		{984FEAAA-C296-4D53-9A2B-29695B46735C}.Debug|Any CPU.ActiveCfg = Debug|Any CPU
		{984FEAAA-C296-4D53-9A2B-29695B46735C}.Debug|Any CPU.Build.0 = Debug|Any CPU
		{984FEAAA-C296-4D53-9A2B-29695B46735C}.Release|Any CPU.ActiveCfg = Release|Any CPU
		{984FEAAA-C296-4D53-9A2B-29695B46735C}.Release|Any CPU.Build.0 = Release|Any CPU
		{9A791E9A-38D7-44D0-980F-80980E63D7E8}.Debug|Any CPU.ActiveCfg = Debug|Any CPU
		{9A791E9A-38D7-44D0-980F-80980E63D7E8}.Debug|Any CPU.Build.0 = Debug|Any CPU
		{9A791E9A-38D7-44D0-980F-80980E63D7E8}.Release|Any CPU.ActiveCfg = Release|Any CPU
		{9A791E9A-38D7-44D0-980F-80980E63D7E8}.Release|Any CPU.Build.0 = Release|Any CPU
		{E4C44EA8-99D9-4B8B-8A06-2D2A16E48703}.Debug|Any CPU.ActiveCfg = Debug|Any CPU
		{E4C44EA8-99D9-4B8B-8A06-2D2A16E48703}.Debug|Any CPU.Build.0 = Debug|Any CPU
		{E4C44EA8-99D9-4B8B-8A06-2D2A16E48703}.Release|Any CPU.ActiveCfg = Release|Any CPU
		{E4C44EA8-99D9-4B8B-8A06-2D2A16E48703}.Release|Any CPU.Build.0 = Release|Any CPU
		{F607AFED-FD87-4A71-B956-451BA60A17BE}.Debug|Any CPU.ActiveCfg = Debug|Any CPU
		{F607AFED-FD87-4A71-B956-451BA60A17BE}.Debug|Any CPU.Build.0 = Debug|Any CPU
		{F607AFED-FD87-4A71-B956-451BA60A17BE}.Release|Any CPU.ActiveCfg = Release|Any CPU
		{F607AFED-FD87-4A71-B956-451BA60A17BE}.Release|Any CPU.Build.0 = Release|Any CPU
		{9640AB41-7ADC-4D3B-B82A-E355304344C0}.Debug|Any CPU.ActiveCfg = Debug|Any CPU
		{9640AB41-7ADC-4D3B-B82A-E355304344C0}.Debug|Any CPU.Build.0 = Debug|Any CPU
		{9640AB41-7ADC-4D3B-B82A-E355304344C0}.Release|Any CPU.ActiveCfg = Release|Any CPU
		{9640AB41-7ADC-4D3B-B82A-E355304344C0}.Release|Any CPU.Build.0 = Release|Any CPU
		{E13FA2F4-8F13-4A35-8DB3-BF65A2912EE1}.Debug|Any CPU.ActiveCfg = Debug|Any CPU
		{E13FA2F4-8F13-4A35-8DB3-BF65A2912EE1}.Debug|Any CPU.Build.0 = Debug|Any CPU
		{E13FA2F4-8F13-4A35-8DB3-BF65A2912EE1}.Release|Any CPU.ActiveCfg = Release|Any CPU
		{E13FA2F4-8F13-4A35-8DB3-BF65A2912EE1}.Release|Any CPU.Build.0 = Release|Any CPU
	EndGlobalSection
	GlobalSection(SolutionProperties) = preSolution
		HideSolutionNode = FALSE
	EndGlobalSection
	GlobalSection(NestedProjects) = preSolution
		{0F80A4F1-1D6F-44DF-8D68-9F90057149DA} = {5DE5BC47-4BFC-465F-9CE0-79ABA729A35A}
		{5F660FE6-B7AF-4AA2-B8DB-F8398F61DB66} = {5DE5BC47-4BFC-465F-9CE0-79ABA729A35A}
		{984FEAAA-C296-4D53-9A2B-29695B46735C} = {5DE5BC47-4BFC-465F-9CE0-79ABA729A35A}
		{3164598F-6A8F-4AA6-83E7-6691ACF719B8} = {5DE5BC47-4BFC-465F-9CE0-79ABA729A35A}
		{9A791E9A-38D7-44D0-980F-80980E63D7E8} = {3164598F-6A8F-4AA6-83E7-6691ACF719B8}
		{E4C44EA8-99D9-4B8B-8A06-2D2A16E48703} = {3164598F-6A8F-4AA6-83E7-6691ACF719B8}
		{F607AFED-FD87-4A71-B956-451BA60A17BE} = {3164598F-6A8F-4AA6-83E7-6691ACF719B8}
		{9640AB41-7ADC-4D3B-B82A-E355304344C0} = {3164598F-6A8F-4AA6-83E7-6691ACF719B8}
		{E13FA2F4-8F13-4A35-8DB3-BF65A2912EE1} = {3164598F-6A8F-4AA6-83E7-6691ACF719B8}
	EndGlobalSection
	GlobalSection(ExtensibilityGlobals) = postSolution
		SolutionGuid = {61658E0D-039A-40E8-A219-19DCE7AAB310}
	EndGlobalSection
EndGlobal
