
Microsoft Visual Studio Solution File, Format Version 12.00
# Visual Studio Version 16
VisualStudioVersion = 16.0.28902.138
MinimumVisualStudioVersion = 10.0.40219.1
Project("{9A19103F-16F7-4668-BE54-9A1E7A4F7556}") = "RadioReport.MammaMRT.API", "RadioReport.MammaMRT.API\RadioReport.MammaMRT.API.csproj", "{00420844-0D09-4B33-B2BB-4110A5148642}"
EndProject
Project("{9A19103F-16F7-4668-BE54-9A1E7A4F7556}") = "RadioReport.MammaMRT.Repo", "RadioReport.MammaMRT.Repo\RadioReport.MammaMRT.Repo.csproj", "{F99122C6-7C6C-44E2-993E-2A4C5A96805E}"
EndProject
Project("{9A19103F-16F7-4668-BE54-9A1E7A4F7556}") = "RadioReport.MammaMRT.Domain", "RadioReport.MammaMRT.Domain\RadioReport.MammaMRT.Domain.csproj", "{046D5E91-CC26-4460-89C9-686DCCDB14E0}"
EndProject
Project("{2150E333-8FDC-42A3-9474-1A3956D46DE8}") = "Common", "Common", "{0EE4DD40-2C21-4BE9-A1FB-B82A77C966D0}"
EndProject
Project("{9A19103F-16F7-4668-BE54-9A1E7A4F7556}") = "RadioReport.Common", "..\RadioReport.Common\RadioReport.Common\RadioReport.Common.csproj", "{DE2F65E9-4A76-4F68-9EB1-39D12173FFE6}"
EndProject
Project("{9A19103F-16F7-4668-BE54-9A1E7A4F7556}") = "RadioReport.Common.API", "..\RadioReport.Common\RadioReport.Common.API\RadioReport.Common.API.csproj", "{06D30ADA-B0DA-4EF5-96E0-CC712EE9D9B4}"
EndProject
Project("{9A19103F-16F7-4668-BE54-9A1E7A4F7556}") = "RadioReport.Common.Repository", "..\RadioReport.Common\RadioReport.Common.Repository\RadioReport.Common.Repository.csproj", "{F15E9E5C-180E-4CFF-82B6-5964F665C8E3}"
EndProject
Project("{2150E333-8FDC-42A3-9474-1A3956D46DE8}") = "Module", "Module", "{2C2AD4CE-0B4B-433D-BE4C-51C3C315BA2F}"
EndProject
Project("{9A19103F-16F7-4668-BE54-9A1E7A4F7556}") = "RadioReport.Common.Module.API", "..\RadioReport.Common\Module\RadioReport.Common.Module.API\RadioReport.Common.Module.API.csproj", "{03BD3109-22E6-4D42-9185-9AF616C0ACDB}"
EndProject
Project("{9A19103F-16F7-4668-BE54-9A1E7A4F7556}") = "RadioReport.Common.Module.Logic", "..\RadioReport.Common\Module\RadioReport.Common.Module.Logic\RadioReport.Common.Module.Logic.csproj", "{69298903-70A1-47F2-BEAE-1C49ECA34AB4}"
EndProject
Project("{9A19103F-16F7-4668-BE54-9A1E7A4F7556}") = "RadioReport.Common.Module.NewTechnology", "..\RadioReport.Common\Module\RadioReport.Common.Module.NewTechnology\RadioReport.Common.Module.NewTechnology.csproj", "{BF057ACB-B444-473A-ABDC-77AFE34C3AF7}"
EndProject
Project("{9A19103F-16F7-4668-BE54-9A1E7A4F7556}") = "RadioReport.Common.Module.Repository", "..\RadioReport.Common\Module\RadioReport.Common.Module.Repository\RadioReport.Common.Module.Repository.csproj", "{F9F2A76D-225A-45A5-9DCC-39E5754E246E}"
EndProject
Project("{9A19103F-16F7-4668-BE54-9A1E7A4F7556}") = "RadioReport.Common.Module.Technology", "..\RadioReport.Common\Module\RadioReport.Common.Module.Technology\RadioReport.Common.Module.Technology.csproj", "{FF2A2495-2D9F-4244-B6DE-11262103961F}"
EndProject
Global
	GlobalSection(SolutionConfigurationPlatforms) = preSolution
		Debug|Any CPU = Debug|Any CPU
		Release|Any CPU = Release|Any CPU
	EndGlobalSection
	GlobalSection(ProjectConfigurationPlatforms) = postSolution
		{00420844-0D09-4B33-B2BB-4110A5148642}.Debug|Any CPU.ActiveCfg = Debug|Any CPU
		{00420844-0D09-4B33-B2BB-4110A5148642}.Debug|Any CPU.Build.0 = Debug|Any CPU
		{00420844-0D09-4B33-B2BB-4110A5148642}.Release|Any CPU.ActiveCfg = Release|Any CPU
		{00420844-0D09-4B33-B2BB-4110A5148642}.Release|Any CPU.Build.0 = Release|Any CPU
		{F99122C6-7C6C-44E2-993E-2A4C5A96805E}.Debug|Any CPU.ActiveCfg = Debug|Any CPU
		{F99122C6-7C6C-44E2-993E-2A4C5A96805E}.Debug|Any CPU.Build.0 = Debug|Any CPU
		{F99122C6-7C6C-44E2-993E-2A4C5A96805E}.Release|Any CPU.ActiveCfg = Release|Any CPU
		{F99122C6-7C6C-44E2-993E-2A4C5A96805E}.Release|Any CPU.Build.0 = Release|Any CPU
		{046D5E91-CC26-4460-89C9-686DCCDB14E0}.Debug|Any CPU.ActiveCfg = Debug|Any CPU
		{046D5E91-CC26-4460-89C9-686DCCDB14E0}.Debug|Any CPU.Build.0 = Debug|Any CPU
		{046D5E91-CC26-4460-89C9-686DCCDB14E0}.Release|Any CPU.ActiveCfg = Release|Any CPU
		{046D5E91-CC26-4460-89C9-686DCCDB14E0}.Release|Any CPU.Build.0 = Release|Any CPU
		{DE2F65E9-4A76-4F68-9EB1-39D12173FFE6}.Debug|Any CPU.ActiveCfg = Debug|Any CPU
		{DE2F65E9-4A76-4F68-9EB1-39D12173FFE6}.Debug|Any CPU.Build.0 = Debug|Any CPU
		{DE2F65E9-4A76-4F68-9EB1-39D12173FFE6}.Release|Any CPU.ActiveCfg = Release|Any CPU
		{DE2F65E9-4A76-4F68-9EB1-39D12173FFE6}.Release|Any CPU.Build.0 = Release|Any CPU
		{06D30ADA-B0DA-4EF5-96E0-CC712EE9D9B4}.Debug|Any CPU.ActiveCfg = Debug|Any CPU
		{06D30ADA-B0DA-4EF5-96E0-CC712EE9D9B4}.Debug|Any CPU.Build.0 = Debug|Any CPU
		{06D30ADA-B0DA-4EF5-96E0-CC712EE9D9B4}.Release|Any CPU.ActiveCfg = Release|Any CPU
		{06D30ADA-B0DA-4EF5-96E0-CC712EE9D9B4}.Release|Any CPU.Build.0 = Release|Any CPU
		{F15E9E5C-180E-4CFF-82B6-5964F665C8E3}.Debug|Any CPU.ActiveCfg = Debug|Any CPU
		{F15E9E5C-180E-4CFF-82B6-5964F665C8E3}.Debug|Any CPU.Build.0 = Debug|Any CPU
		{F15E9E5C-180E-4CFF-82B6-5964F665C8E3}.Release|Any CPU.ActiveCfg = Release|Any CPU
		{F15E9E5C-180E-4CFF-82B6-5964F665C8E3}.Release|Any CPU.Build.0 = Release|Any CPU
		{03BD3109-22E6-4D42-9185-9AF616C0ACDB}.Debug|Any CPU.ActiveCfg = Debug|Any CPU
		{03BD3109-22E6-4D42-9185-9AF616C0ACDB}.Debug|Any CPU.Build.0 = Debug|Any CPU
		{03BD3109-22E6-4D42-9185-9AF616C0ACDB}.Release|Any CPU.ActiveCfg = Release|Any CPU
		{03BD3109-22E6-4D42-9185-9AF616C0ACDB}.Release|Any CPU.Build.0 = Release|Any CPU
		{69298903-70A1-47F2-BEAE-1C49ECA34AB4}.Debug|Any CPU.ActiveCfg = Debug|Any CPU
		{69298903-70A1-47F2-BEAE-1C49ECA34AB4}.Debug|Any CPU.Build.0 = Debug|Any CPU
		{69298903-70A1-47F2-BEAE-1C49ECA34AB4}.Release|Any CPU.ActiveCfg = Release|Any CPU
		{69298903-70A1-47F2-BEAE-1C49ECA34AB4}.Release|Any CPU.Build.0 = Release|Any CPU
		{BF057ACB-B444-473A-ABDC-77AFE34C3AF7}.Debug|Any CPU.ActiveCfg = Debug|Any CPU
		{BF057ACB-B444-473A-ABDC-77AFE34C3AF7}.Debug|Any CPU.Build.0 = Debug|Any CPU
		{BF057ACB-B444-473A-ABDC-77AFE34C3AF7}.Release|Any CPU.ActiveCfg = Release|Any CPU
		{BF057ACB-B444-473A-ABDC-77AFE34C3AF7}.Release|Any CPU.Build.0 = Release|Any CPU
		{F9F2A76D-225A-45A5-9DCC-39E5754E246E}.Debug|Any CPU.ActiveCfg = Debug|Any CPU
		{F9F2A76D-225A-45A5-9DCC-39E5754E246E}.Debug|Any CPU.Build.0 = Debug|Any CPU
		{F9F2A76D-225A-45A5-9DCC-39E5754E246E}.Release|Any CPU.ActiveCfg = Release|Any CPU
		{F9F2A76D-225A-45A5-9DCC-39E5754E246E}.Release|Any CPU.Build.0 = Release|Any CPU
		{FF2A2495-2D9F-4244-B6DE-11262103961F}.Debug|Any CPU.ActiveCfg = Debug|Any CPU
		{FF2A2495-2D9F-4244-B6DE-11262103961F}.Debug|Any CPU.Build.0 = Debug|Any CPU
		{FF2A2495-2D9F-4244-B6DE-11262103961F}.Release|Any CPU.ActiveCfg = Release|Any CPU
		{FF2A2495-2D9F-4244-B6DE-11262103961F}.Release|Any CPU.Build.0 = Release|Any CPU
	EndGlobalSection
	GlobalSection(SolutionProperties) = preSolution
		HideSolutionNode = FALSE
	EndGlobalSection
	GlobalSection(NestedProjects) = preSolution
		{DE2F65E9-4A76-4F68-9EB1-39D12173FFE6} = {0EE4DD40-2C21-4BE9-A1FB-B82A77C966D0}
		{06D30ADA-B0DA-4EF5-96E0-CC712EE9D9B4} = {0EE4DD40-2C21-4BE9-A1FB-B82A77C966D0}
		{F15E9E5C-180E-4CFF-82B6-5964F665C8E3} = {0EE4DD40-2C21-4BE9-A1FB-B82A77C966D0}
		{2C2AD4CE-0B4B-433D-BE4C-51C3C315BA2F} = {0EE4DD40-2C21-4BE9-A1FB-B82A77C966D0}
		{03BD3109-22E6-4D42-9185-9AF616C0ACDB} = {2C2AD4CE-0B4B-433D-BE4C-51C3C315BA2F}
		{69298903-70A1-47F2-BEAE-1C49ECA34AB4} = {2C2AD4CE-0B4B-433D-BE4C-51C3C315BA2F}
		{BF057ACB-B444-473A-ABDC-77AFE34C3AF7} = {2C2AD4CE-0B4B-433D-BE4C-51C3C315BA2F}
		{F9F2A76D-225A-45A5-9DCC-39E5754E246E} = {2C2AD4CE-0B4B-433D-BE4C-51C3C315BA2F}
		{FF2A2495-2D9F-4244-B6DE-11262103961F} = {2C2AD4CE-0B4B-433D-BE4C-51C3C315BA2F}
	EndGlobalSection
	GlobalSection(ExtensibilityGlobals) = postSolution
		SolutionGuid = {412A7A5B-05BD-40FB-AD80-A05F5C87DBC2}
	EndGlobalSection
EndGlobal
