
Microsoft Visual Studio Solution File, Format Version 12.00
# Visual Studio Version 16
VisualStudioVersion = 16.0.29806.167
MinimumVisualStudioVersion = 10.0.40219.1
Project("{2150E333-8FDC-42A3-9474-1A3956D46DE8}") = "ReportList", "ReportList", "{8981C4FC-FD51-48BE-94D3-8E482D56F174}"
EndProject
Project("{2150E333-8FDC-42A3-9474-1A3956D46DE8}") = "Users", "Users", "{FC353F08-A5C2-4352-A8C2-BD7F6B183FD4}"
EndProject
Project("{9A19103F-16F7-4668-BE54-9A1E7A4F7556}") = "RadioReport.Core.ReportList.API", "ReportList\RadioReport.Core.ReportList.API\RadioReport.Core.ReportList.API.csproj", "{2DAB7C30-0DBD-4AE3-A6E1-0E7465BAAB5A}"
EndProject
Project("{9A19103F-16F7-4668-BE54-9A1E7A4F7556}") = "RadioReport.Core.ReportList.Domain", "ReportList\RadioReport.Core.ReportList.Domain\RadioReport.Core.ReportList.Domain.csproj", "{04B342D8-A653-4918-A8AA-25293CEB3A81}"
EndProject
Project("{9A19103F-16F7-4668-BE54-9A1E7A4F7556}") = "RadioReport.Core.Users.API", "Users\RadioReport.Core.Users.API\RadioReport.Core.Users.API.csproj", "{760B81B3-2552-48AE-A78A-22814DC2CEB8}"
EndProject
Project("{9A19103F-16F7-4668-BE54-9A1E7A4F7556}") = "RadioReport.Core.Users.Domain", "Users\RadioReport.Core.Users.Domain\RadioReport.Core.Users.Domain.csproj", "{F6A217A7-CA21-4743-8733-934A5C54CFFC}"
EndProject
Project("{9A19103F-16F7-4668-BE54-9A1E7A4F7556}") = "RadioReport.Core.Users.Repo", "Users\RadioReport.Core.Users.Repo\RadioReport.Core.Users.Repo.csproj", "{BD730BF5-7A32-4C3D-8BB1-68B89C362663}"
EndProject
Project("{2150E333-8FDC-42A3-9474-1A3956D46DE8}") = "Common", "Common", "{EE412C0D-1107-4658-8A3C-AA8271E9D223}"
EndProject
Project("{9A19103F-16F7-4668-BE54-9A1E7A4F7556}") = "RadioReport.Common", "..\RadioReport.Common\RadioReport.Common\RadioReport.Common.csproj", "{F5FFA491-73DA-4032-8538-C6F820D4BEAD}"
EndProject
Project("{9A19103F-16F7-4668-BE54-9A1E7A4F7556}") = "RadioReport.Common.API", "..\RadioReport.Common\RadioReport.Common.API\RadioReport.Common.API.csproj", "{E9F3C0E7-FB25-4303-BF52-044B0CA06676}"
EndProject
Project("{9A19103F-16F7-4668-BE54-9A1E7A4F7556}") = "RadioReport.Common.Repository", "..\RadioReport.Common\RadioReport.Common.Repository\RadioReport.Common.Repository.csproj", "{DFFDC0BE-1FED-4B5E-8457-E0BAA87CCBBE}"
EndProject
Project("{2150E333-8FDC-42A3-9474-1A3956D46DE8}") = "Core", "Core", "{FAF8CE05-CF35-4FA2-AEB7-FAC24024B9B1}"
EndProject
Project("{9A19103F-16F7-4668-BE54-9A1E7A4F7556}") = "RadioReport.Common.Core.API", "..\RadioReport.Common\Core\RadioReport.Common.Core.API\RadioReport.Common.Core.API.csproj", "{B64B1343-F02B-4763-AD36-AAA14D5CD34D}"
EndProject
Project("{9A19103F-16F7-4668-BE54-9A1E7A4F7556}") = "RadioReport.Common.Core.Logic", "..\RadioReport.Common\Core\RadioReport.Common.Core.Logic\RadioReport.Common.Core.Logic.csproj", "{6FE94647-0AFC-4A8A-8BBE-D5F67A73B4C9}"
EndProject
Project("{9A19103F-16F7-4668-BE54-9A1E7A4F7556}") = "RadioReport.Common.Core.Repository", "..\RadioReport.Common\Core\RadioReport.Common.Core.Repository\RadioReport.Common.Core.Repository.csproj", "{F3112ABB-C23A-4FB4-B0B4-CC6185438C91}"
EndProject
Global
	GlobalSection(SolutionConfigurationPlatforms) = preSolution
		Debug|Any CPU = Debug|Any CPU
		Release|Any CPU = Release|Any CPU
	EndGlobalSection
	GlobalSection(ProjectConfigurationPlatforms) = postSolution
		{2DAB7C30-0DBD-4AE3-A6E1-0E7465BAAB5A}.Debug|Any CPU.ActiveCfg = Debug|Any CPU
		{2DAB7C30-0DBD-4AE3-A6E1-0E7465BAAB5A}.Debug|Any CPU.Build.0 = Debug|Any CPU
		{2DAB7C30-0DBD-4AE3-A6E1-0E7465BAAB5A}.Release|Any CPU.ActiveCfg = Release|Any CPU
		{2DAB7C30-0DBD-4AE3-A6E1-0E7465BAAB5A}.Release|Any CPU.Build.0 = Release|Any CPU
		{04B342D8-A653-4918-A8AA-25293CEB3A81}.Debug|Any CPU.ActiveCfg = Debug|Any CPU
		{04B342D8-A653-4918-A8AA-25293CEB3A81}.Debug|Any CPU.Build.0 = Debug|Any CPU
		{04B342D8-A653-4918-A8AA-25293CEB3A81}.Release|Any CPU.ActiveCfg = Release|Any CPU
		{04B342D8-A653-4918-A8AA-25293CEB3A81}.Release|Any CPU.Build.0 = Release|Any CPU
		{760B81B3-2552-48AE-A78A-22814DC2CEB8}.Debug|Any CPU.ActiveCfg = Debug|Any CPU
		{760B81B3-2552-48AE-A78A-22814DC2CEB8}.Debug|Any CPU.Build.0 = Debug|Any CPU
		{760B81B3-2552-48AE-A78A-22814DC2CEB8}.Release|Any CPU.ActiveCfg = Release|Any CPU
		{760B81B3-2552-48AE-A78A-22814DC2CEB8}.Release|Any CPU.Build.0 = Release|Any CPU
		{F6A217A7-CA21-4743-8733-934A5C54CFFC}.Debug|Any CPU.ActiveCfg = Debug|Any CPU
		{F6A217A7-CA21-4743-8733-934A5C54CFFC}.Debug|Any CPU.Build.0 = Debug|Any CPU
		{F6A217A7-CA21-4743-8733-934A5C54CFFC}.Release|Any CPU.ActiveCfg = Release|Any CPU
		{F6A217A7-CA21-4743-8733-934A5C54CFFC}.Release|Any CPU.Build.0 = Release|Any CPU
		{BD730BF5-7A32-4C3D-8BB1-68B89C362663}.Debug|Any CPU.ActiveCfg = Debug|Any CPU
		{BD730BF5-7A32-4C3D-8BB1-68B89C362663}.Debug|Any CPU.Build.0 = Debug|Any CPU
		{BD730BF5-7A32-4C3D-8BB1-68B89C362663}.Release|Any CPU.ActiveCfg = Release|Any CPU
		{BD730BF5-7A32-4C3D-8BB1-68B89C362663}.Release|Any CPU.Build.0 = Release|Any CPU
		{F5FFA491-73DA-4032-8538-C6F820D4BEAD}.Debug|Any CPU.ActiveCfg = Debug|Any CPU
		{F5FFA491-73DA-4032-8538-C6F820D4BEAD}.Debug|Any CPU.Build.0 = Debug|Any CPU
		{F5FFA491-73DA-4032-8538-C6F820D4BEAD}.Release|Any CPU.ActiveCfg = Release|Any CPU
		{F5FFA491-73DA-4032-8538-C6F820D4BEAD}.Release|Any CPU.Build.0 = Release|Any CPU
		{E9F3C0E7-FB25-4303-BF52-044B0CA06676}.Debug|Any CPU.ActiveCfg = Debug|Any CPU
		{E9F3C0E7-FB25-4303-BF52-044B0CA06676}.Debug|Any CPU.Build.0 = Debug|Any CPU
		{E9F3C0E7-FB25-4303-BF52-044B0CA06676}.Release|Any CPU.ActiveCfg = Release|Any CPU
		{E9F3C0E7-FB25-4303-BF52-044B0CA06676}.Release|Any CPU.Build.0 = Release|Any CPU
		{DFFDC0BE-1FED-4B5E-8457-E0BAA87CCBBE}.Debug|Any CPU.ActiveCfg = Debug|Any CPU
		{DFFDC0BE-1FED-4B5E-8457-E0BAA87CCBBE}.Debug|Any CPU.Build.0 = Debug|Any CPU
		{DFFDC0BE-1FED-4B5E-8457-E0BAA87CCBBE}.Release|Any CPU.ActiveCfg = Release|Any CPU
		{DFFDC0BE-1FED-4B5E-8457-E0BAA87CCBBE}.Release|Any CPU.Build.0 = Release|Any CPU
		{B64B1343-F02B-4763-AD36-AAA14D5CD34D}.Debug|Any CPU.ActiveCfg = Debug|Any CPU
		{B64B1343-F02B-4763-AD36-AAA14D5CD34D}.Debug|Any CPU.Build.0 = Debug|Any CPU
		{B64B1343-F02B-4763-AD36-AAA14D5CD34D}.Release|Any CPU.ActiveCfg = Release|Any CPU
		{B64B1343-F02B-4763-AD36-AAA14D5CD34D}.Release|Any CPU.Build.0 = Release|Any CPU
		{6FE94647-0AFC-4A8A-8BBE-D5F67A73B4C9}.Debug|Any CPU.ActiveCfg = Debug|Any CPU
		{6FE94647-0AFC-4A8A-8BBE-D5F67A73B4C9}.Debug|Any CPU.Build.0 = Debug|Any CPU
		{6FE94647-0AFC-4A8A-8BBE-D5F67A73B4C9}.Release|Any CPU.ActiveCfg = Release|Any CPU
		{6FE94647-0AFC-4A8A-8BBE-D5F67A73B4C9}.Release|Any CPU.Build.0 = Release|Any CPU
		{F3112ABB-C23A-4FB4-B0B4-CC6185438C91}.Debug|Any CPU.ActiveCfg = Debug|Any CPU
		{F3112ABB-C23A-4FB4-B0B4-CC6185438C91}.Debug|Any CPU.Build.0 = Debug|Any CPU
		{F3112ABB-C23A-4FB4-B0B4-CC6185438C91}.Release|Any CPU.ActiveCfg = Release|Any CPU
		{F3112ABB-C23A-4FB4-B0B4-CC6185438C91}.Release|Any CPU.Build.0 = Release|Any CPU
	EndGlobalSection
	GlobalSection(SolutionProperties) = preSolution
		HideSolutionNode = FALSE
	EndGlobalSection
	GlobalSection(NestedProjects) = preSolution
		{2DAB7C30-0DBD-4AE3-A6E1-0E7465BAAB5A} = {8981C4FC-FD51-48BE-94D3-8E482D56F174}
		{04B342D8-A653-4918-A8AA-25293CEB3A81} = {8981C4FC-FD51-48BE-94D3-8E482D56F174}
		{760B81B3-2552-48AE-A78A-22814DC2CEB8} = {FC353F08-A5C2-4352-A8C2-BD7F6B183FD4}
		{F6A217A7-CA21-4743-8733-934A5C54CFFC} = {FC353F08-A5C2-4352-A8C2-BD7F6B183FD4}
		{BD730BF5-7A32-4C3D-8BB1-68B89C362663} = {FC353F08-A5C2-4352-A8C2-BD7F6B183FD4}
		{F5FFA491-73DA-4032-8538-C6F820D4BEAD} = {EE412C0D-1107-4658-8A3C-AA8271E9D223}
		{E9F3C0E7-FB25-4303-BF52-044B0CA06676} = {EE412C0D-1107-4658-8A3C-AA8271E9D223}
		{DFFDC0BE-1FED-4B5E-8457-E0BAA87CCBBE} = {EE412C0D-1107-4658-8A3C-AA8271E9D223}
		{FAF8CE05-CF35-4FA2-AEB7-FAC24024B9B1} = {EE412C0D-1107-4658-8A3C-AA8271E9D223}
		{B64B1343-F02B-4763-AD36-AAA14D5CD34D} = {FAF8CE05-CF35-4FA2-AEB7-FAC24024B9B1}
		{6FE94647-0AFC-4A8A-8BBE-D5F67A73B4C9} = {FAF8CE05-CF35-4FA2-AEB7-FAC24024B9B1}
		{F3112ABB-C23A-4FB4-B0B4-CC6185438C91} = {FAF8CE05-CF35-4FA2-AEB7-FAC24024B9B1}
	EndGlobalSection
	GlobalSection(ExtensibilityGlobals) = postSolution
		SolutionGuid = {EB8AF1E4-7AC4-4DCD-ABFF-D062C6917793}
	EndGlobalSection
EndGlobal
